// !$*UTF8*$!
{
	archiveVersion = 1;
	classes = {
	};
	objectVersion = 46;
	objects = {

/* Begin PBXBuildFile section */
		CF3AE0E11DE4433600D91B9E /* ServiceController.swift in Sources */ = {isa = PBXBuildFile; fileRef = CF3AE0E01DE4433600D91B9E /* ServiceController.swift */; };
		CF4CB4191DD429DA00D91B9E /* Credits.html in Resources */ = {isa = PBXBuildFile; fileRef = CF4CB4171DD429DA00D91B9E /* Credits.html */; };
		CF57D2051D958FDE00D91B9E /* Main.strings in Resources */ = {isa = PBXBuildFile; fileRef = CF57D2021D958FDE00D91B9E /* Main.strings */; };
		CF5D33FC1FBAD1DE00480680 /* Preferences.swift in Sources */ = {isa = PBXBuildFile; fileRef = CFFF6DBB1CEE0F6F004E5894 /* Preferences.swift */; };
		CF5D33FD1FBAD1DF00480680 /* Preferences.swift in Sources */ = {isa = PBXBuildFile; fileRef = CFFF6DBB1CEE0F6F004E5894 /* Preferences.swift */; };
		CF5D34021FBAD1E900480680 /* NSPasteboard+Additions.swift in Sources */ = {isa = PBXBuildFile; fileRef = CF2FE9821F899EF400E5F48F /* NSPasteboard+Additions.swift */; };
		CF5D34031FBAD1E900480680 /* NSPasteboard+Additions.swift in Sources */ = {isa = PBXBuildFile; fileRef = CF2FE9821F899EF400E5F48F /* NSPasteboard+Additions.swift */; };
		CF5D34051FBAD1ED00480680 /* String+Additions.swift in Sources */ = {isa = PBXBuildFile; fileRef = CFEAA4291D97B45900D91B9E /* String+Additions.swift */; };
		CF5D34061FBAD1EE00480680 /* String+Additions.swift in Sources */ = {isa = PBXBuildFile; fileRef = CFEAA4291D97B45900D91B9E /* String+Additions.swift */; };
		CF5D340D1FBE97F600480680 /* ServiceRunner.swift in Sources */ = {isa = PBXBuildFile; fileRef = CF5D340C1FBE97F600480680 /* ServiceRunner.swift */; };
		CF66BECB1FC1BB6400585587 /* Assets.xcassets in Resources */ = {isa = PBXBuildFile; fileRef = CF66BECA1FC1BB6300585587 /* Assets.xcassets */; };
		CF66BED41FC1BB8B00585587 /* TermHere Service.app in Embed Services */ = {isa = PBXBuildFile; fileRef = CF66BEC61FC1BB6300585587 /* TermHere Service.app */; settings = {ATTRIBUTES = (RemoveHeadersOnCopy, ); }; };
		CF66BED71FC1BC1F00585587 /* TermHereServiceApplication.swift in Sources */ = {isa = PBXBuildFile; fileRef = CF3AE0D61DE43D1D00D91B9E /* TermHereServiceApplication.swift */; };
		CF66BED81FC1BC2100585587 /* TerminalServiceProvider.swift in Sources */ = {isa = PBXBuildFile; fileRef = CF1471101CF2B95000A914CB /* TerminalServiceProvider.swift */; };
		CF66BED91FC1BDC500585587 /* Preferences.swift in Sources */ = {isa = PBXBuildFile; fileRef = CFFF6DBB1CEE0F6F004E5894 /* Preferences.swift */; };
		CF66BEDA1FC1BDC500585587 /* TerminalController.swift in Sources */ = {isa = PBXBuildFile; fileRef = CFF6564E1CFC860F007031AD /* TerminalController.swift */; };
		CF66BEDC1FC1BDC500585587 /* ServiceRunner.swift in Sources */ = {isa = PBXBuildFile; fileRef = CF5D340C1FBE97F600480680 /* ServiceRunner.swift */; };
		CF66BEDF1FC1BDCC00585587 /* String+Additions.swift in Sources */ = {isa = PBXBuildFile; fileRef = CFEAA4291D97B45900D91B9E /* String+Additions.swift */; };
		CF66BEE01FC1BDCC00585587 /* NSPasteboard+Additions.swift in Sources */ = {isa = PBXBuildFile; fileRef = CF2FE9821F899EF400E5F48F /* NSPasteboard+Additions.swift */; };
		CF66BEE11FC1BDE400585587 /* main.m in Sources */ = {isa = PBXBuildFile; fileRef = CF66BEC01FC1B9F600585587 /* main.m */; };
		CF66BEE51FC1BEF000585587 /* OpenPanelAccessoryViewController.swift in Sources */ = {isa = PBXBuildFile; fileRef = CF66BEE21FC1BEF000585587 /* OpenPanelAccessoryViewController.swift */; };
		CF66BEE61FC1BEF000585587 /* OpenPanelAccessoryViewController.xib in Resources */ = {isa = PBXBuildFile; fileRef = CF66BEE31FC1BEF000585587 /* OpenPanelAccessoryViewController.xib */; };
		CF66BEE71FC1BEF000585587 /* SandboxController.swift in Sources */ = {isa = PBXBuildFile; fileRef = CF66BEE41FC1BEF000585587 /* SandboxController.swift */; };
		CF9CEE601CE59B1F00A89E71 /* FinderSync.swift in Sources */ = {isa = PBXBuildFile; fileRef = CF9CEE5F1CE59B1F00A89E71 /* FinderSync.swift */; };
		CF9CEE641CE59B1F00A89E71 /* TermHere Finder Extension.appex in Embed App Extensions */ = {isa = PBXBuildFile; fileRef = CF9CEE5B1CE59B1F00A89E71 /* TermHere Finder Extension.appex */; settings = {ATTRIBUTES = (RemoveHeadersOnCopy, ); }; };
		CF9CEE6A1CE5A77B00A89E71 /* Assets.xcassets in Resources */ = {isa = PBXBuildFile; fileRef = CF9CEE691CE5A77B00A89E71 /* Assets.xcassets */; };
		CF9CEE721CE5B55100A89E71 /* Localizable.strings in Resources */ = {isa = PBXBuildFile; fileRef = CF9CEE701CE5B55100A89E71 /* Localizable.strings */; };
		CF9CEE751CE5B57D00A89E71 /* Localizable.strings in Resources */ = {isa = PBXBuildFile; fileRef = CF9CEE731CE5B57D00A89E71 /* Localizable.strings */; };
		CFAD6C561DD354C400D91B9E /* Sparkle.framework in Frameworks */ = {isa = PBXBuildFile; fileRef = CFAD6C501DD34B4C00D91B9E /* Sparkle.framework */; };
		CFAD6C591DD422C100D91B9E /* credits.css in Resources */ = {isa = PBXBuildFile; fileRef = CFAD6C581DD422C100D91B9E /* credits.css */; };
		CFCF12E01CF46CC4007A807F /* ContainerView.swift in Sources */ = {isa = PBXBuildFile; fileRef = CFCF12DF1CF46CC4007A807F /* ContainerView.swift */; };
		CFCF12E61CF47AB1007A807F /* AboutViewController.swift in Sources */ = {isa = PBXBuildFile; fileRef = CFCF12E51CF47AB1007A807F /* AboutViewController.swift */; };
		CFD9B7C61CE5960500947EC8 /* AppDelegate.swift in Sources */ = {isa = PBXBuildFile; fileRef = CFD9B7C51CE5960500947EC8 /* AppDelegate.swift */; };
		CFD9B7C81CE5960500947EC8 /* ViewController.swift in Sources */ = {isa = PBXBuildFile; fileRef = CFD9B7C71CE5960500947EC8 /* ViewController.swift */; };
		CFD9B7CA1CE5960500947EC8 /* Assets.xcassets in Resources */ = {isa = PBXBuildFile; fileRef = CFD9B7C91CE5960500947EC8 /* Assets.xcassets */; };
		CFD9B7CD1CE5960500947EC8 /* Main.storyboard in Resources */ = {isa = PBXBuildFile; fileRef = CFD9B7CB1CE5960500947EC8 /* Main.storyboard */; };
		CFF789461F88A11F0082B82D /* VolumeManager.swift in Sources */ = {isa = PBXBuildFile; fileRef = CFF789451F88A11F0082B82D /* VolumeManager.swift */; };
		CFFE52781D97DE4F00D91B9E /* CocoaLocalization.swift in Sources */ = {isa = PBXBuildFile; fileRef = CFFE52771D97DE4F00D91B9E /* CocoaLocalization.swift */; };
/* End PBXBuildFile section */

/* Begin PBXContainerItemProxy section */
		CF66BED51FC1BB9900585587 /* PBXContainerItemProxy */ = {
			isa = PBXContainerItemProxy;
			containerPortal = CFD9B7BA1CE5960500947EC8 /* Project object */;
			proxyType = 1;
			remoteGlobalIDString = CF66BEC51FC1BB6300585587;
			remoteInfo = "TermHere Service";
		};
		CF9CEE621CE59B1F00A89E71 /* PBXContainerItemProxy */ = {
			isa = PBXContainerItemProxy;
			containerPortal = CFD9B7BA1CE5960500947EC8 /* Project object */;
			proxyType = 1;
			remoteGlobalIDString = CF9CEE5A1CE59B1F00A89E71;
			remoteInfo = "TermHere Finder Extension";
		};
/* End PBXContainerItemProxy section */

/* Begin PBXCopyFilesBuildPhase section */
		CF3AE0D91DE43E0800D91B9E /* Embed Services */ = {
			isa = PBXCopyFilesBuildPhase;
			buildActionMask = 2147483647;
			dstPath = "";
			dstSubfolderSpec = 12;
			files = (
				CF66BED41FC1BB8B00585587 /* TermHere Service.app in Embed Services */,
			);
			name = "Embed Services";
			runOnlyForDeploymentPostprocessing = 0;
		};
		CF9CEE681CE59B1F00A89E71 /* Embed App Extensions */ = {
			isa = PBXCopyFilesBuildPhase;
			buildActionMask = 2147483647;
			dstPath = "";
			dstSubfolderSpec = 13;
			files = (
				CF9CEE641CE59B1F00A89E71 /* TermHere Finder Extension.appex in Embed App Extensions */,
			);
			name = "Embed App Extensions";
			runOnlyForDeploymentPostprocessing = 0;
		};
/* End PBXCopyFilesBuildPhase section */

/* Begin PBXFileReference section */
		CF1471101CF2B95000A914CB /* TerminalServiceProvider.swift */ = {isa = PBXFileReference; fileEncoding = 4; lastKnownFileType = sourcecode.swift; name = TerminalServiceProvider.swift; path = "TermHere Service/TerminalServiceProvider.swift"; sourceTree = SOURCE_ROOT; };
		CF14F2061D9590DB00D91B9E /* id */ = {isa = PBXFileReference; lastKnownFileType = text.plist.strings; name = id; path = id.lproj/Localizable.strings; sourceTree = "<group>"; };
		CF14F2071D9590DB00D91B9E /* id */ = {isa = PBXFileReference; lastKnownFileType = text.plist.strings; name = id; path = id.lproj/Main.strings; sourceTree = "<group>"; };
		CF14F20A1D9590E100D91B9E /* it */ = {isa = PBXFileReference; lastKnownFileType = text.plist.strings; name = it; path = it.lproj/Localizable.strings; sourceTree = "<group>"; };
		CF14F20B1D9590E100D91B9E /* it */ = {isa = PBXFileReference; lastKnownFileType = text.plist.strings; name = it; path = it.lproj/Main.strings; sourceTree = "<group>"; };
		CF14F20E1D9590EA00D91B9E /* ja */ = {isa = PBXFileReference; lastKnownFileType = text.plist.strings; name = ja; path = ja.lproj/Localizable.strings; sourceTree = "<group>"; };
		CF14F20F1D9590EA00D91B9E /* ja */ = {isa = PBXFileReference; lastKnownFileType = text.plist.strings; name = ja; path = ja.lproj/Main.strings; sourceTree = "<group>"; };
		CF14F2121D9590F100D91B9E /* ko */ = {isa = PBXFileReference; lastKnownFileType = text.plist.strings; name = ko; path = ko.lproj/Localizable.strings; sourceTree = "<group>"; };
		CF14F2131D9590F100D91B9E /* ko */ = {isa = PBXFileReference; lastKnownFileType = text.plist.strings; name = ko; path = ko.lproj/Main.strings; sourceTree = "<group>"; };
		CF14F2161D9590F500D91B9E /* ms */ = {isa = PBXFileReference; lastKnownFileType = text.plist.strings; name = ms; path = ms.lproj/Localizable.strings; sourceTree = "<group>"; };
		CF14F2171D9590F500D91B9E /* ms */ = {isa = PBXFileReference; lastKnownFileType = text.plist.strings; name = ms; path = ms.lproj/Main.strings; sourceTree = "<group>"; };
		CF14F21A1D9590FA00D91B9E /* nl */ = {isa = PBXFileReference; lastKnownFileType = text.plist.strings; name = nl; path = nl.lproj/Localizable.strings; sourceTree = "<group>"; };
		CF14F21B1D9590FA00D91B9E /* nl */ = {isa = PBXFileReference; lastKnownFileType = text.plist.strings; name = nl; path = nl.lproj/Main.strings; sourceTree = "<group>"; };
		CF14F2221D95910300D91B9E /* pl */ = {isa = PBXFileReference; lastKnownFileType = text.plist.strings; name = pl; path = pl.lproj/Localizable.strings; sourceTree = "<group>"; };
		CF14F2231D95910300D91B9E /* pl */ = {isa = PBXFileReference; lastKnownFileType = text.plist.strings; name = pl; path = pl.lproj/Main.strings; sourceTree = "<group>"; };
		CF14F22A1D95910B00D91B9E /* pt */ = {isa = PBXFileReference; lastKnownFileType = text.plist.strings; name = pt; path = pt.lproj/Localizable.strings; sourceTree = "<group>"; };
		CF14F22B1D95910B00D91B9E /* pt */ = {isa = PBXFileReference; lastKnownFileType = text.plist.strings; name = pt; path = pt.lproj/Main.strings; sourceTree = "<group>"; };
		CF14F22E1D95911E00D91B9E /* ro */ = {isa = PBXFileReference; lastKnownFileType = text.plist.strings; name = ro; path = ro.lproj/Localizable.strings; sourceTree = "<group>"; };
		CF14F22F1D95911E00D91B9E /* ro */ = {isa = PBXFileReference; lastKnownFileType = text.plist.strings; name = ro; path = ro.lproj/Main.strings; sourceTree = "<group>"; };
		CF14F2321D95912300D91B9E /* ru */ = {isa = PBXFileReference; lastKnownFileType = text.plist.strings; name = ru; path = ru.lproj/Localizable.strings; sourceTree = "<group>"; };
		CF14F2331D95912300D91B9E /* ru */ = {isa = PBXFileReference; lastKnownFileType = text.plist.strings; name = ru; path = ru.lproj/Main.strings; sourceTree = "<group>"; };
		CF14F2361D95912800D91B9E /* sk */ = {isa = PBXFileReference; lastKnownFileType = text.plist.strings; name = sk; path = sk.lproj/Localizable.strings; sourceTree = "<group>"; };
		CF14F2371D95912800D91B9E /* sk */ = {isa = PBXFileReference; lastKnownFileType = text.plist.strings; name = sk; path = sk.lproj/Main.strings; sourceTree = "<group>"; };
		CF14F23A1D95912B00D91B9E /* sv */ = {isa = PBXFileReference; lastKnownFileType = text.plist.strings; name = sv; path = sv.lproj/Localizable.strings; sourceTree = "<group>"; };
		CF14F23B1D95912B00D91B9E /* sv */ = {isa = PBXFileReference; lastKnownFileType = text.plist.strings; name = sv; path = sv.lproj/Main.strings; sourceTree = "<group>"; };
		CF14F23E1D95913100D91B9E /* th */ = {isa = PBXFileReference; lastKnownFileType = text.plist.strings; name = th; path = th.lproj/Localizable.strings; sourceTree = "<group>"; };
		CF14F23F1D95913100D91B9E /* th */ = {isa = PBXFileReference; lastKnownFileType = text.plist.strings; name = th; path = th.lproj/Main.strings; sourceTree = "<group>"; };
		CF14F2421D95913500D91B9E /* tr */ = {isa = PBXFileReference; lastKnownFileType = text.plist.strings; name = tr; path = tr.lproj/Localizable.strings; sourceTree = "<group>"; };
		CF14F2431D95913500D91B9E /* tr */ = {isa = PBXFileReference; lastKnownFileType = text.plist.strings; name = tr; path = tr.lproj/Main.strings; sourceTree = "<group>"; };
		CF14F2461D95913900D91B9E /* uk */ = {isa = PBXFileReference; lastKnownFileType = text.plist.strings; name = uk; path = uk.lproj/Localizable.strings; sourceTree = "<group>"; };
		CF14F2471D95913900D91B9E /* uk */ = {isa = PBXFileReference; lastKnownFileType = text.plist.strings; name = uk; path = uk.lproj/Main.strings; sourceTree = "<group>"; };
		CF14F24A1D95913E00D91B9E /* vi */ = {isa = PBXFileReference; lastKnownFileType = text.plist.strings; name = vi; path = vi.lproj/Localizable.strings; sourceTree = "<group>"; };
		CF14F24B1D95913E00D91B9E /* vi */ = {isa = PBXFileReference; lastKnownFileType = text.plist.strings; name = vi; path = vi.lproj/Main.strings; sourceTree = "<group>"; };
		CF14F2551D95915500D91B9E /* ar */ = {isa = PBXFileReference; lastKnownFileType = text.plist.strings; name = ar; path = ar.lproj/Localizable.strings; sourceTree = "<group>"; };
		CF14F2561D95915A00D91B9E /* ca */ = {isa = PBXFileReference; lastKnownFileType = text.plist.strings; name = ca; path = ca.lproj/Localizable.strings; sourceTree = "<group>"; };
		CF14F2571D95915E00D91B9E /* cs */ = {isa = PBXFileReference; lastKnownFileType = text.plist.strings; name = cs; path = cs.lproj/Localizable.strings; sourceTree = "<group>"; };
		CF14F2581D95916200D91B9E /* da */ = {isa = PBXFileReference; lastKnownFileType = text.plist.strings; name = da; path = da.lproj/Localizable.strings; sourceTree = "<group>"; };
		CF14F2591D95916600D91B9E /* de */ = {isa = PBXFileReference; lastKnownFileType = text.plist.strings; name = de; path = de.lproj/Localizable.strings; sourceTree = "<group>"; };
		CF14F25A1D95916A00D91B9E /* el */ = {isa = PBXFileReference; lastKnownFileType = text.plist.strings; name = el; path = el.lproj/Localizable.strings; sourceTree = "<group>"; };
		CF14F25B1D95916D00D91B9E /* en_AU */ = {isa = PBXFileReference; lastKnownFileType = text.plist.strings; name = en_AU; path = en_AU.lproj/Localizable.strings; sourceTree = "<group>"; };
		CF14F25C1D95917200D91B9E /* en_GB */ = {isa = PBXFileReference; lastKnownFileType = text.plist.strings; name = en_GB; path = en_GB.lproj/Localizable.strings; sourceTree = "<group>"; };
		CF14F25D1D95917700D91B9E /* es_MX */ = {isa = PBXFileReference; lastKnownFileType = text.plist.strings; name = es_MX; path = es_MX.lproj/Localizable.strings; sourceTree = "<group>"; };
		CF14F25E1D95917D00D91B9E /* es */ = {isa = PBXFileReference; lastKnownFileType = text.plist.strings; name = es; path = es.lproj/Localizable.strings; sourceTree = "<group>"; };
		CF14F25F1D95918500D91B9E /* fi */ = {isa = PBXFileReference; lastKnownFileType = text.plist.strings; name = fi; path = fi.lproj/Localizable.strings; sourceTree = "<group>"; };
		CF14F2601D95918900D91B9E /* fr_CA */ = {isa = PBXFileReference; lastKnownFileType = text.plist.strings; name = fr_CA; path = fr_CA.lproj/Localizable.strings; sourceTree = "<group>"; };
		CF14F2611D95918D00D91B9E /* fr */ = {isa = PBXFileReference; lastKnownFileType = text.plist.strings; name = fr; path = fr.lproj/Localizable.strings; sourceTree = "<group>"; };
		CF14F2621D95919100D91B9E /* he */ = {isa = PBXFileReference; lastKnownFileType = text.plist.strings; name = he; path = he.lproj/Localizable.strings; sourceTree = "<group>"; };
		CF14F2631D95919500D91B9E /* hi */ = {isa = PBXFileReference; lastKnownFileType = text.plist.strings; name = hi; path = hi.lproj/Localizable.strings; sourceTree = "<group>"; };
		CF14F2641D95919A00D91B9E /* hr */ = {isa = PBXFileReference; lastKnownFileType = text.plist.strings; name = hr; path = hr.lproj/Localizable.strings; sourceTree = "<group>"; };
		CF14F2651D95919D00D91B9E /* hu */ = {isa = PBXFileReference; lastKnownFileType = text.plist.strings; name = hu; path = hu.lproj/Localizable.strings; sourceTree = "<group>"; };
		CF28CF5C1D9591D700D91B9E /* id */ = {isa = PBXFileReference; lastKnownFileType = text.plist.strings; name = id; path = id.lproj/Localizable.strings; sourceTree = "<group>"; };
		CF28CF5D1D9591DE00D91B9E /* it */ = {isa = PBXFileReference; lastKnownFileType = text.plist.strings; name = it; path = it.lproj/Localizable.strings; sourceTree = "<group>"; };
		CF28CF5E1D9591E300D91B9E /* ja */ = {isa = PBXFileReference; lastKnownFileType = text.plist.strings; name = ja; path = ja.lproj/Localizable.strings; sourceTree = "<group>"; };
		CF28CF5F1D9591E700D91B9E /* ko */ = {isa = PBXFileReference; lastKnownFileType = text.plist.strings; name = ko; path = ko.lproj/Localizable.strings; sourceTree = "<group>"; };
		CF28CF601D9591EC00D91B9E /* ms */ = {isa = PBXFileReference; lastKnownFileType = text.plist.strings; name = ms; path = ms.lproj/Localizable.strings; sourceTree = "<group>"; };
		CF28CF611D9591F000D91B9E /* nb */ = {isa = PBXFileReference; lastKnownFileType = text.plist.strings; name = nb; path = nb.lproj/Localizable.strings; sourceTree = "<group>"; };
		CF28CF621D9591F400D91B9E /* nl */ = {isa = PBXFileReference; lastKnownFileType = text.plist.strings; name = nl; path = nl.lproj/Localizable.strings; sourceTree = "<group>"; };
		CF28CF631D9591F800D91B9E /* pl */ = {isa = PBXFileReference; lastKnownFileType = text.plist.strings; name = pl; path = pl.lproj/Localizable.strings; sourceTree = "<group>"; };
		CF28CF641D9591FD00D91B9E /* pt_PT */ = {isa = PBXFileReference; lastKnownFileType = text.plist.strings; name = pt_PT; path = pt_PT.lproj/Localizable.strings; sourceTree = "<group>"; };
		CF28CF651D95920300D91B9E /* pt */ = {isa = PBXFileReference; lastKnownFileType = text.plist.strings; name = pt; path = pt.lproj/Localizable.strings; sourceTree = "<group>"; };
		CF28CF661D95920600D91B9E /* ro */ = {isa = PBXFileReference; lastKnownFileType = text.plist.strings; name = ro; path = ro.lproj/Localizable.strings; sourceTree = "<group>"; };
		CF28CF671D95920B00D91B9E /* ru */ = {isa = PBXFileReference; lastKnownFileType = text.plist.strings; name = ru; path = ru.lproj/Localizable.strings; sourceTree = "<group>"; };
		CF28CF681D95920F00D91B9E /* sk */ = {isa = PBXFileReference; lastKnownFileType = text.plist.strings; name = sk; path = sk.lproj/Localizable.strings; sourceTree = "<group>"; };
		CF28CF691D95921700D91B9E /* sv */ = {isa = PBXFileReference; lastKnownFileType = text.plist.strings; name = sv; path = sv.lproj/Localizable.strings; sourceTree = "<group>"; };
		CF28CF6A1D95921D00D91B9E /* th */ = {isa = PBXFileReference; lastKnownFileType = text.plist.strings; name = th; path = th.lproj/Localizable.strings; sourceTree = "<group>"; };
		CF28CF6B1D95922800D91B9E /* tr */ = {isa = PBXFileReference; lastKnownFileType = text.plist.strings; name = tr; path = tr.lproj/Localizable.strings; sourceTree = "<group>"; };
		CF28CF6C1D95922C00D91B9E /* uk */ = {isa = PBXFileReference; lastKnownFileType = text.plist.strings; name = uk; path = uk.lproj/Localizable.strings; sourceTree = "<group>"; };
		CF28CF6D1D95923000D91B9E /* vi */ = {isa = PBXFileReference; lastKnownFileType = text.plist.strings; name = vi; path = vi.lproj/Localizable.strings; sourceTree = "<group>"; };
		CF28CF6E1D95923500D91B9E /* zh_CN */ = {isa = PBXFileReference; lastKnownFileType = text.plist.strings; name = zh_CN; path = zh_CN.lproj/Localizable.strings; sourceTree = "<group>"; };
		CF28CF6F1D95923A00D91B9E /* zh_HK */ = {isa = PBXFileReference; lastKnownFileType = text.plist.strings; name = zh_HK; path = zh_HK.lproj/Localizable.strings; sourceTree = "<group>"; };
		CF2FE9821F899EF400E5F48F /* NSPasteboard+Additions.swift */ = {isa = PBXFileReference; lastKnownFileType = sourcecode.swift; path = "NSPasteboard+Additions.swift"; sourceTree = "<group>"; };
		CF3AE0D21DE43C1D00D91B9E /* Info.plist */ = {isa = PBXFileReference; lastKnownFileType = text.plist.xml; path = Info.plist; sourceTree = "<group>"; };
		CF3AE0D61DE43D1D00D91B9E /* TermHereServiceApplication.swift */ = {isa = PBXFileReference; fileEncoding = 4; lastKnownFileType = sourcecode.swift; path = TermHereServiceApplication.swift; sourceTree = "<group>"; };
		CF3AE0E01DE4433600D91B9E /* ServiceController.swift */ = {isa = PBXFileReference; fileEncoding = 4; lastKnownFileType = sourcecode.swift; path = ServiceController.swift; sourceTree = "<group>"; };
		CF4CB4181DD429DA00D91B9E /* en */ = {isa = PBXFileReference; lastKnownFileType = text.html; name = en; path = en.lproj/Credits.html; sourceTree = "<group>"; };
		CF57D2031D958FDE00D91B9E /* en */ = {isa = PBXFileReference; lastKnownFileType = text.plist.strings; name = en; path = en.lproj/Main.strings; sourceTree = "<group>"; };
		CF57D4371D95902C00D91B9E /* ar */ = {isa = PBXFileReference; lastKnownFileType = text.plist.strings; name = ar; path = ar.lproj/Localizable.strings; sourceTree = "<group>"; };
		CF57D4381D95902C00D91B9E /* ar */ = {isa = PBXFileReference; lastKnownFileType = text.plist.strings; name = ar; path = ar.lproj/Main.strings; sourceTree = "<group>"; };
		CF57D43B1D95903200D91B9E /* ca */ = {isa = PBXFileReference; lastKnownFileType = text.plist.strings; name = ca; path = ca.lproj/Localizable.strings; sourceTree = "<group>"; };
		CF57D43C1D95903200D91B9E /* ca */ = {isa = PBXFileReference; lastKnownFileType = text.plist.strings; name = ca; path = ca.lproj/Main.strings; sourceTree = "<group>"; };
		CF57D43F1D95903800D91B9E /* cs */ = {isa = PBXFileReference; lastKnownFileType = text.plist.strings; name = cs; path = cs.lproj/Localizable.strings; sourceTree = "<group>"; };
		CF57D4401D95903800D91B9E /* cs */ = {isa = PBXFileReference; lastKnownFileType = text.plist.strings; name = cs; path = cs.lproj/Main.strings; sourceTree = "<group>"; };
		CF57D4431D95903B00D91B9E /* da */ = {isa = PBXFileReference; lastKnownFileType = text.plist.strings; name = da; path = da.lproj/Localizable.strings; sourceTree = "<group>"; };
		CF57D4441D95903B00D91B9E /* da */ = {isa = PBXFileReference; lastKnownFileType = text.plist.strings; name = da; path = da.lproj/Main.strings; sourceTree = "<group>"; };
		CF57D4471D95903F00D91B9E /* de */ = {isa = PBXFileReference; lastKnownFileType = text.plist.strings; name = de; path = de.lproj/Localizable.strings; sourceTree = "<group>"; };
		CF57D4481D95903F00D91B9E /* de */ = {isa = PBXFileReference; lastKnownFileType = text.plist.strings; name = de; path = de.lproj/Main.strings; sourceTree = "<group>"; };
		CF57D44B1D95904400D91B9E /* el */ = {isa = PBXFileReference; lastKnownFileType = text.plist.strings; name = el; path = el.lproj/Localizable.strings; sourceTree = "<group>"; };
		CF57D44C1D95904400D91B9E /* el */ = {isa = PBXFileReference; lastKnownFileType = text.plist.strings; name = el; path = el.lproj/Main.strings; sourceTree = "<group>"; };
		CF57D45A1D95907000D91B9E /* es */ = {isa = PBXFileReference; lastKnownFileType = text.plist.strings; name = es; path = es.lproj/Localizable.strings; sourceTree = "<group>"; };
		CF57D45B1D95907000D91B9E /* es */ = {isa = PBXFileReference; lastKnownFileType = text.plist.strings; name = es; path = es.lproj/Main.strings; sourceTree = "<group>"; };
		CF57D45E1D95907800D91B9E /* fi */ = {isa = PBXFileReference; lastKnownFileType = text.plist.strings; name = fi; path = fi.lproj/Localizable.strings; sourceTree = "<group>"; };
		CF57D45F1D95907800D91B9E /* fi */ = {isa = PBXFileReference; lastKnownFileType = text.plist.strings; name = fi; path = fi.lproj/Main.strings; sourceTree = "<group>"; };
		CF57D4661D95908300D91B9E /* fr */ = {isa = PBXFileReference; lastKnownFileType = text.plist.strings; name = fr; path = fr.lproj/Localizable.strings; sourceTree = "<group>"; };
		CF57D4671D95908300D91B9E /* fr */ = {isa = PBXFileReference; lastKnownFileType = text.plist.strings; name = fr; path = fr.lproj/Main.strings; sourceTree = "<group>"; };
		CF57D46A1D95908C00D91B9E /* he */ = {isa = PBXFileReference; lastKnownFileType = text.plist.strings; name = he; path = he.lproj/Localizable.strings; sourceTree = "<group>"; };
		CF57D46B1D95908C00D91B9E /* he */ = {isa = PBXFileReference; lastKnownFileType = text.plist.strings; name = he; path = he.lproj/Main.strings; sourceTree = "<group>"; };
		CF57D46E1D95909000D91B9E /* hi */ = {isa = PBXFileReference; lastKnownFileType = text.plist.strings; name = hi; path = hi.lproj/Localizable.strings; sourceTree = "<group>"; };
		CF57D46F1D95909000D91B9E /* hi */ = {isa = PBXFileReference; lastKnownFileType = text.plist.strings; name = hi; path = hi.lproj/Main.strings; sourceTree = "<group>"; };
		CF57D4721D95909500D91B9E /* hr */ = {isa = PBXFileReference; lastKnownFileType = text.plist.strings; name = hr; path = hr.lproj/Localizable.strings; sourceTree = "<group>"; };
		CF57D4731D95909500D91B9E /* hr */ = {isa = PBXFileReference; lastKnownFileType = text.plist.strings; name = hr; path = hr.lproj/Main.strings; sourceTree = "<group>"; };
		CF57D4761D95909A00D91B9E /* hu */ = {isa = PBXFileReference; lastKnownFileType = text.plist.strings; name = hu; path = hu.lproj/Localizable.strings; sourceTree = "<group>"; };
		CF57D4771D95909A00D91B9E /* hu */ = {isa = PBXFileReference; lastKnownFileType = text.plist.strings; name = hu; path = hu.lproj/Main.strings; sourceTree = "<group>"; };
		CF5D340C1FBE97F600480680 /* ServiceRunner.swift */ = {isa = PBXFileReference; lastKnownFileType = sourcecode.swift; name = ServiceRunner.swift; path = "TermHere Common/ServiceRunner.swift"; sourceTree = SOURCE_ROOT; };
		CF66BEC01FC1B9F600585587 /* main.m */ = {isa = PBXFileReference; lastKnownFileType = sourcecode.c.objc; path = main.m; sourceTree = "<group>"; };
		CF66BEC61FC1BB6300585587 /* TermHere Service.app */ = {isa = PBXFileReference; explicitFileType = wrapper.application; includeInIndex = 0; path = "TermHere Service.app"; sourceTree = BUILT_PRODUCTS_DIR; };
		CF66BECA1FC1BB6300585587 /* Assets.xcassets */ = {isa = PBXFileReference; lastKnownFileType = folder.assetcatalog; path = Assets.xcassets; sourceTree = "<group>"; };
		CF66BEE21FC1BEF000585587 /* OpenPanelAccessoryViewController.swift */ = {isa = PBXFileReference; fileEncoding = 4; lastKnownFileType = sourcecode.swift; path = OpenPanelAccessoryViewController.swift; sourceTree = "<group>"; };
		CF66BEE31FC1BEF000585587 /* OpenPanelAccessoryViewController.xib */ = {isa = PBXFileReference; fileEncoding = 4; lastKnownFileType = file.xib; path = OpenPanelAccessoryViewController.xib; sourceTree = "<group>"; };
		CF66BEE41FC1BEF000585587 /* SandboxController.swift */ = {isa = PBXFileReference; fileEncoding = 4; lastKnownFileType = sourcecode.swift; path = SandboxController.swift; sourceTree = "<group>"; };
		CF9CEE5B1CE59B1F00A89E71 /* TermHere Finder Extension.appex */ = {isa = PBXFileReference; explicitFileType = "wrapper.app-extension"; includeInIndex = 0; path = "TermHere Finder Extension.appex"; sourceTree = BUILT_PRODUCTS_DIR; };
		CF9CEE5E1CE59B1F00A89E71 /* TermHere_Finder_Extension.entitlements */ = {isa = PBXFileReference; lastKnownFileType = text.xml; path = TermHere_Finder_Extension.entitlements; sourceTree = "<group>"; };
		CF9CEE5F1CE59B1F00A89E71 /* FinderSync.swift */ = {isa = PBXFileReference; lastKnownFileType = sourcecode.swift; path = FinderSync.swift; sourceTree = "<group>"; };
		CF9CEE611CE59B1F00A89E71 /* Info.plist */ = {isa = PBXFileReference; lastKnownFileType = text.plist.xml; path = Info.plist; sourceTree = "<group>"; };
		CF9CEE691CE5A77B00A89E71 /* Assets.xcassets */ = {isa = PBXFileReference; lastKnownFileType = folder.assetcatalog; path = Assets.xcassets; sourceTree = "<group>"; };
		CF9CEE6D1CE5AD6600A89E71 /* TermHere.entitlements */ = {isa = PBXFileReference; lastKnownFileType = text.xml; path = TermHere.entitlements; sourceTree = "<group>"; };
		CF9CEE711CE5B55100A89E71 /* en */ = {isa = PBXFileReference; fileEncoding = 4; lastKnownFileType = text.plist.strings; name = en; path = en.lproj/Localizable.strings; sourceTree = "<group>"; };
		CF9CEE741CE5B57D00A89E71 /* en */ = {isa = PBXFileReference; fileEncoding = 4; lastKnownFileType = text.plist.strings; name = en; path = en.lproj/Localizable.strings; sourceTree = "<group>"; };
		CFA831491FC1A3FA00EEECC0 /* TermHere_Service.entitlements */ = {isa = PBXFileReference; lastKnownFileType = text.plist.entitlements; path = TermHere_Service.entitlements; sourceTree = "<group>"; };
		CFAD6C501DD34B4C00D91B9E /* Sparkle.framework */ = {isa = PBXFileReference; lastKnownFileType = wrapper.framework; name = Sparkle.framework; path = ../Carthage/Build/Mac/Sparkle.framework; sourceTree = "<group>"; };
		CFAD6C581DD422C100D91B9E /* credits.css */ = {isa = PBXFileReference; fileEncoding = 4; lastKnownFileType = text.css; path = credits.css; sourceTree = "<group>"; };
		CFCF12DF1CF46CC4007A807F /* ContainerView.swift */ = {isa = PBXFileReference; fileEncoding = 4; lastKnownFileType = sourcecode.swift; path = ContainerView.swift; sourceTree = "<group>"; };
		CFCF12E51CF47AB1007A807F /* AboutViewController.swift */ = {isa = PBXFileReference; fileEncoding = 4; lastKnownFileType = sourcecode.swift; path = AboutViewController.swift; sourceTree = "<group>"; };
		CFCF12E81CF5ED80007A807F /* en */ = {isa = PBXFileReference; lastKnownFileType = text.plist.strings; name = en; path = en.lproj/Main.strings; sourceTree = "<group>"; };
		CFD4AD3A1DFE78D200D91B9E /* en */ = {isa = PBXFileReference; lastKnownFileType = text.plist.strings; name = en; path = en.lproj/ServicesMenu.strings; sourceTree = "<group>"; };
		CFD4AD3D1DFE78D700D91B9E /* ca */ = {isa = PBXFileReference; lastKnownFileType = text.plist.strings; name = ca; path = ca.lproj/ServicesMenu.strings; sourceTree = "<group>"; };
		CFD4AD3E1DFE78DB00D91B9E /* cs */ = {isa = PBXFileReference; lastKnownFileType = text.plist.strings; name = cs; path = cs.lproj/ServicesMenu.strings; sourceTree = "<group>"; };
		CFD4AD3F1DFE78DE00D91B9E /* da */ = {isa = PBXFileReference; lastKnownFileType = text.plist.strings; name = da; path = da.lproj/ServicesMenu.strings; sourceTree = "<group>"; };
		CFD4AD401DFE78DF00D91B9E /* de */ = {isa = PBXFileReference; lastKnownFileType = text.plist.strings; name = de; path = de.lproj/ServicesMenu.strings; sourceTree = "<group>"; };
		CFD4AD411DFE78E000D91B9E /* el */ = {isa = PBXFileReference; lastKnownFileType = text.plist.strings; name = el; path = el.lproj/ServicesMenu.strings; sourceTree = "<group>"; };
		CFD4AD421DFE78E000D91B9E /* en-AU */ = {isa = PBXFileReference; lastKnownFileType = text.plist.strings; name = "en-AU"; path = "en-AU.lproj/ServicesMenu.strings"; sourceTree = "<group>"; };
		CFD4AD431DFE78E100D91B9E /* en-GB */ = {isa = PBXFileReference; lastKnownFileType = text.plist.strings; name = "en-GB"; path = "en-GB.lproj/ServicesMenu.strings"; sourceTree = "<group>"; };
		CFD4AD441DFE78E300D91B9E /* es */ = {isa = PBXFileReference; lastKnownFileType = text.plist.strings; name = es; path = es.lproj/ServicesMenu.strings; sourceTree = "<group>"; };
		CFD4AD451DFE78E400D91B9E /* fi */ = {isa = PBXFileReference; lastKnownFileType = text.plist.strings; name = fi; path = fi.lproj/ServicesMenu.strings; sourceTree = "<group>"; };
		CFD4AD461DFE78E400D91B9E /* fr-CA */ = {isa = PBXFileReference; lastKnownFileType = text.plist.strings; name = "fr-CA"; path = "fr-CA.lproj/ServicesMenu.strings"; sourceTree = "<group>"; };
		CFD4AD471DFE78E600D91B9E /* fr */ = {isa = PBXFileReference; lastKnownFileType = text.plist.strings; name = fr; path = fr.lproj/ServicesMenu.strings; sourceTree = "<group>"; };
		CFD4AD481DFE78E600D91B9E /* he */ = {isa = PBXFileReference; lastKnownFileType = text.plist.strings; name = he; path = he.lproj/ServicesMenu.strings; sourceTree = "<group>"; };
		CFD4AD491DFE78E700D91B9E /* hi */ = {isa = PBXFileReference; lastKnownFileType = text.plist.strings; name = hi; path = hi.lproj/ServicesMenu.strings; sourceTree = "<group>"; };
		CFD4AD4A1DFE78E800D91B9E /* hr */ = {isa = PBXFileReference; lastKnownFileType = text.plist.strings; name = hr; path = hr.lproj/ServicesMenu.strings; sourceTree = "<group>"; };
		CFD4AD4B1DFE78E800D91B9E /* hu */ = {isa = PBXFileReference; lastKnownFileType = text.plist.strings; name = hu; path = hu.lproj/ServicesMenu.strings; sourceTree = "<group>"; };
		CFD4AD4C1DFE78EB00D91B9E /* id */ = {isa = PBXFileReference; lastKnownFileType = text.plist.strings; name = id; path = id.lproj/ServicesMenu.strings; sourceTree = "<group>"; };
		CFD4AD4D1DFE78EC00D91B9E /* it */ = {isa = PBXFileReference; lastKnownFileType = text.plist.strings; name = it; path = it.lproj/ServicesMenu.strings; sourceTree = "<group>"; };
		CFD4AD4E1DFE78ED00D91B9E /* ja */ = {isa = PBXFileReference; lastKnownFileType = text.plist.strings; name = ja; path = ja.lproj/ServicesMenu.strings; sourceTree = "<group>"; };
		CFD4AD4F1DFE78ED00D91B9E /* ko */ = {isa = PBXFileReference; lastKnownFileType = text.plist.strings; name = ko; path = ko.lproj/ServicesMenu.strings; sourceTree = "<group>"; };
		CFD4AD501DFE78EE00D91B9E /* ms */ = {isa = PBXFileReference; lastKnownFileType = text.plist.strings; name = ms; path = ms.lproj/ServicesMenu.strings; sourceTree = "<group>"; };
		CFD4AD511DFE78EF00D91B9E /* nl */ = {isa = PBXFileReference; lastKnownFileType = text.plist.strings; name = nl; path = nl.lproj/ServicesMenu.strings; sourceTree = "<group>"; };
		CFD4AD521DFE78F000D91B9E /* nb */ = {isa = PBXFileReference; lastKnownFileType = text.plist.strings; name = nb; path = nb.lproj/ServicesMenu.strings; sourceTree = "<group>"; };
		CFD4AD531DFE78F100D91B9E /* pl */ = {isa = PBXFileReference; lastKnownFileType = text.plist.strings; name = pl; path = pl.lproj/ServicesMenu.strings; sourceTree = "<group>"; };
		CFD4AD541DFE78F100D91B9E /* pt-PT */ = {isa = PBXFileReference; lastKnownFileType = text.plist.strings; name = "pt-PT"; path = "pt-PT.lproj/ServicesMenu.strings"; sourceTree = "<group>"; };
		CFD4AD551DFE78F500D91B9E /* pt */ = {isa = PBXFileReference; lastKnownFileType = text.plist.strings; name = pt; path = pt.lproj/ServicesMenu.strings; sourceTree = "<group>"; };
		CFD4AD561DFE78F600D91B9E /* ro */ = {isa = PBXFileReference; lastKnownFileType = text.plist.strings; name = ro; path = ro.lproj/ServicesMenu.strings; sourceTree = "<group>"; };
		CFD4AD571DFE78F800D91B9E /* ru */ = {isa = PBXFileReference; lastKnownFileType = text.plist.strings; name = ru; path = ru.lproj/ServicesMenu.strings; sourceTree = "<group>"; };
		CFD4AD581DFE78F800D91B9E /* sk */ = {isa = PBXFileReference; lastKnownFileType = text.plist.strings; name = sk; path = sk.lproj/ServicesMenu.strings; sourceTree = "<group>"; };
		CFD4AD591DFE78FA00D91B9E /* sv */ = {isa = PBXFileReference; lastKnownFileType = text.plist.strings; name = sv; path = sv.lproj/ServicesMenu.strings; sourceTree = "<group>"; };
		CFD4AD5A1DFE78FB00D91B9E /* th */ = {isa = PBXFileReference; lastKnownFileType = text.plist.strings; name = th; path = th.lproj/ServicesMenu.strings; sourceTree = "<group>"; };
		CFD4AD5B1DFE78FC00D91B9E /* tr */ = {isa = PBXFileReference; lastKnownFileType = text.plist.strings; name = tr; path = tr.lproj/ServicesMenu.strings; sourceTree = "<group>"; };
		CFD4AD5C1DFE78FD00D91B9E /* uk */ = {isa = PBXFileReference; lastKnownFileType = text.plist.strings; name = uk; path = uk.lproj/ServicesMenu.strings; sourceTree = "<group>"; };
		CFD4AD5D1DFE790000D91B9E /* vi */ = {isa = PBXFileReference; lastKnownFileType = text.plist.strings; name = vi; path = vi.lproj/ServicesMenu.strings; sourceTree = "<group>"; };
		CFD4AD5F1DFE790200D91B9E /* zh-HK */ = {isa = PBXFileReference; lastKnownFileType = text.plist.strings; name = "zh-HK"; path = "zh-HK.lproj/ServicesMenu.strings"; sourceTree = "<group>"; };
		CFD4AD601DFE790300D91B9E /* ar */ = {isa = PBXFileReference; lastKnownFileType = text.plist.strings; name = ar; path = ar.lproj/ServicesMenu.strings; sourceTree = "<group>"; };
		CFD4AD621DFE79F900D91B9E /* es-MX */ = {isa = PBXFileReference; lastKnownFileType = text.plist.strings; name = "es-MX"; path = "es-MX.lproj/ServicesMenu.strings"; sourceTree = "<group>"; };
		CFD4AD631DFE7A6800D91B9E /* nb */ = {isa = PBXFileReference; lastKnownFileType = text.plist.strings; name = nb; path = nb.lproj/Main.strings; sourceTree = "<group>"; };
		CFD4AD651DFE7AD700D91B9E /* zh-HK */ = {isa = PBXFileReference; lastKnownFileType = text.plist.strings; name = "zh-HK"; path = "zh-HK.lproj/Main.strings"; sourceTree = "<group>"; };
		CFD4AD671DFE7B2800D91B9E /* pt-PT */ = {isa = PBXFileReference; lastKnownFileType = text.plist.strings; name = "pt-PT"; path = "pt-PT.lproj/Main.strings"; sourceTree = "<group>"; };
		CFD4AD681DFE7B2A00D91B9E /* fr-CA */ = {isa = PBXFileReference; lastKnownFileType = text.plist.strings; name = "fr-CA"; path = "fr-CA.lproj/Main.strings"; sourceTree = "<group>"; };
		CFD4AD691DFE7B2D00D91B9E /* en-AU */ = {isa = PBXFileReference; lastKnownFileType = text.plist.strings; name = "en-AU"; path = "en-AU.lproj/Main.strings"; sourceTree = "<group>"; };
		CFD4AD6A1DFE7B3000D91B9E /* en-GB */ = {isa = PBXFileReference; lastKnownFileType = text.plist.strings; name = "en-GB"; path = "en-GB.lproj/Main.strings"; sourceTree = "<group>"; };
		CFD4AD6B1DFE7B3300D91B9E /* es-MX */ = {isa = PBXFileReference; lastKnownFileType = text.plist.strings; name = "es-MX"; path = "es-MX.lproj/Main.strings"; sourceTree = "<group>"; };
		CFD4AD6C1DFE7C2A00D91B9E /* es-MX */ = {isa = PBXFileReference; lastKnownFileType = text.html; name = "es-MX"; path = "es-MX.lproj/Credits.html"; sourceTree = "<group>"; };
		CFD4AD6D1DFE7C2D00D91B9E /* ca */ = {isa = PBXFileReference; lastKnownFileType = text.html; name = ca; path = ca.lproj/Credits.html; sourceTree = "<group>"; };
		CFD4AD6E1DFE7C2E00D91B9E /* cs */ = {isa = PBXFileReference; lastKnownFileType = text.html; name = cs; path = cs.lproj/Credits.html; sourceTree = "<group>"; };
		CFD4AD6F1DFE7C3000D91B9E /* da */ = {isa = PBXFileReference; lastKnownFileType = text.html; name = da; path = da.lproj/Credits.html; sourceTree = "<group>"; };
		CFD4AD701DFE7C3100D91B9E /* de */ = {isa = PBXFileReference; lastKnownFileType = text.html; name = de; path = de.lproj/Credits.html; sourceTree = "<group>"; };
		CFD4AD711DFE7C3200D91B9E /* el */ = {isa = PBXFileReference; lastKnownFileType = text.html; name = el; path = el.lproj/Credits.html; sourceTree = "<group>"; };
		CFD4AD721DFE7C3300D91B9E /* en-AU */ = {isa = PBXFileReference; lastKnownFileType = text.html; name = "en-AU"; path = "en-AU.lproj/Credits.html"; sourceTree = "<group>"; };
		CFD4AD731DFE7C3400D91B9E /* en-GB */ = {isa = PBXFileReference; lastKnownFileType = text.html; name = "en-GB"; path = "en-GB.lproj/Credits.html"; sourceTree = "<group>"; };
		CFD4AD741DFE7C3500D91B9E /* es */ = {isa = PBXFileReference; lastKnownFileType = text.html; name = es; path = es.lproj/Credits.html; sourceTree = "<group>"; };
		CFD4AD761DFE7C3C00D91B9E /* fr-CA */ = {isa = PBXFileReference; lastKnownFileType = text.html; name = "fr-CA"; path = "fr-CA.lproj/Credits.html"; sourceTree = "<group>"; };
		CFD4AD771DFE7C3F00D91B9E /* fr */ = {isa = PBXFileReference; lastKnownFileType = text.html; name = fr; path = fr.lproj/Credits.html; sourceTree = "<group>"; };
		CFD4AD781DFE7C4100D91B9E /* he */ = {isa = PBXFileReference; lastKnownFileType = text.html; name = he; path = he.lproj/Credits.html; sourceTree = "<group>"; };
		CFD4AD791DFE7C4200D91B9E /* hi */ = {isa = PBXFileReference; lastKnownFileType = text.html; name = hi; path = hi.lproj/Credits.html; sourceTree = "<group>"; };
		CFD4AD7A1DFE7C4300D91B9E /* hr */ = {isa = PBXFileReference; lastKnownFileType = text.html; name = hr; path = hr.lproj/Credits.html; sourceTree = "<group>"; };
		CFD4AD7D1DFE7CA400D91B9E /* it */ = {isa = PBXFileReference; lastKnownFileType = text.html; name = it; path = it.lproj/Credits.html; sourceTree = "<group>"; };
		CFD4AD7E1DFE7CA600D91B9E /* ja */ = {isa = PBXFileReference; lastKnownFileType = text.html; name = ja; path = ja.lproj/Credits.html; sourceTree = "<group>"; };
		CFD4AD7F1DFE7CA700D91B9E /* ko */ = {isa = PBXFileReference; lastKnownFileType = text.html; name = ko; path = ko.lproj/Credits.html; sourceTree = "<group>"; };
		CFD4AD801DFE7CA900D91B9E /* ms */ = {isa = PBXFileReference; lastKnownFileType = text.html; name = ms; path = ms.lproj/Credits.html; sourceTree = "<group>"; };
		CFD4AD821DFE7CBC00D91B9E /* nb */ = {isa = PBXFileReference; lastKnownFileType = text.html; name = nb; path = nb.lproj/Credits.html; sourceTree = "<group>"; };
		CFD4AD831DFE7CBF00D91B9E /* pl */ = {isa = PBXFileReference; lastKnownFileType = text.html; name = pl; path = pl.lproj/Credits.html; sourceTree = "<group>"; };
		CFD4AD841DFE7CC300D91B9E /* pt-PT */ = {isa = PBXFileReference; lastKnownFileType = text.html; name = "pt-PT"; path = "pt-PT.lproj/Credits.html"; sourceTree = "<group>"; };
		CFD4AD851DFE7CC400D91B9E /* pt */ = {isa = PBXFileReference; lastKnownFileType = text.html; name = pt; path = pt.lproj/Credits.html; sourceTree = "<group>"; };
		CFD4AD861DFE7CC600D91B9E /* ro */ = {isa = PBXFileReference; lastKnownFileType = text.html; name = ro; path = ro.lproj/Credits.html; sourceTree = "<group>"; };
		CFD4AD871DFE7DE000D91B9E /* ru */ = {isa = PBXFileReference; lastKnownFileType = text.html; name = ru; path = ru.lproj/Credits.html; sourceTree = "<group>"; };
		CFD4AD881DFE7DE100D91B9E /* sk */ = {isa = PBXFileReference; lastKnownFileType = text.html; name = sk; path = sk.lproj/Credits.html; sourceTree = "<group>"; };
		CFD4AD891DFE7DE200D91B9E /* sv */ = {isa = PBXFileReference; lastKnownFileType = text.html; name = sv; path = sv.lproj/Credits.html; sourceTree = "<group>"; };
		CFD4AD8A1DFE7DE300D91B9E /* th */ = {isa = PBXFileReference; lastKnownFileType = text.html; name = th; path = th.lproj/Credits.html; sourceTree = "<group>"; };
		CFD4AD8B1DFE7DE400D91B9E /* tr */ = {isa = PBXFileReference; lastKnownFileType = text.html; name = tr; path = tr.lproj/Credits.html; sourceTree = "<group>"; };
		CFD4AD8C1DFE7DE600D91B9E /* uk */ = {isa = PBXFileReference; lastKnownFileType = text.html; name = uk; path = uk.lproj/Credits.html; sourceTree = "<group>"; };
		CFD4AD8D1DFE7DE700D91B9E /* vi */ = {isa = PBXFileReference; lastKnownFileType = text.html; name = vi; path = vi.lproj/Credits.html; sourceTree = "<group>"; };
		CFD4AD8F1DFE7DEE00D91B9E /* ar */ = {isa = PBXFileReference; lastKnownFileType = text.html; name = ar; path = ar.lproj/Credits.html; sourceTree = "<group>"; };
		CFD4AD911DFE7E0B00D91B9E /* pt-PT */ = {isa = PBXFileReference; lastKnownFileType = text.plist.strings; name = "pt-PT"; path = "pt-PT.lproj/Localizable.strings"; sourceTree = "<group>"; };
		CFD4AD921DFE7E0C00D91B9E /* nb */ = {isa = PBXFileReference; lastKnownFileType = text.plist.strings; name = nb; path = nb.lproj/Localizable.strings; sourceTree = "<group>"; };
		CFD4AD941DFE7E1000D91B9E /* zh-HK */ = {isa = PBXFileReference; lastKnownFileType = text.plist.strings; name = "zh-HK"; path = "zh-HK.lproj/Localizable.strings"; sourceTree = "<group>"; };
		CFD4AD961DFE7E1D00D91B9E /* es-MX */ = {isa = PBXFileReference; lastKnownFileType = text.plist.strings; name = "es-MX"; path = "es-MX.lproj/Localizable.strings"; sourceTree = "<group>"; };
		CFD4AD971DFE7E2000D91B9E /* en-AU */ = {isa = PBXFileReference; lastKnownFileType = text.plist.strings; name = "en-AU"; path = "en-AU.lproj/Localizable.strings"; sourceTree = "<group>"; };
		CFD4AD981DFE7E2200D91B9E /* en-GB */ = {isa = PBXFileReference; lastKnownFileType = text.plist.strings; name = "en-GB"; path = "en-GB.lproj/Localizable.strings"; sourceTree = "<group>"; };
		CFD4AD991DFE7E2500D91B9E /* fr-CA */ = {isa = PBXFileReference; lastKnownFileType = text.plist.strings; name = "fr-CA"; path = "fr-CA.lproj/Localizable.strings"; sourceTree = "<group>"; };
		CFD9B7C21CE5960500947EC8 /* TermHere.app */ = {isa = PBXFileReference; explicitFileType = wrapper.application; includeInIndex = 0; path = TermHere.app; sourceTree = BUILT_PRODUCTS_DIR; };
		CFD9B7C51CE5960500947EC8 /* AppDelegate.swift */ = {isa = PBXFileReference; lastKnownFileType = sourcecode.swift; path = AppDelegate.swift; sourceTree = "<group>"; };
		CFD9B7C71CE5960500947EC8 /* ViewController.swift */ = {isa = PBXFileReference; lastKnownFileType = sourcecode.swift; path = ViewController.swift; sourceTree = "<group>"; };
		CFD9B7C91CE5960500947EC8 /* Assets.xcassets */ = {isa = PBXFileReference; lastKnownFileType = folder.assetcatalog; path = Assets.xcassets; sourceTree = "<group>"; };
		CFD9B7CC1CE5960500947EC8 /* Base */ = {isa = PBXFileReference; lastKnownFileType = file.storyboard; name = Base; path = Base.lproj/Main.storyboard; sourceTree = "<group>"; };
		CFD9B7CE1CE5960500947EC8 /* Info.plist */ = {isa = PBXFileReference; lastKnownFileType = text.plist.xml; path = Info.plist; sourceTree = "<group>"; };
		CFEAA4291D97B45900D91B9E /* String+Additions.swift */ = {isa = PBXFileReference; fileEncoding = 4; lastKnownFileType = sourcecode.swift; path = "String+Additions.swift"; sourceTree = "<group>"; };
		CFF6564E1CFC860F007031AD /* TerminalController.swift */ = {isa = PBXFileReference; fileEncoding = 4; lastKnownFileType = sourcecode.swift; path = TerminalController.swift; sourceTree = "<group>"; };
		CFF789451F88A11F0082B82D /* VolumeManager.swift */ = {isa = PBXFileReference; lastKnownFileType = sourcecode.swift; path = VolumeManager.swift; sourceTree = "<group>"; };
		CFFE52771D97DE4F00D91B9E /* CocoaLocalization.swift */ = {isa = PBXFileReference; fileEncoding = 4; lastKnownFileType = sourcecode.swift; path = CocoaLocalization.swift; sourceTree = "<group>"; };
		CFFF6DB01CEE0F5A004E5894 /* Info.plist */ = {isa = PBXFileReference; lastKnownFileType = text.plist.xml; path = Info.plist; sourceTree = "<group>"; };
		CFFF6DBB1CEE0F6F004E5894 /* Preferences.swift */ = {isa = PBXFileReference; fileEncoding = 4; lastKnownFileType = sourcecode.swift; path = Preferences.swift; sourceTree = "<group>"; };
/* End PBXFileReference section */

/* Begin PBXFrameworksBuildPhase section */
		CF66BEC31FC1BB6300585587 /* Frameworks */ = {
			isa = PBXFrameworksBuildPhase;
			buildActionMask = 2147483647;
			files = (
			);
			runOnlyForDeploymentPostprocessing = 0;
		};
		CF9CEE581CE59B1F00A89E71 /* Frameworks */ = {
			isa = PBXFrameworksBuildPhase;
			buildActionMask = 2147483647;
			files = (
			);
			runOnlyForDeploymentPostprocessing = 0;
		};
		CFD9B7BF1CE5960500947EC8 /* Frameworks */ = {
			isa = PBXFrameworksBuildPhase;
			buildActionMask = 2147483647;
			files = (
				CFAD6C561DD354C400D91B9E /* Sparkle.framework in Frameworks */,
			);
			runOnlyForDeploymentPostprocessing = 0;
		};
/* End PBXFrameworksBuildPhase section */

/* Begin PBXGroup section */
		CF1E54FB1F80845B005A2784 /* Frameworks */ = {
			isa = PBXGroup;
			children = (
			);
			name = Frameworks;
			sourceTree = "<group>";
		};
		CF3AE0DF1DE43FFD00D91B9E /* Supporting Files */ = {
			isa = PBXGroup;
			children = (
				CF66BEC01FC1B9F600585587 /* main.m */,
				CF3AE0D21DE43C1D00D91B9E /* Info.plist */,
				CFA831491FC1A3FA00EEECC0 /* TermHere_Service.entitlements */,
			);
			name = "Supporting Files";
			sourceTree = "<group>";
		};
		CF66BEC71FC1BB6300585587 /* TermHere Service */ = {
			isa = PBXGroup;
			children = (
				CF3AE0D61DE43D1D00D91B9E /* TermHereServiceApplication.swift */,
				CF1471101CF2B95000A914CB /* TerminalServiceProvider.swift */,
				CF66BEE41FC1BEF000585587 /* SandboxController.swift */,
				CF66BEE81FC1BF0300585587 /* Views */,
				CFD4AD381DFE19E000D91B9E /* Localization */,
				CF3AE0DF1DE43FFD00D91B9E /* Supporting Files */,
				CF66BECA1FC1BB6300585587 /* Assets.xcassets */,
			);
			path = "TermHere Service";
			sourceTree = "<group>";
		};
		CF66BEE81FC1BF0300585587 /* Views */ = {
			isa = PBXGroup;
			children = (
				CF66BEE21FC1BEF000585587 /* OpenPanelAccessoryViewController.swift */,
				CF66BEE31FC1BEF000585587 /* OpenPanelAccessoryViewController.xib */,
			);
			name = Views;
			sourceTree = "<group>";
		};
		CF9CEE5C1CE59B1F00A89E71 /* TermHere Finder Extension */ = {
			isa = PBXGroup;
			children = (
				CF9CEE5F1CE59B1F00A89E71 /* FinderSync.swift */,
				CFF789451F88A11F0082B82D /* VolumeManager.swift */,
				CF9CEE5D1CE59B1F00A89E71 /* Supporting Files */,
			);
			path = "TermHere Finder Extension";
			sourceTree = "<group>";
		};
		CF9CEE5D1CE59B1F00A89E71 /* Supporting Files */ = {
			isa = PBXGroup;
			children = (
				CF9CEE691CE5A77B00A89E71 /* Assets.xcassets */,
				CF9CEE791CE5B67200A89E71 /* Localization */,
				CF9CEE611CE59B1F00A89E71 /* Info.plist */,
				CF9CEE5E1CE59B1F00A89E71 /* TermHere_Finder_Extension.entitlements */,
			);
			name = "Supporting Files";
			sourceTree = "<group>";
		};
		CF9CEE761CE5B65E00A89E71 /* Supporting Files */ = {
			isa = PBXGroup;
			children = (
				CFD9B7C91CE5960500947EC8 /* Assets.xcassets */,
				CF9CEE781CE5B66C00A89E71 /* Localization */,
				CF9CEE7B1CE5B6B000A89E71 /* Resources */,
				CFAD6C521DD34B5800D91B9E /* Frameworks */,
				CF9CEE6D1CE5AD6600A89E71 /* TermHere.entitlements */,
			);
			name = "Supporting Files";
			sourceTree = "<group>";
		};
		CF9CEE781CE5B66C00A89E71 /* Localization */ = {
			isa = PBXGroup;
			children = (
				CF57D2021D958FDE00D91B9E /* Main.strings */,
				CF9CEE701CE5B55100A89E71 /* Localizable.strings */,
				CF4CB4171DD429DA00D91B9E /* Credits.html */,
			);
			name = Localization;
			sourceTree = "<group>";
		};
		CF9CEE791CE5B67200A89E71 /* Localization */ = {
			isa = PBXGroup;
			children = (
				CF9CEE731CE5B57D00A89E71 /* Localizable.strings */,
			);
			name = Localization;
			sourceTree = "<group>";
		};
		CF9CEE7B1CE5B6B000A89E71 /* Resources */ = {
			isa = PBXGroup;
			children = (
				CFAD6C581DD422C100D91B9E /* credits.css */,
				CFD9B7CE1CE5960500947EC8 /* Info.plist */,
			);
			name = Resources;
			sourceTree = "<group>";
		};
		CFA831451FC17E1F00EEECC0 /* Categories */ = {
			isa = PBXGroup;
			children = (
				CFEAA4291D97B45900D91B9E /* String+Additions.swift */,
				CF2FE9821F899EF400E5F48F /* NSPasteboard+Additions.swift */,
			);
			name = Categories;
			sourceTree = "<group>";
		};
		CFAD6C521DD34B5800D91B9E /* Frameworks */ = {
			isa = PBXGroup;
			children = (
				CFAD6C501DD34B4C00D91B9E /* Sparkle.framework */,
			);
			name = Frameworks;
			sourceTree = "<group>";
		};
		CFCF12E21CF47915007A807F /* View Controllers */ = {
			isa = PBXGroup;
			children = (
				CFD9B7C71CE5960500947EC8 /* ViewController.swift */,
				CFCF12E51CF47AB1007A807F /* AboutViewController.swift */,
			);
			name = "View Controllers";
			sourceTree = "<group>";
		};
		CFCF12E41CF47A90007A807F /* Views */ = {
			isa = PBXGroup;
			children = (
				CFCF12DF1CF46CC4007A807F /* ContainerView.swift */,
			);
			name = Views;
			sourceTree = "<group>";
		};
		CFD4AD381DFE19E000D91B9E /* Localization */ = {
			isa = PBXGroup;
			children = (
				CFD4AD391DFE78D200D91B9E /* ServicesMenu.strings */,
			);
			name = Localization;
			sourceTree = "<group>";
		};
		CFD9B7B91CE5960500947EC8 = {
			isa = PBXGroup;
			children = (
				CFD9B7C41CE5960500947EC8 /* TermHere */,
				CF9CEE5C1CE59B1F00A89E71 /* TermHere Finder Extension */,
				CF66BEC71FC1BB6300585587 /* TermHere Service */,
				CFFF6DAD1CEE0F5A004E5894 /* TermHere Common */,
				CFD9B7C31CE5960500947EC8 /* Products */,
				CF1E54FB1F80845B005A2784 /* Frameworks */,
			);
			sourceTree = "<group>";
		};
		CFD9B7C31CE5960500947EC8 /* Products */ = {
			isa = PBXGroup;
			children = (
				CFD9B7C21CE5960500947EC8 /* TermHere.app */,
				CF9CEE5B1CE59B1F00A89E71 /* TermHere Finder Extension.appex */,
				CF66BEC61FC1BB6300585587 /* TermHere Service.app */,
			);
			name = Products;
			sourceTree = "<group>";
		};
		CFD9B7C41CE5960500947EC8 /* TermHere */ = {
			isa = PBXGroup;
			children = (
				CFD9B7C51CE5960500947EC8 /* AppDelegate.swift */,
				CF3AE0E01DE4433600D91B9E /* ServiceController.swift */,
				CFCF12E21CF47915007A807F /* View Controllers */,
				CFCF12E41CF47A90007A807F /* Views */,
				CFD9B7CB1CE5960500947EC8 /* Main.storyboard */,
				CFFE52791D97DE5600D91B9E /* Categories */,
				CF9CEE761CE5B65E00A89E71 /* Supporting Files */,
			);
			path = TermHere;
			sourceTree = "<group>";
		};
		CFFE52791D97DE5600D91B9E /* Categories */ = {
			isa = PBXGroup;
			children = (
				CFFE52771D97DE4F00D91B9E /* CocoaLocalization.swift */,
			);
			name = Categories;
			sourceTree = "<group>";
		};
		CFFF6DAD1CEE0F5A004E5894 /* TermHere Common */ = {
			isa = PBXGroup;
			children = (
				CFFF6DBB1CEE0F6F004E5894 /* Preferences.swift */,
				CFF6564E1CFC860F007031AD /* TerminalController.swift */,
				CF5D340C1FBE97F600480680 /* ServiceRunner.swift */,
				CFA831451FC17E1F00EEECC0 /* Categories */,
				CFFF6DBD1CEE0F7F004E5894 /* Supporting Files */,
			);
			path = "TermHere Common";
			sourceTree = "<group>";
		};
		CFFF6DBD1CEE0F7F004E5894 /* Supporting Files */ = {
			isa = PBXGroup;
			children = (
				CFFF6DB01CEE0F5A004E5894 /* Info.plist */,
			);
			name = "Supporting Files";
			sourceTree = "<group>";
		};
/* End PBXGroup section */

/* Begin PBXNativeTarget section */
		CF66BEC51FC1BB6300585587 /* TermHere Service */ = {
			isa = PBXNativeTarget;
			buildConfigurationList = CF66BED11FC1BB6400585587 /* Build configuration list for PBXNativeTarget "TermHere Service" */;
			buildPhases = (
				CF66BEC21FC1BB6300585587 /* Sources */,
				CF66BEC31FC1BB6300585587 /* Frameworks */,
				CF66BEC41FC1BB6300585587 /* Resources */,
			);
			buildRules = (
			);
			dependencies = (
			);
			name = "TermHere Service";
			productName = "TermHere Service";
			productReference = CF66BEC61FC1BB6300585587 /* TermHere Service.app */;
			productType = "com.apple.product-type.application";
		};
		CF9CEE5A1CE59B1F00A89E71 /* TermHere Finder Extension */ = {
			isa = PBXNativeTarget;
			buildConfigurationList = CF9CEE671CE59B1F00A89E71 /* Build configuration list for PBXNativeTarget "TermHere Finder Extension" */;
			buildPhases = (
				CF9CEE571CE59B1F00A89E71 /* Sources */,
				CF9CEE581CE59B1F00A89E71 /* Frameworks */,
				CF9CEE591CE59B1F00A89E71 /* Resources */,
			);
			buildRules = (
			);
			dependencies = (
			);
			name = "TermHere Finder Extension";
			productName = "TermHere Finder Extension";
			productReference = CF9CEE5B1CE59B1F00A89E71 /* TermHere Finder Extension.appex */;
			productType = "com.apple.product-type.app-extension";
		};
		CFD9B7C11CE5960500947EC8 /* TermHere */ = {
			isa = PBXNativeTarget;
			buildConfigurationList = CFD9B7D11CE5960500947EC8 /* Build configuration list for PBXNativeTarget "TermHere" */;
			buildPhases = (
				CFD9B7BE1CE5960500947EC8 /* Sources */,
				CFD9B7BF1CE5960500947EC8 /* Frameworks */,
				CFD9B7C01CE5960500947EC8 /* Resources */,
				CF9CEE681CE59B1F00A89E71 /* Embed App Extensions */,
				CF3AE0D91DE43E0800D91B9E /* Embed Services */,
				CFAD6C571DD3558200D91B9E /* Copy Carthage Frameworks */,
			);
			buildRules = (
			);
			dependencies = (
				CF66BED61FC1BB9900585587 /* PBXTargetDependency */,
				CF9CEE631CE59B1F00A89E71 /* PBXTargetDependency */,
			);
			name = TermHere;
			productName = TermHere;
			productReference = CFD9B7C21CE5960500947EC8 /* TermHere.app */;
			productType = "com.apple.product-type.application";
		};
/* End PBXNativeTarget section */

/* Begin PBXProject section */
		CFD9B7BA1CE5960500947EC8 /* Project object */ = {
			isa = PBXProject;
			attributes = {
				LastSwiftUpdateCheck = 0910;
				LastUpgradeCheck = 0930;
				ORGANIZATIONNAME = "HASHBANG Productions";
				TargetAttributes = {
					CF66BEC51FC1BB6300585587 = {
						CreatedOnToolsVersion = 9.1;
						DevelopmentTeam = N2LN9ZT493;
						LastSwiftMigration = 1000;
						ProvisioningStyle = Automatic;
					};
					CF9CEE5A1CE59B1F00A89E71 = {
						CreatedOnToolsVersion = 7.3.1;
						DevelopmentTeam = N2LN9ZT493;
						LastSwiftMigration = 1000;
						SystemCapabilities = {
							com.apple.ApplicationGroups.Mac = {
								enabled = 1;
							};
							com.apple.Sandbox = {
								enabled = 1;
							};
						};
					};
					CFD9B7C11CE5960500947EC8 = {
						CreatedOnToolsVersion = 7.3;
						DevelopmentTeam = N2LN9ZT493;
						LastSwiftMigration = 1000;
						SystemCapabilities = {
							com.apple.ApplicationGroups.Mac = {
								enabled = 1;
							};
							com.apple.Sandbox = {
								enabled = 0;
							};
						};
					};
				};
			};
			buildConfigurationList = CFD9B7BD1CE5960500947EC8 /* Build configuration list for PBXProject "TermHere" */;
			compatibilityVersion = "Xcode 3.2";
			developmentRegion = English;
			hasScannedForEncodings = 0;
			knownRegions = (
				en,
				Base,
				es_MX,
				ca,
				cs,
				da,
				de,
				el,
				en_AU,
				en_GB,
				es,
				fi,
				fr_CA,
				fr,
				he,
				hi,
				hr,
				hu,
				id,
				it,
				ja,
				ko,
				ms,
				nl,
				no,
				pl,
				pt_PT,
				pt,
				ro,
				ru,
				sk,
				sv,
				th,
				tr,
				uk,
				vi,
				zh_CN,
				zh_HK,
				ar,
				nb,
				zh_TW,
				"es-MX",
				"en-AU",
				"en-GB",
				"fr-CA",
				"pt-PT",
				"zh-Hans",
				"zh-HK",
				"zh-Hant",
			);
			mainGroup = CFD9B7B91CE5960500947EC8;
			productRefGroup = CFD9B7C31CE5960500947EC8 /* Products */;
			projectDirPath = "";
			projectRoot = "";
			targets = (
				CFD9B7C11CE5960500947EC8 /* TermHere */,
				CF9CEE5A1CE59B1F00A89E71 /* TermHere Finder Extension */,
				CF66BEC51FC1BB6300585587 /* TermHere Service */,
			);
		};
/* End PBXProject section */

/* Begin PBXResourcesBuildPhase section */
		CF66BEC41FC1BB6300585587 /* Resources */ = {
			isa = PBXResourcesBuildPhase;
			buildActionMask = 2147483647;
			files = (
				CF66BEE61FC1BEF000585587 /* OpenPanelAccessoryViewController.xib in Resources */,
				CF66BECB1FC1BB6400585587 /* Assets.xcassets in Resources */,
			);
			runOnlyForDeploymentPostprocessing = 0;
		};
		CF9CEE591CE59B1F00A89E71 /* Resources */ = {
			isa = PBXResourcesBuildPhase;
			buildActionMask = 2147483647;
			files = (
				CF9CEE6A1CE5A77B00A89E71 /* Assets.xcassets in Resources */,
				CF9CEE751CE5B57D00A89E71 /* Localizable.strings in Resources */,
			);
			runOnlyForDeploymentPostprocessing = 0;
		};
		CFD9B7C01CE5960500947EC8 /* Resources */ = {
			isa = PBXResourcesBuildPhase;
			buildActionMask = 2147483647;
			files = (
				CFAD6C591DD422C100D91B9E /* credits.css in Resources */,
				CFD9B7CA1CE5960500947EC8 /* Assets.xcassets in Resources */,
				CF9CEE721CE5B55100A89E71 /* Localizable.strings in Resources */,
				CF4CB4191DD429DA00D91B9E /* Credits.html in Resources */,
				CFD9B7CD1CE5960500947EC8 /* Main.storyboard in Resources */,
				CF57D2051D958FDE00D91B9E /* Main.strings in Resources */,
			);
			runOnlyForDeploymentPostprocessing = 0;
		};
/* End PBXResourcesBuildPhase section */

/* Begin PBXShellScriptBuildPhase section */
		CFAD6C571DD3558200D91B9E /* Copy Carthage Frameworks */ = {
			isa = PBXShellScriptBuildPhase;
			buildActionMask = 2147483647;
			files = (
			);
			inputPaths = (
				"$(SRCROOT)/Carthage/Build/Mac/Sparkle.framework",
			);
			name = "Copy Carthage Frameworks";
			outputPaths = (
			);
			runOnlyForDeploymentPostprocessing = 0;
			shellPath = /bin/sh;
			shellScript = "/usr/local/bin/carthage copy-frameworks\n";
		};
/* End PBXShellScriptBuildPhase section */

/* Begin PBXSourcesBuildPhase section */
		CF66BEC21FC1BB6300585587 /* Sources */ = {
			isa = PBXSourcesBuildPhase;
			buildActionMask = 2147483647;
			files = (
				CF66BEE11FC1BDE400585587 /* main.m in Sources */,
				CF66BED71FC1BC1F00585587 /* TermHereServiceApplication.swift in Sources */,
				CF66BEDC1FC1BDC500585587 /* ServiceRunner.swift in Sources */,
				CF66BEDF1FC1BDCC00585587 /* String+Additions.swift in Sources */,
				CF66BEE51FC1BEF000585587 /* OpenPanelAccessoryViewController.swift in Sources */,
				CF66BEE71FC1BEF000585587 /* SandboxController.swift in Sources */,
				CF66BEE01FC1BDCC00585587 /* NSPasteboard+Additions.swift in Sources */,
				CF66BED81FC1BC2100585587 /* TerminalServiceProvider.swift in Sources */,
				CF66BED91FC1BDC500585587 /* Preferences.swift in Sources */,
				CF66BEDA1FC1BDC500585587 /* TerminalController.swift in Sources */,
			);
			runOnlyForDeploymentPostprocessing = 0;
		};
		CF9CEE571CE59B1F00A89E71 /* Sources */ = {
			isa = PBXSourcesBuildPhase;
			buildActionMask = 2147483647;
			files = (
				CF9CEE601CE59B1F00A89E71 /* FinderSync.swift in Sources */,
				CF5D34031FBAD1E900480680 /* NSPasteboard+Additions.swift in Sources */,
				CF5D34061FBAD1EE00480680 /* String+Additions.swift in Sources */,
				CFF789461F88A11F0082B82D /* VolumeManager.swift in Sources */,
				CF5D33FD1FBAD1DF00480680 /* Preferences.swift in Sources */,
				CF5D340D1FBE97F600480680 /* ServiceRunner.swift in Sources */,
			);
			runOnlyForDeploymentPostprocessing = 0;
		};
		CFD9B7BE1CE5960500947EC8 /* Sources */ = {
			isa = PBXSourcesBuildPhase;
			buildActionMask = 2147483647;
			files = (
				CFCF12E61CF47AB1007A807F /* AboutViewController.swift in Sources */,
				CF5D33FC1FBAD1DE00480680 /* Preferences.swift in Sources */,
				CFCF12E01CF46CC4007A807F /* ContainerView.swift in Sources */,
				CFD9B7C81CE5960500947EC8 /* ViewController.swift in Sources */,
				CF5D34021FBAD1E900480680 /* NSPasteboard+Additions.swift in Sources */,
				CF5D34051FBAD1ED00480680 /* String+Additions.swift in Sources */,
				CF3AE0E11DE4433600D91B9E /* ServiceController.swift in Sources */,
				CFFE52781D97DE4F00D91B9E /* CocoaLocalization.swift in Sources */,
				CFD9B7C61CE5960500947EC8 /* AppDelegate.swift in Sources */,
			);
			runOnlyForDeploymentPostprocessing = 0;
		};
/* End PBXSourcesBuildPhase section */

/* Begin PBXTargetDependency section */
		CF66BED61FC1BB9900585587 /* PBXTargetDependency */ = {
			isa = PBXTargetDependency;
			target = CF66BEC51FC1BB6300585587 /* TermHere Service */;
			targetProxy = CF66BED51FC1BB9900585587 /* PBXContainerItemProxy */;
		};
		CF9CEE631CE59B1F00A89E71 /* PBXTargetDependency */ = {
			isa = PBXTargetDependency;
			target = CF9CEE5A1CE59B1F00A89E71 /* TermHere Finder Extension */;
			targetProxy = CF9CEE621CE59B1F00A89E71 /* PBXContainerItemProxy */;
		};
/* End PBXTargetDependency section */

/* Begin PBXVariantGroup section */
		CF4CB4171DD429DA00D91B9E /* Credits.html */ = {
			isa = PBXVariantGroup;
			children = (
				CF4CB4181DD429DA00D91B9E /* en */,
				CFD4AD6C1DFE7C2A00D91B9E /* es-MX */,
				CFD4AD6D1DFE7C2D00D91B9E /* ca */,
				CFD4AD6E1DFE7C2E00D91B9E /* cs */,
				CFD4AD6F1DFE7C3000D91B9E /* da */,
				CFD4AD701DFE7C3100D91B9E /* de */,
				CFD4AD711DFE7C3200D91B9E /* el */,
				CFD4AD721DFE7C3300D91B9E /* en-AU */,
				CFD4AD731DFE7C3400D91B9E /* en-GB */,
				CFD4AD741DFE7C3500D91B9E /* es */,
				CFD4AD761DFE7C3C00D91B9E /* fr-CA */,
				CFD4AD771DFE7C3F00D91B9E /* fr */,
				CFD4AD781DFE7C4100D91B9E /* he */,
				CFD4AD791DFE7C4200D91B9E /* hi */,
				CFD4AD7A1DFE7C4300D91B9E /* hr */,
				CFD4AD7D1DFE7CA400D91B9E /* it */,
				CFD4AD7E1DFE7CA600D91B9E /* ja */,
				CFD4AD7F1DFE7CA700D91B9E /* ko */,
				CFD4AD801DFE7CA900D91B9E /* ms */,
				CFD4AD821DFE7CBC00D91B9E /* nb */,
				CFD4AD831DFE7CBF00D91B9E /* pl */,
				CFD4AD841DFE7CC300D91B9E /* pt-PT */,
				CFD4AD851DFE7CC400D91B9E /* pt */,
				CFD4AD861DFE7CC600D91B9E /* ro */,
				CFD4AD871DFE7DE000D91B9E /* ru */,
				CFD4AD881DFE7DE100D91B9E /* sk */,
				CFD4AD891DFE7DE200D91B9E /* sv */,
				CFD4AD8A1DFE7DE300D91B9E /* th */,
				CFD4AD8B1DFE7DE400D91B9E /* tr */,
				CFD4AD8C1DFE7DE600D91B9E /* uk */,
				CFD4AD8D1DFE7DE700D91B9E /* vi */,
				CFD4AD8F1DFE7DEE00D91B9E /* ar */,
			);
			name = Credits.html;
			sourceTree = "<group>";
		};
		CF57D2021D958FDE00D91B9E /* Main.strings */ = {
			isa = PBXVariantGroup;
			children = (
				CF57D2031D958FDE00D91B9E /* en */,
				CF57D4381D95902C00D91B9E /* ar */,
				CF57D43C1D95903200D91B9E /* ca */,
				CF57D4401D95903800D91B9E /* cs */,
				CF57D4441D95903B00D91B9E /* da */,
				CF57D4481D95903F00D91B9E /* de */,
				CF57D44C1D95904400D91B9E /* el */,
				CF57D45B1D95907000D91B9E /* es */,
				CF57D45F1D95907800D91B9E /* fi */,
				CF57D4671D95908300D91B9E /* fr */,
				CF57D46B1D95908C00D91B9E /* he */,
				CF57D46F1D95909000D91B9E /* hi */,
				CF57D4731D95909500D91B9E /* hr */,
				CF57D4771D95909A00D91B9E /* hu */,
				CF14F2071D9590DB00D91B9E /* id */,
				CF14F20B1D9590E100D91B9E /* it */,
				CF14F20F1D9590EA00D91B9E /* ja */,
				CF14F2131D9590F100D91B9E /* ko */,
				CF14F2171D9590F500D91B9E /* ms */,
				CF14F21B1D9590FA00D91B9E /* nl */,
				CF14F2231D95910300D91B9E /* pl */,
				CF14F22B1D95910B00D91B9E /* pt */,
				CF14F22F1D95911E00D91B9E /* ro */,
				CF14F2331D95912300D91B9E /* ru */,
				CF14F2371D95912800D91B9E /* sk */,
				CF14F23B1D95912B00D91B9E /* sv */,
				CF14F23F1D95913100D91B9E /* th */,
				CF14F2431D95913500D91B9E /* tr */,
				CF14F2471D95913900D91B9E /* uk */,
				CF14F24B1D95913E00D91B9E /* vi */,
				CFD4AD631DFE7A6800D91B9E /* nb */,
				CFD4AD651DFE7AD700D91B9E /* zh-HK */,
				CFD4AD671DFE7B2800D91B9E /* pt-PT */,
				CFD4AD681DFE7B2A00D91B9E /* fr-CA */,
				CFD4AD691DFE7B2D00D91B9E /* en-AU */,
				CFD4AD6A1DFE7B3000D91B9E /* en-GB */,
				CFD4AD6B1DFE7B3300D91B9E /* es-MX */,
			);
			name = Main.strings;
			sourceTree = "<group>";
		};
		CF9CEE701CE5B55100A89E71 /* Localizable.strings */ = {
			isa = PBXVariantGroup;
			children = (
				CF9CEE711CE5B55100A89E71 /* en */,
				CF57D4371D95902C00D91B9E /* ar */,
				CF57D43B1D95903200D91B9E /* ca */,
				CF57D43F1D95903800D91B9E /* cs */,
				CF57D4431D95903B00D91B9E /* da */,
				CF57D4471D95903F00D91B9E /* de */,
				CF57D44B1D95904400D91B9E /* el */,
				CF57D45A1D95907000D91B9E /* es */,
				CF57D45E1D95907800D91B9E /* fi */,
				CF57D4661D95908300D91B9E /* fr */,
				CF57D46A1D95908C00D91B9E /* he */,
				CF57D46E1D95909000D91B9E /* hi */,
				CF57D4721D95909500D91B9E /* hr */,
				CF57D4761D95909A00D91B9E /* hu */,
				CF14F2061D9590DB00D91B9E /* id */,
				CF14F20A1D9590E100D91B9E /* it */,
				CF14F20E1D9590EA00D91B9E /* ja */,
				CF14F2121D9590F100D91B9E /* ko */,
				CF14F2161D9590F500D91B9E /* ms */,
				CF14F21A1D9590FA00D91B9E /* nl */,
				CF14F2221D95910300D91B9E /* pl */,
				CF14F22A1D95910B00D91B9E /* pt */,
				CF14F22E1D95911E00D91B9E /* ro */,
				CF14F2321D95912300D91B9E /* ru */,
				CF14F2361D95912800D91B9E /* sk */,
				CF14F23A1D95912B00D91B9E /* sv */,
				CF14F23E1D95913100D91B9E /* th */,
				CF14F2421D95913500D91B9E /* tr */,
				CF14F2461D95913900D91B9E /* uk */,
				CF14F24A1D95913E00D91B9E /* vi */,
				CFD4AD911DFE7E0B00D91B9E /* pt-PT */,
				CFD4AD921DFE7E0C00D91B9E /* nb */,
				CFD4AD941DFE7E1000D91B9E /* zh-HK */,
				CFD4AD961DFE7E1D00D91B9E /* es-MX */,
				CFD4AD971DFE7E2000D91B9E /* en-AU */,
				CFD4AD981DFE7E2200D91B9E /* en-GB */,
				CFD4AD991DFE7E2500D91B9E /* fr-CA */,
			);
			name = Localizable.strings;
			sourceTree = "<group>";
		};
		CF9CEE731CE5B57D00A89E71 /* Localizable.strings */ = {
			isa = PBXVariantGroup;
			children = (
				CF9CEE741CE5B57D00A89E71 /* en */,
				CF14F2551D95915500D91B9E /* ar */,
				CF14F2561D95915A00D91B9E /* ca */,
				CF14F2571D95915E00D91B9E /* cs */,
				CF14F2581D95916200D91B9E /* da */,
				CF14F2591D95916600D91B9E /* de */,
				CF14F25A1D95916A00D91B9E /* el */,
				CF14F25B1D95916D00D91B9E /* en_AU */,
				CF14F25C1D95917200D91B9E /* en_GB */,
				CF14F25D1D95917700D91B9E /* es_MX */,
				CF14F25E1D95917D00D91B9E /* es */,
				CF14F25F1D95918500D91B9E /* fi */,
				CF14F2601D95918900D91B9E /* fr_CA */,
				CF14F2611D95918D00D91B9E /* fr */,
				CF14F2621D95919100D91B9E /* he */,
				CF14F2631D95919500D91B9E /* hi */,
				CF14F2641D95919A00D91B9E /* hr */,
				CF14F2651D95919D00D91B9E /* hu */,
				CF28CF5C1D9591D700D91B9E /* id */,
				CF28CF5D1D9591DE00D91B9E /* it */,
				CF28CF5E1D9591E300D91B9E /* ja */,
				CF28CF5F1D9591E700D91B9E /* ko */,
				CF28CF601D9591EC00D91B9E /* ms */,
				CF28CF611D9591F000D91B9E /* nb */,
				CF28CF621D9591F400D91B9E /* nl */,
				CF28CF631D9591F800D91B9E /* pl */,
				CF28CF641D9591FD00D91B9E /* pt_PT */,
				CF28CF651D95920300D91B9E /* pt */,
				CF28CF661D95920600D91B9E /* ro */,
				CF28CF671D95920B00D91B9E /* ru */,
				CF28CF681D95920F00D91B9E /* sk */,
				CF28CF691D95921700D91B9E /* sv */,
				CF28CF6A1D95921D00D91B9E /* th */,
				CF28CF6B1D95922800D91B9E /* tr */,
				CF28CF6C1D95922C00D91B9E /* uk */,
				CF28CF6D1D95923000D91B9E /* vi */,
				CF28CF6E1D95923500D91B9E /* zh_CN */,
				CF28CF6F1D95923A00D91B9E /* zh_HK */,
			);
			name = Localizable.strings;
			sourceTree = "<group>";
		};
		CFD4AD391DFE78D200D91B9E /* ServicesMenu.strings */ = {
			isa = PBXVariantGroup;
			children = (
				CFD4AD3A1DFE78D200D91B9E /* en */,
				CFD4AD3D1DFE78D700D91B9E /* ca */,
				CFD4AD3E1DFE78DB00D91B9E /* cs */,
				CFD4AD3F1DFE78DE00D91B9E /* da */,
				CFD4AD401DFE78DF00D91B9E /* de */,
				CFD4AD411DFE78E000D91B9E /* el */,
				CFD4AD421DFE78E000D91B9E /* en-AU */,
				CFD4AD431DFE78E100D91B9E /* en-GB */,
				CFD4AD441DFE78E300D91B9E /* es */,
				CFD4AD451DFE78E400D91B9E /* fi */,
				CFD4AD461DFE78E400D91B9E /* fr-CA */,
				CFD4AD471DFE78E600D91B9E /* fr */,
				CFD4AD481DFE78E600D91B9E /* he */,
				CFD4AD491DFE78E700D91B9E /* hi */,
				CFD4AD4A1DFE78E800D91B9E /* hr */,
				CFD4AD4B1DFE78E800D91B9E /* hu */,
				CFD4AD4C1DFE78EB00D91B9E /* id */,
				CFD4AD4D1DFE78EC00D91B9E /* it */,
				CFD4AD4E1DFE78ED00D91B9E /* ja */,
				CFD4AD4F1DFE78ED00D91B9E /* ko */,
				CFD4AD501DFE78EE00D91B9E /* ms */,
				CFD4AD511DFE78EF00D91B9E /* nl */,
				CFD4AD521DFE78F000D91B9E /* nb */,
				CFD4AD531DFE78F100D91B9E /* pl */,
				CFD4AD541DFE78F100D91B9E /* pt-PT */,
				CFD4AD551DFE78F500D91B9E /* pt */,
				CFD4AD561DFE78F600D91B9E /* ro */,
				CFD4AD571DFE78F800D91B9E /* ru */,
				CFD4AD581DFE78F800D91B9E /* sk */,
				CFD4AD591DFE78FA00D91B9E /* sv */,
				CFD4AD5A1DFE78FB00D91B9E /* th */,
				CFD4AD5B1DFE78FC00D91B9E /* tr */,
				CFD4AD5C1DFE78FD00D91B9E /* uk */,
				CFD4AD5D1DFE790000D91B9E /* vi */,
				CFD4AD5F1DFE790200D91B9E /* zh-HK */,
				CFD4AD601DFE790300D91B9E /* ar */,
				CFD4AD621DFE79F900D91B9E /* es-MX */,
			);
			name = ServicesMenu.strings;
			sourceTree = "<group>";
		};
		CFD9B7CB1CE5960500947EC8 /* Main.storyboard */ = {
			isa = PBXVariantGroup;
			children = (
				CFD9B7CC1CE5960500947EC8 /* Base */,
				CFCF12E81CF5ED80007A807F /* en */,
			);
			name = Main.storyboard;
			sourceTree = "<group>";
		};
/* End PBXVariantGroup section */

/* Begin XCBuildConfiguration section */
		CF66BED21FC1BB6400585587 /* Debug */ = {
			isa = XCBuildConfiguration;
			buildSettings = {
				ASSETCATALOG_COMPILER_APPICON_NAME = AppIcon;
				CLANG_ANALYZER_NUMBER_OBJECT_CONVERSION = YES_AGGRESSIVE;
				CLANG_CXX_LANGUAGE_STANDARD = "gnu++14";
				CLANG_WARN_DOCUMENTATION_COMMENTS = YES;
				CLANG_WARN_UNGUARDED_AVAILABILITY = YES_AGGRESSIVE;
				CODE_SIGN_ENTITLEMENTS = "TermHere Service/TermHere_Service.entitlements";
				CODE_SIGN_STYLE = Automatic;
				COMBINE_HIDPI_IMAGES = YES;
				DEVELOPMENT_TEAM = N2LN9ZT493;
				GCC_C_LANGUAGE_STANDARD = gnu11;
				INFOPLIST_FILE = "TermHere Service/Info.plist";
				LD_RUNPATH_SEARCH_PATHS = "$(inherited) @executable_path/../Frameworks";
				PRODUCT_BUNDLE_IDENTIFIER = "au.com.hbang.TermHere.TermHere-Service";
				PRODUCT_NAME = "$(TARGET_NAME)";
				SWIFT_ACTIVE_COMPILATION_CONDITIONS = DEBUG;
				SWIFT_VERSION = 4.2;
			};
			name = Debug;
		};
		CF66BED31FC1BB6400585587 /* Release */ = {
			isa = XCBuildConfiguration;
			buildSettings = {
				ASSETCATALOG_COMPILER_APPICON_NAME = AppIcon;
				CLANG_ANALYZER_NUMBER_OBJECT_CONVERSION = YES_AGGRESSIVE;
				CLANG_CXX_LANGUAGE_STANDARD = "gnu++14";
				CLANG_WARN_DOCUMENTATION_COMMENTS = YES;
				CLANG_WARN_UNGUARDED_AVAILABILITY = YES_AGGRESSIVE;
				CODE_SIGN_ENTITLEMENTS = "TermHere Service/TermHere_Service.entitlements";
				CODE_SIGN_IDENTITY = "Mac Developer";
				CODE_SIGN_STYLE = Automatic;
				COMBINE_HIDPI_IMAGES = YES;
				DEVELOPMENT_TEAM = N2LN9ZT493;
				GCC_C_LANGUAGE_STANDARD = gnu11;
				INFOPLIST_FILE = "TermHere Service/Info.plist";
				LD_RUNPATH_SEARCH_PATHS = "$(inherited) @executable_path/../Frameworks";
				PRODUCT_BUNDLE_IDENTIFIER = "au.com.hbang.TermHere.TermHere-Service";
				PRODUCT_NAME = "$(TARGET_NAME)";
				SWIFT_VERSION = 4.2;
			};
			name = Release;
		};
		CF9CEE651CE59B1F00A89E71 /* Debug */ = {
			isa = XCBuildConfiguration;
			buildSettings = {
				CODE_SIGN_ENTITLEMENTS = "TermHere Finder Extension/TermHere_Finder_Extension.entitlements";
				CODE_SIGN_IDENTITY = "Mac Developer";
				"CODE_SIGN_IDENTITY[sdk=macosx*]" = "Mac Developer";
				COMBINE_HIDPI_IMAGES = YES;
				DEVELOPMENT_TEAM = N2LN9ZT493;
				INFOPLIST_FILE = "TermHere Finder Extension/Info.plist";
				LD_RUNPATH_SEARCH_PATHS = "$(inherited) @executable_path/../Frameworks @executable_path/../../../../Frameworks";
				PRODUCT_BUNDLE_IDENTIFIER = "ws.hbang.TermHere.TermHere-Finder-Extension";
				PRODUCT_NAME = "$(TARGET_NAME)";
				PROVISIONING_PROFILE = "";
				SKIP_INSTALL = YES;
				SWIFT_VERSION = 4.2;
			};
			name = Debug;
		};
		CF9CEE661CE59B1F00A89E71 /* Release */ = {
			isa = XCBuildConfiguration;
			buildSettings = {
				CODE_SIGN_ENTITLEMENTS = "TermHere Finder Extension/TermHere_Finder_Extension.entitlements";
				CODE_SIGN_IDENTITY = "Mac Developer";
				"CODE_SIGN_IDENTITY[sdk=macosx*]" = "Mac Developer";
				COMBINE_HIDPI_IMAGES = YES;
				DEVELOPMENT_TEAM = N2LN9ZT493;
				INFOPLIST_FILE = "TermHere Finder Extension/Info.plist";
				LD_RUNPATH_SEARCH_PATHS = "$(inherited) @executable_path/../Frameworks @executable_path/../../../../Frameworks";
				PRODUCT_BUNDLE_IDENTIFIER = "ws.hbang.TermHere.TermHere-Finder-Extension";
				PRODUCT_NAME = "$(TARGET_NAME)";
				PROVISIONING_PROFILE = "";
				SKIP_INSTALL = YES;
				SWIFT_VERSION = 4.2;
			};
			name = Release;
		};
		CFD9B7CF1CE5960500947EC8 /* Debug */ = {
			isa = XCBuildConfiguration;
			buildSettings = {
				ALWAYS_SEARCH_USER_PATHS = NO;
				CLANG_ANALYZER_LOCALIZABILITY_NONLOCALIZED = YES;
				CLANG_ANALYZER_NONNULL = YES;
				CLANG_CXX_LANGUAGE_STANDARD = "gnu++0x";
				CLANG_CXX_LIBRARY = "libc++";
				CLANG_ENABLE_MODULES = YES;
				CLANG_ENABLE_OBJC_ARC = YES;
				CLANG_WARN_BLOCK_CAPTURE_AUTORELEASING = YES;
				CLANG_WARN_BOOL_CONVERSION = YES;
				CLANG_WARN_COMMA = YES;
				CLANG_WARN_CONSTANT_CONVERSION = YES;
				CLANG_WARN_DEPRECATED_OBJC_IMPLEMENTATIONS = YES;
				CLANG_WARN_DIRECT_OBJC_ISA_USAGE = YES_ERROR;
				CLANG_WARN_EMPTY_BODY = YES;
				CLANG_WARN_ENUM_CONVERSION = YES;
				CLANG_WARN_INFINITE_RECURSION = YES;
				CLANG_WARN_INT_CONVERSION = YES;
				CLANG_WARN_NON_LITERAL_NULL_CONVERSION = YES;
				CLANG_WARN_OBJC_IMPLICIT_RETAIN_SELF = YES;
				CLANG_WARN_OBJC_LITERAL_CONVERSION = YES;
				CLANG_WARN_OBJC_ROOT_CLASS = YES_ERROR;
				CLANG_WARN_RANGE_LOOP_ANALYSIS = YES;
				CLANG_WARN_STRICT_PROTOTYPES = YES;
				CLANG_WARN_SUSPICIOUS_MOVE = YES;
				CLANG_WARN_UNREACHABLE_CODE = YES;
				CLANG_WARN__DUPLICATE_METHOD_MATCH = YES;
				CODE_SIGN_IDENTITY = "Mac Developer";
				COPY_PHASE_STRIP = NO;
				CURRENT_PROJECT_VERSION = 10;
				DEBUG_INFORMATION_FORMAT = dwarf;
				DEVELOPMENT_LANGUAGE = en;
				ENABLE_STRICT_OBJC_MSGSEND = YES;
				ENABLE_TESTABILITY = YES;
				GCC_C_LANGUAGE_STANDARD = gnu99;
				GCC_DYNAMIC_NO_PIC = NO;
				GCC_NO_COMMON_BLOCKS = YES;
				GCC_OPTIMIZATION_LEVEL = 0;
				GCC_PREPROCESSOR_DEFINITIONS = (
					"DEBUG=1",
					"$(inherited)",
				);
				GCC_WARN_64_TO_32_BIT_CONVERSION = YES;
				GCC_WARN_ABOUT_RETURN_TYPE = YES_ERROR;
				GCC_WARN_UNDECLARED_SELECTOR = YES;
				GCC_WARN_UNINITIALIZED_AUTOS = YES_AGGRESSIVE;
				GCC_WARN_UNUSED_FUNCTION = YES;
				GCC_WARN_UNUSED_VARIABLE = YES;
				MACOSX_DEPLOYMENT_TARGET = 10.10;
				MTL_ENABLE_DEBUG_INFO = YES;
				ONLY_ACTIVE_ARCH = YES;
				SDKROOT = macosx;
				SWIFT_OPTIMIZATION_LEVEL = "-Onone";
				VERSIONING_SYSTEM = "apple-generic";
				WARNING_LDFLAGS = "-Weverything";
			};
			name = Debug;
		};
		CFD9B7D01CE5960500947EC8 /* Release */ = {
			isa = XCBuildConfiguration;
			buildSettings = {
				ALWAYS_SEARCH_USER_PATHS = NO;
				CLANG_ANALYZER_LOCALIZABILITY_NONLOCALIZED = YES;
				CLANG_ANALYZER_NONNULL = YES;
				CLANG_CXX_LANGUAGE_STANDARD = "gnu++0x";
				CLANG_CXX_LIBRARY = "libc++";
				CLANG_ENABLE_MODULES = YES;
				CLANG_ENABLE_OBJC_ARC = YES;
				CLANG_WARN_BLOCK_CAPTURE_AUTORELEASING = YES;
				CLANG_WARN_BOOL_CONVERSION = YES;
				CLANG_WARN_COMMA = YES;
				CLANG_WARN_CONSTANT_CONVERSION = YES;
				CLANG_WARN_DEPRECATED_OBJC_IMPLEMENTATIONS = YES;
				CLANG_WARN_DIRECT_OBJC_ISA_USAGE = YES_ERROR;
				CLANG_WARN_EMPTY_BODY = YES;
				CLANG_WARN_ENUM_CONVERSION = YES;
				CLANG_WARN_INFINITE_RECURSION = YES;
				CLANG_WARN_INT_CONVERSION = YES;
				CLANG_WARN_NON_LITERAL_NULL_CONVERSION = YES;
				CLANG_WARN_OBJC_IMPLICIT_RETAIN_SELF = YES;
				CLANG_WARN_OBJC_LITERAL_CONVERSION = YES;
				CLANG_WARN_OBJC_ROOT_CLASS = YES_ERROR;
				CLANG_WARN_RANGE_LOOP_ANALYSIS = YES;
				CLANG_WARN_STRICT_PROTOTYPES = YES;
				CLANG_WARN_SUSPICIOUS_MOVE = YES;
				CLANG_WARN_UNREACHABLE_CODE = YES;
				CLANG_WARN__DUPLICATE_METHOD_MATCH = YES;
				CODE_SIGN_IDENTITY = "3rd Party Mac Developer Application";
				COPY_PHASE_STRIP = NO;
				CURRENT_PROJECT_VERSION = 10;
				DEBUG_INFORMATION_FORMAT = "dwarf-with-dsym";
				DEVELOPMENT_LANGUAGE = en;
				ENABLE_NS_ASSERTIONS = NO;
				ENABLE_STRICT_OBJC_MSGSEND = YES;
				GCC_C_LANGUAGE_STANDARD = gnu99;
				GCC_NO_COMMON_BLOCKS = YES;
				GCC_WARN_64_TO_32_BIT_CONVERSION = YES;
				GCC_WARN_ABOUT_RETURN_TYPE = YES_ERROR;
				GCC_WARN_UNDECLARED_SELECTOR = YES;
				GCC_WARN_UNINITIALIZED_AUTOS = YES_AGGRESSIVE;
				GCC_WARN_UNUSED_FUNCTION = YES;
				GCC_WARN_UNUSED_VARIABLE = YES;
				MACOSX_DEPLOYMENT_TARGET = 10.10;
				MTL_ENABLE_DEBUG_INFO = NO;
				SDKROOT = macosx;
				SWIFT_OPTIMIZATION_LEVEL = "-Owholemodule";
				VERSIONING_SYSTEM = "apple-generic";
				WARNING_LDFLAGS = "-Weverything";
			};
			name = Release;
		};
		CFD9B7D21CE5960500947EC8 /* Debug */ = {
			isa = XCBuildConfiguration;
			buildSettings = {
				ALWAYS_EMBED_SWIFT_STANDARD_LIBRARIES = YES;
				ASSETCATALOG_COMPILER_APPICON_NAME = AppIcon;
				CODE_SIGN_ENTITLEMENTS = TermHere/TermHere.entitlements;
				CODE_SIGN_IDENTITY = "Mac Developer";
				"CODE_SIGN_IDENTITY[sdk=macosx*]" = "Mac Developer";
				COMBINE_HIDPI_IMAGES = YES;
				DEVELOPMENT_TEAM = N2LN9ZT493;
				FRAMEWORK_SEARCH_PATHS = (
					"$(inherited)",
					"$(PROJECT_DIR)/Carthage/Build/Mac",
				);
				INFOPLIST_FILE = TermHere/Info.plist;
				LD_RUNPATH_SEARCH_PATHS = "$(inherited) @executable_path/../Frameworks";
				PRODUCT_BUNDLE_IDENTIFIER = ws.hbang.TermHere;
				PRODUCT_NAME = "$(TARGET_NAME)";
				SWIFT_VERSION = 4.2;
			};
			name = Debug;
		};
		CFD9B7D31CE5960500947EC8 /* Release */ = {
			isa = XCBuildConfiguration;
			buildSettings = {
				ALWAYS_EMBED_SWIFT_STANDARD_LIBRARIES = YES;
				ASSETCATALOG_COMPILER_APPICON_NAME = AppIcon;
				CODE_SIGN_ENTITLEMENTS = TermHere/TermHere.entitlements;
				CODE_SIGN_IDENTITY = "Mac Developer";
				"CODE_SIGN_IDENTITY[sdk=macosx*]" = "Mac Developer";
				COMBINE_HIDPI_IMAGES = YES;
				DEVELOPMENT_TEAM = N2LN9ZT493;
				FRAMEWORK_SEARCH_PATHS = (
					"$(inherited)",
					"$(PROJECT_DIR)/Carthage/Build/Mac",
				);
				INFOPLIST_FILE = TermHere/Info.plist;
				LD_RUNPATH_SEARCH_PATHS = "$(inherited) @executable_path/../Frameworks";
				PRODUCT_BUNDLE_IDENTIFIER = ws.hbang.TermHere;
				PRODUCT_NAME = "$(TARGET_NAME)";
				SWIFT_VERSION = 4.2;
			};
			name = Release;
		};
/* End XCBuildConfiguration section */

/* Begin XCConfigurationList section */
		CF66BED11FC1BB6400585587 /* Build configuration list for PBXNativeTarget "TermHere Service" */ = {
			isa = XCConfigurationList;
			buildConfigurations = (
				CF66BED21FC1BB6400585587 /* Debug */,
				CF66BED31FC1BB6400585587 /* Release */,
			);
			defaultConfigurationIsVisible = 0;
			defaultConfigurationName = Release;
		};
		CF9CEE671CE59B1F00A89E71 /* Build configuration list for PBXNativeTarget "TermHere Finder Extension" */ = {
			isa = XCConfigurationList;
			buildConfigurations = (
				CF9CEE651CE59B1F00A89E71 /* Debug */,
				CF9CEE661CE59B1F00A89E71 /* Release */,
			);
			defaultConfigurationIsVisible = 0;
			defaultConfigurationName = Release;
		};
		CFD9B7BD1CE5960500947EC8 /* Build configuration list for PBXProject "TermHere" */ = {
			isa = XCConfigurationList;
			buildConfigurations = (
				CFD9B7CF1CE5960500947EC8 /* Debug */,
				CFD9B7D01CE5960500947EC8 /* Release */,
			);
			defaultConfigurationIsVisible = 0;
			defaultConfigurationName = Release;
		};
		CFD9B7D11CE5960500947EC8 /* Build configuration list for PBXNativeTarget "TermHere" */ = {
			isa = XCConfigurationList;
			buildConfigurations = (
				CFD9B7D21CE5960500947EC8 /* Debug */,
				CFD9B7D31CE5960500947EC8 /* Release */,
			);
			defaultConfigurationIsVisible = 0;
			defaultConfigurationName = Release;
		};
/* End XCConfigurationList section */
	};
	rootObject = CFD9B7BA1CE5960500947EC8 /* Project object */;
}
