// !$*UTF8*$!
{
	archiveVersion = 1;
	classes = {
	};
	objectVersion = 46;
	objects = {

/* Begin PBXBuildFile section */
		CF0608281CE8C765003BB13F /* PurchaseController.swift in Sources */ = {isa = PBXBuildFile; fileRef = CF0608271CE8C765003BB13F /* PurchaseController.swift */; };
		CF435B6C1CF3C06D00F794F1 /* ServicesMenu.strings in Resources */ = {isa = PBXBuildFile; fileRef = CF435B6A1CF3C06D00F794F1 /* ServicesMenu.strings */; };
		CF57D2041D958FDE00D91B9E /* About.strings in Resources */ = {isa = PBXBuildFile; fileRef = CF57D2001D958FDE00D91B9E /* About.strings */; };
		CF57D2051D958FDE00D91B9E /* Main.strings in Resources */ = {isa = PBXBuildFile; fileRef = CF57D2021D958FDE00D91B9E /* Main.strings */; };
		CF9CEE601CE59B1F00A89E71 /* FinderSync.swift in Sources */ = {isa = PBXBuildFile; fileRef = CF9CEE5F1CE59B1F00A89E71 /* FinderSync.swift */; };
		CF9CEE641CE59B1F00A89E71 /* TermHere Finder Extension.appex in Embed App Extensions */ = {isa = PBXBuildFile; fileRef = CF9CEE5B1CE59B1F00A89E71 /* TermHere Finder Extension.appex */; settings = {ATTRIBUTES = (RemoveHeadersOnCopy, ); }; };
		CF9CEE6A1CE5A77B00A89E71 /* Assets.xcassets in Resources */ = {isa = PBXBuildFile; fileRef = CF9CEE691CE5A77B00A89E71 /* Assets.xcassets */; };
		CF9CEE6C1CE5A91000A89E71 /* Credits.rtf in Resources */ = {isa = PBXBuildFile; fileRef = CF9CEE6B1CE5A91000A89E71 /* Credits.rtf */; };
		CF9CEE721CE5B55100A89E71 /* Localizable.strings in Resources */ = {isa = PBXBuildFile; fileRef = CF9CEE701CE5B55100A89E71 /* Localizable.strings */; };
		CF9CEE751CE5B57D00A89E71 /* Localizable.strings in Resources */ = {isa = PBXBuildFile; fileRef = CF9CEE731CE5B57D00A89E71 /* Localizable.strings */; };
		CFCF12E01CF46CC4007A807F /* ContainerView.swift in Sources */ = {isa = PBXBuildFile; fileRef = CFCF12DF1CF46CC4007A807F /* ContainerView.swift */; };
		CFCF12E61CF47AB1007A807F /* AboutViewController.swift in Sources */ = {isa = PBXBuildFile; fileRef = CFCF12E51CF47AB1007A807F /* AboutViewController.swift */; };
		CFD9B7C61CE5960500947EC8 /* AppDelegate.swift in Sources */ = {isa = PBXBuildFile; fileRef = CFD9B7C51CE5960500947EC8 /* AppDelegate.swift */; };
		CFD9B7C81CE5960500947EC8 /* ViewController.swift in Sources */ = {isa = PBXBuildFile; fileRef = CFD9B7C71CE5960500947EC8 /* ViewController.swift */; };
		CFD9B7CA1CE5960500947EC8 /* Assets.xcassets in Resources */ = {isa = PBXBuildFile; fileRef = CFD9B7C91CE5960500947EC8 /* Assets.xcassets */; };
		CFD9B7CD1CE5960500947EC8 /* Main.storyboard in Resources */ = {isa = PBXBuildFile; fileRef = CFD9B7CB1CE5960500947EC8 /* Main.storyboard */; };
		CFF6564D1CFC85F8007031AD /* TerminalServiceProvider.swift in Sources */ = {isa = PBXBuildFile; fileRef = CF1471101CF2B95000A914CB /* TerminalServiceProvider.swift */; };
		CFF6564F1CFC860F007031AD /* TerminalController.swift in Sources */ = {isa = PBXBuildFile; fileRef = CFF6564E1CFC860F007031AD /* TerminalController.swift */; };
		CFFF6DAF1CEE0F5A004E5894 /* TermHere Common.h in Headers */ = {isa = PBXBuildFile; fileRef = CFFF6DAE1CEE0F5A004E5894 /* TermHere Common.h */; settings = {ATTRIBUTES = (Public, ); }; };
		CFFF6DB31CEE0F5A004E5894 /* TermHereCommon.framework in Frameworks */ = {isa = PBXBuildFile; fileRef = CFFF6DAC1CEE0F5A004E5894 /* TermHereCommon.framework */; };
		CFFF6DB41CEE0F5A004E5894 /* TermHereCommon.framework in Embed Frameworks */ = {isa = PBXBuildFile; fileRef = CFFF6DAC1CEE0F5A004E5894 /* TermHereCommon.framework */; settings = {ATTRIBUTES = (CodeSignOnCopy, RemoveHeadersOnCopy, ); }; };
		CFFF6DBC1CEE0F6F004E5894 /* Preferences.swift in Sources */ = {isa = PBXBuildFile; fileRef = CFFF6DBB1CEE0F6F004E5894 /* Preferences.swift */; };
/* End PBXBuildFile section */

/* Begin PBXContainerItemProxy section */
		CF9CEE621CE59B1F00A89E71 /* PBXContainerItemProxy */ = {
			isa = PBXContainerItemProxy;
			containerPortal = CFD9B7BA1CE5960500947EC8 /* Project object */;
			proxyType = 1;
			remoteGlobalIDString = CF9CEE5A1CE59B1F00A89E71;
			remoteInfo = "TermHere Finder Extension";
		};
		CFFF6DB11CEE0F5A004E5894 /* PBXContainerItemProxy */ = {
			isa = PBXContainerItemProxy;
			containerPortal = CFD9B7BA1CE5960500947EC8 /* Project object */;
			proxyType = 1;
			remoteGlobalIDString = CFFF6DAB1CEE0F5A004E5894;
			remoteInfo = "TermHere Common";
		};
		CFFF6DB91CEE0F62004E5894 /* PBXContainerItemProxy */ = {
			isa = PBXContainerItemProxy;
			containerPortal = CFD9B7BA1CE5960500947EC8 /* Project object */;
			proxyType = 1;
			remoteGlobalIDString = CFFF6DAB1CEE0F5A004E5894;
			remoteInfo = "TermHere Common";
		};
/* End PBXContainerItemProxy section */

/* Begin PBXCopyFilesBuildPhase section */
		CF9CEE681CE59B1F00A89E71 /* Embed App Extensions */ = {
			isa = PBXCopyFilesBuildPhase;
			buildActionMask = 2147483647;
			dstPath = "";
			dstSubfolderSpec = 13;
			files = (
				CF9CEE641CE59B1F00A89E71 /* TermHere Finder Extension.appex in Embed App Extensions */,
			);
			name = "Embed App Extensions";
			runOnlyForDeploymentPostprocessing = 0;
		};
		CFFF6DB81CEE0F5A004E5894 /* Embed Frameworks */ = {
			isa = PBXCopyFilesBuildPhase;
			buildActionMask = 2147483647;
			dstPath = "";
			dstSubfolderSpec = 10;
			files = (
				CFFF6DB41CEE0F5A004E5894 /* TermHereCommon.framework in Embed Frameworks */,
			);
			name = "Embed Frameworks";
			runOnlyForDeploymentPostprocessing = 0;
		};
/* End PBXCopyFilesBuildPhase section */

/* Begin PBXFileReference section */
		CF0608271CE8C765003BB13F /* PurchaseController.swift */ = {isa = PBXFileReference; fileEncoding = 4; lastKnownFileType = sourcecode.swift; path = PurchaseController.swift; sourceTree = "<group>"; };
		CF1471101CF2B95000A914CB /* TerminalServiceProvider.swift */ = {isa = PBXFileReference; fileEncoding = 4; lastKnownFileType = sourcecode.swift; name = TerminalServiceProvider.swift; path = TermHere/TerminalServiceProvider.swift; sourceTree = SOURCE_ROOT; };
		CF14F2051D9590DB00D91B9E /* id */ = {isa = PBXFileReference; lastKnownFileType = text.plist.strings; name = id; path = id.lproj/About.strings; sourceTree = "<group>"; };
		CF14F2061D9590DB00D91B9E /* id */ = {isa = PBXFileReference; lastKnownFileType = text.plist.strings; name = id; path = id.lproj/Localizable.strings; sourceTree = "<group>"; };
		CF14F2071D9590DB00D91B9E /* id */ = {isa = PBXFileReference; lastKnownFileType = text.plist.strings; name = id; path = id.lproj/Main.strings; sourceTree = "<group>"; };
		CF14F2081D9590DB00D91B9E /* id */ = {isa = PBXFileReference; lastKnownFileType = text.plist.strings; name = id; path = id.lproj/ServicesMenu.strings; sourceTree = "<group>"; };
		CF14F2091D9590E100D91B9E /* it */ = {isa = PBXFileReference; lastKnownFileType = text.plist.strings; name = it; path = it.lproj/About.strings; sourceTree = "<group>"; };
		CF14F20A1D9590E100D91B9E /* it */ = {isa = PBXFileReference; lastKnownFileType = text.plist.strings; name = it; path = it.lproj/Localizable.strings; sourceTree = "<group>"; };
		CF14F20B1D9590E100D91B9E /* it */ = {isa = PBXFileReference; lastKnownFileType = text.plist.strings; name = it; path = it.lproj/Main.strings; sourceTree = "<group>"; };
		CF14F20C1D9590E100D91B9E /* it */ = {isa = PBXFileReference; lastKnownFileType = text.plist.strings; name = it; path = it.lproj/ServicesMenu.strings; sourceTree = "<group>"; };
		CF14F20D1D9590EA00D91B9E /* ja */ = {isa = PBXFileReference; lastKnownFileType = text.plist.strings; name = ja; path = ja.lproj/About.strings; sourceTree = "<group>"; };
		CF14F20E1D9590EA00D91B9E /* ja */ = {isa = PBXFileReference; lastKnownFileType = text.plist.strings; name = ja; path = ja.lproj/Localizable.strings; sourceTree = "<group>"; };
		CF14F20F1D9590EA00D91B9E /* ja */ = {isa = PBXFileReference; lastKnownFileType = text.plist.strings; name = ja; path = ja.lproj/Main.strings; sourceTree = "<group>"; };
		CF14F2101D9590EA00D91B9E /* ja */ = {isa = PBXFileReference; lastKnownFileType = text.plist.strings; name = ja; path = ja.lproj/ServicesMenu.strings; sourceTree = "<group>"; };
		CF14F2111D9590F100D91B9E /* ko */ = {isa = PBXFileReference; lastKnownFileType = text.plist.strings; name = ko; path = ko.lproj/About.strings; sourceTree = "<group>"; };
		CF14F2121D9590F100D91B9E /* ko */ = {isa = PBXFileReference; lastKnownFileType = text.plist.strings; name = ko; path = ko.lproj/Localizable.strings; sourceTree = "<group>"; };
		CF14F2131D9590F100D91B9E /* ko */ = {isa = PBXFileReference; lastKnownFileType = text.plist.strings; name = ko; path = ko.lproj/Main.strings; sourceTree = "<group>"; };
		CF14F2141D9590F100D91B9E /* ko */ = {isa = PBXFileReference; lastKnownFileType = text.plist.strings; name = ko; path = ko.lproj/ServicesMenu.strings; sourceTree = "<group>"; };
		CF14F2151D9590F500D91B9E /* ms */ = {isa = PBXFileReference; lastKnownFileType = text.plist.strings; name = ms; path = ms.lproj/About.strings; sourceTree = "<group>"; };
		CF14F2161D9590F500D91B9E /* ms */ = {isa = PBXFileReference; lastKnownFileType = text.plist.strings; name = ms; path = ms.lproj/Localizable.strings; sourceTree = "<group>"; };
		CF14F2171D9590F500D91B9E /* ms */ = {isa = PBXFileReference; lastKnownFileType = text.plist.strings; name = ms; path = ms.lproj/Main.strings; sourceTree = "<group>"; };
		CF14F2181D9590F500D91B9E /* ms */ = {isa = PBXFileReference; lastKnownFileType = text.plist.strings; name = ms; path = ms.lproj/ServicesMenu.strings; sourceTree = "<group>"; };
		CF14F2191D9590FA00D91B9E /* nl */ = {isa = PBXFileReference; lastKnownFileType = text.plist.strings; name = nl; path = nl.lproj/About.strings; sourceTree = "<group>"; };
		CF14F21A1D9590FA00D91B9E /* nl */ = {isa = PBXFileReference; lastKnownFileType = text.plist.strings; name = nl; path = nl.lproj/Localizable.strings; sourceTree = "<group>"; };
		CF14F21B1D9590FA00D91B9E /* nl */ = {isa = PBXFileReference; lastKnownFileType = text.plist.strings; name = nl; path = nl.lproj/Main.strings; sourceTree = "<group>"; };
		CF14F21C1D9590FA00D91B9E /* nl */ = {isa = PBXFileReference; lastKnownFileType = text.plist.strings; name = nl; path = nl.lproj/ServicesMenu.strings; sourceTree = "<group>"; };
		CF14F21D1D9590FF00D91B9E /* no */ = {isa = PBXFileReference; lastKnownFileType = text.plist.strings; name = no; path = no.lproj/About.strings; sourceTree = "<group>"; };
		CF14F21E1D9590FF00D91B9E /* no */ = {isa = PBXFileReference; lastKnownFileType = text.plist.strings; name = no; path = no.lproj/Localizable.strings; sourceTree = "<group>"; };
		CF14F21F1D9590FF00D91B9E /* no */ = {isa = PBXFileReference; lastKnownFileType = text.plist.strings; name = no; path = no.lproj/Main.strings; sourceTree = "<group>"; };
		CF14F2201D9590FF00D91B9E /* no */ = {isa = PBXFileReference; lastKnownFileType = text.plist.strings; name = no; path = no.lproj/ServicesMenu.strings; sourceTree = "<group>"; };
		CF14F2211D95910300D91B9E /* pl */ = {isa = PBXFileReference; lastKnownFileType = text.plist.strings; name = pl; path = pl.lproj/About.strings; sourceTree = "<group>"; };
		CF14F2221D95910300D91B9E /* pl */ = {isa = PBXFileReference; lastKnownFileType = text.plist.strings; name = pl; path = pl.lproj/Localizable.strings; sourceTree = "<group>"; };
		CF14F2231D95910300D91B9E /* pl */ = {isa = PBXFileReference; lastKnownFileType = text.plist.strings; name = pl; path = pl.lproj/Main.strings; sourceTree = "<group>"; };
		CF14F2241D95910300D91B9E /* pl */ = {isa = PBXFileReference; lastKnownFileType = text.plist.strings; name = pl; path = pl.lproj/ServicesMenu.strings; sourceTree = "<group>"; };
		CF14F2251D95910700D91B9E /* pt_PT */ = {isa = PBXFileReference; lastKnownFileType = text.plist.strings; name = pt_PT; path = pt_PT.lproj/About.strings; sourceTree = "<group>"; };
		CF14F2261D95910700D91B9E /* pt_PT */ = {isa = PBXFileReference; lastKnownFileType = text.plist.strings; name = pt_PT; path = pt_PT.lproj/Localizable.strings; sourceTree = "<group>"; };
		CF14F2271D95910700D91B9E /* pt_PT */ = {isa = PBXFileReference; lastKnownFileType = text.plist.strings; name = pt_PT; path = pt_PT.lproj/Main.strings; sourceTree = "<group>"; };
		CF14F2281D95910700D91B9E /* pt_PT */ = {isa = PBXFileReference; lastKnownFileType = text.plist.strings; name = pt_PT; path = pt_PT.lproj/ServicesMenu.strings; sourceTree = "<group>"; };
		CF14F2291D95910B00D91B9E /* pt */ = {isa = PBXFileReference; lastKnownFileType = text.plist.strings; name = pt; path = pt.lproj/About.strings; sourceTree = "<group>"; };
		CF14F22A1D95910B00D91B9E /* pt */ = {isa = PBXFileReference; lastKnownFileType = text.plist.strings; name = pt; path = pt.lproj/Localizable.strings; sourceTree = "<group>"; };
		CF14F22B1D95910B00D91B9E /* pt */ = {isa = PBXFileReference; lastKnownFileType = text.plist.strings; name = pt; path = pt.lproj/Main.strings; sourceTree = "<group>"; };
		CF14F22C1D95910B00D91B9E /* pt */ = {isa = PBXFileReference; lastKnownFileType = text.plist.strings; name = pt; path = pt.lproj/ServicesMenu.strings; sourceTree = "<group>"; };
		CF14F22D1D95911E00D91B9E /* ro */ = {isa = PBXFileReference; lastKnownFileType = text.plist.strings; name = ro; path = ro.lproj/About.strings; sourceTree = "<group>"; };
		CF14F22E1D95911E00D91B9E /* ro */ = {isa = PBXFileReference; lastKnownFileType = text.plist.strings; name = ro; path = ro.lproj/Localizable.strings; sourceTree = "<group>"; };
		CF14F22F1D95911E00D91B9E /* ro */ = {isa = PBXFileReference; lastKnownFileType = text.plist.strings; name = ro; path = ro.lproj/Main.strings; sourceTree = "<group>"; };
		CF14F2301D95911E00D91B9E /* ro */ = {isa = PBXFileReference; lastKnownFileType = text.plist.strings; name = ro; path = ro.lproj/ServicesMenu.strings; sourceTree = "<group>"; };
		CF14F2311D95912300D91B9E /* ru */ = {isa = PBXFileReference; lastKnownFileType = text.plist.strings; name = ru; path = ru.lproj/About.strings; sourceTree = "<group>"; };
		CF14F2321D95912300D91B9E /* ru */ = {isa = PBXFileReference; lastKnownFileType = text.plist.strings; name = ru; path = ru.lproj/Localizable.strings; sourceTree = "<group>"; };
		CF14F2331D95912300D91B9E /* ru */ = {isa = PBXFileReference; lastKnownFileType = text.plist.strings; name = ru; path = ru.lproj/Main.strings; sourceTree = "<group>"; };
		CF14F2341D95912300D91B9E /* ru */ = {isa = PBXFileReference; lastKnownFileType = text.plist.strings; name = ru; path = ru.lproj/ServicesMenu.strings; sourceTree = "<group>"; };
		CF14F2351D95912800D91B9E /* sk */ = {isa = PBXFileReference; lastKnownFileType = text.plist.strings; name = sk; path = sk.lproj/About.strings; sourceTree = "<group>"; };
		CF14F2361D95912800D91B9E /* sk */ = {isa = PBXFileReference; lastKnownFileType = text.plist.strings; name = sk; path = sk.lproj/Localizable.strings; sourceTree = "<group>"; };
		CF14F2371D95912800D91B9E /* sk */ = {isa = PBXFileReference; lastKnownFileType = text.plist.strings; name = sk; path = sk.lproj/Main.strings; sourceTree = "<group>"; };
		CF14F2381D95912800D91B9E /* sk */ = {isa = PBXFileReference; lastKnownFileType = text.plist.strings; name = sk; path = sk.lproj/ServicesMenu.strings; sourceTree = "<group>"; };
		CF14F2391D95912B00D91B9E /* sv */ = {isa = PBXFileReference; lastKnownFileType = text.plist.strings; name = sv; path = sv.lproj/About.strings; sourceTree = "<group>"; };
		CF14F23A1D95912B00D91B9E /* sv */ = {isa = PBXFileReference; lastKnownFileType = text.plist.strings; name = sv; path = sv.lproj/Localizable.strings; sourceTree = "<group>"; };
		CF14F23B1D95912B00D91B9E /* sv */ = {isa = PBXFileReference; lastKnownFileType = text.plist.strings; name = sv; path = sv.lproj/Main.strings; sourceTree = "<group>"; };
		CF14F23C1D95912B00D91B9E /* sv */ = {isa = PBXFileReference; lastKnownFileType = text.plist.strings; name = sv; path = sv.lproj/ServicesMenu.strings; sourceTree = "<group>"; };
		CF14F23D1D95913100D91B9E /* th */ = {isa = PBXFileReference; lastKnownFileType = text.plist.strings; name = th; path = th.lproj/About.strings; sourceTree = "<group>"; };
		CF14F23E1D95913100D91B9E /* th */ = {isa = PBXFileReference; lastKnownFileType = text.plist.strings; name = th; path = th.lproj/Localizable.strings; sourceTree = "<group>"; };
		CF14F23F1D95913100D91B9E /* th */ = {isa = PBXFileReference; lastKnownFileType = text.plist.strings; name = th; path = th.lproj/Main.strings; sourceTree = "<group>"; };
		CF14F2401D95913100D91B9E /* th */ = {isa = PBXFileReference; lastKnownFileType = text.plist.strings; name = th; path = th.lproj/ServicesMenu.strings; sourceTree = "<group>"; };
		CF14F2411D95913500D91B9E /* tr */ = {isa = PBXFileReference; lastKnownFileType = text.plist.strings; name = tr; path = tr.lproj/About.strings; sourceTree = "<group>"; };
		CF14F2421D95913500D91B9E /* tr */ = {isa = PBXFileReference; lastKnownFileType = text.plist.strings; name = tr; path = tr.lproj/Localizable.strings; sourceTree = "<group>"; };
		CF14F2431D95913500D91B9E /* tr */ = {isa = PBXFileReference; lastKnownFileType = text.plist.strings; name = tr; path = tr.lproj/Main.strings; sourceTree = "<group>"; };
		CF14F2441D95913500D91B9E /* tr */ = {isa = PBXFileReference; lastKnownFileType = text.plist.strings; name = tr; path = tr.lproj/ServicesMenu.strings; sourceTree = "<group>"; };
		CF14F2451D95913900D91B9E /* uk */ = {isa = PBXFileReference; lastKnownFileType = text.plist.strings; name = uk; path = uk.lproj/About.strings; sourceTree = "<group>"; };
		CF14F2461D95913900D91B9E /* uk */ = {isa = PBXFileReference; lastKnownFileType = text.plist.strings; name = uk; path = uk.lproj/Localizable.strings; sourceTree = "<group>"; };
		CF14F2471D95913900D91B9E /* uk */ = {isa = PBXFileReference; lastKnownFileType = text.plist.strings; name = uk; path = uk.lproj/Main.strings; sourceTree = "<group>"; };
		CF14F2481D95913900D91B9E /* uk */ = {isa = PBXFileReference; lastKnownFileType = text.plist.strings; name = uk; path = uk.lproj/ServicesMenu.strings; sourceTree = "<group>"; };
		CF14F2491D95913E00D91B9E /* vi */ = {isa = PBXFileReference; lastKnownFileType = text.plist.strings; name = vi; path = vi.lproj/About.strings; sourceTree = "<group>"; };
		CF14F24A1D95913E00D91B9E /* vi */ = {isa = PBXFileReference; lastKnownFileType = text.plist.strings; name = vi; path = vi.lproj/Localizable.strings; sourceTree = "<group>"; };
		CF14F24B1D95913E00D91B9E /* vi */ = {isa = PBXFileReference; lastKnownFileType = text.plist.strings; name = vi; path = vi.lproj/Main.strings; sourceTree = "<group>"; };
		CF14F24C1D95913E00D91B9E /* vi */ = {isa = PBXFileReference; lastKnownFileType = text.plist.strings; name = vi; path = vi.lproj/ServicesMenu.strings; sourceTree = "<group>"; };
		CF14F24D1D95914200D91B9E /* zh_CN */ = {isa = PBXFileReference; lastKnownFileType = text.plist.strings; name = zh_CN; path = zh_CN.lproj/About.strings; sourceTree = "<group>"; };
		CF14F24E1D95914200D91B9E /* zh_CN */ = {isa = PBXFileReference; lastKnownFileType = text.plist.strings; name = zh_CN; path = zh_CN.lproj/Localizable.strings; sourceTree = "<group>"; };
		CF14F24F1D95914200D91B9E /* zh_CN */ = {isa = PBXFileReference; lastKnownFileType = text.plist.strings; name = zh_CN; path = zh_CN.lproj/Main.strings; sourceTree = "<group>"; };
		CF14F2501D95914200D91B9E /* zh_CN */ = {isa = PBXFileReference; lastKnownFileType = text.plist.strings; name = zh_CN; path = zh_CN.lproj/ServicesMenu.strings; sourceTree = "<group>"; };
		CF14F2511D95914700D91B9E /* zh_HK */ = {isa = PBXFileReference; lastKnownFileType = text.plist.strings; name = zh_HK; path = zh_HK.lproj/About.strings; sourceTree = "<group>"; };
		CF14F2521D95914700D91B9E /* zh_HK */ = {isa = PBXFileReference; lastKnownFileType = text.plist.strings; name = zh_HK; path = zh_HK.lproj/Localizable.strings; sourceTree = "<group>"; };
		CF14F2531D95914700D91B9E /* zh_HK */ = {isa = PBXFileReference; lastKnownFileType = text.plist.strings; name = zh_HK; path = zh_HK.lproj/Main.strings; sourceTree = "<group>"; };
		CF14F2541D95914700D91B9E /* zh_HK */ = {isa = PBXFileReference; lastKnownFileType = text.plist.strings; name = zh_HK; path = zh_HK.lproj/ServicesMenu.strings; sourceTree = "<group>"; };
		CF14F2551D95915500D91B9E /* ar */ = {isa = PBXFileReference; lastKnownFileType = text.plist.strings; name = ar; path = ar.lproj/Localizable.strings; sourceTree = "<group>"; };
		CF14F2561D95915A00D91B9E /* ca */ = {isa = PBXFileReference; lastKnownFileType = text.plist.strings; name = ca; path = ca.lproj/Localizable.strings; sourceTree = "<group>"; };
		CF14F2571D95915E00D91B9E /* cs */ = {isa = PBXFileReference; lastKnownFileType = text.plist.strings; name = cs; path = cs.lproj/Localizable.strings; sourceTree = "<group>"; };
		CF14F2581D95916200D91B9E /* da */ = {isa = PBXFileReference; lastKnownFileType = text.plist.strings; name = da; path = da.lproj/Localizable.strings; sourceTree = "<group>"; };
		CF14F2591D95916600D91B9E /* de */ = {isa = PBXFileReference; lastKnownFileType = text.plist.strings; name = de; path = de.lproj/Localizable.strings; sourceTree = "<group>"; };
		CF14F25A1D95916A00D91B9E /* el */ = {isa = PBXFileReference; lastKnownFileType = text.plist.strings; name = el; path = el.lproj/Localizable.strings; sourceTree = "<group>"; };
		CF14F25B1D95916D00D91B9E /* en_AU */ = {isa = PBXFileReference; lastKnownFileType = text.plist.strings; name = en_AU; path = en_AU.lproj/Localizable.strings; sourceTree = "<group>"; };
		CF14F25C1D95917200D91B9E /* en_GB */ = {isa = PBXFileReference; lastKnownFileType = text.plist.strings; name = en_GB; path = en_GB.lproj/Localizable.strings; sourceTree = "<group>"; };
		CF14F25D1D95917700D91B9E /* es_MX */ = {isa = PBXFileReference; lastKnownFileType = text.plist.strings; name = es_MX; path = es_MX.lproj/Localizable.strings; sourceTree = "<group>"; };
		CF14F25E1D95917D00D91B9E /* es */ = {isa = PBXFileReference; lastKnownFileType = text.plist.strings; name = es; path = es.lproj/Localizable.strings; sourceTree = "<group>"; };
		CF14F25F1D95918500D91B9E /* fi */ = {isa = PBXFileReference; lastKnownFileType = text.plist.strings; name = fi; path = fi.lproj/Localizable.strings; sourceTree = "<group>"; };
		CF14F2601D95918900D91B9E /* fr_CA */ = {isa = PBXFileReference; lastKnownFileType = text.plist.strings; name = fr_CA; path = fr_CA.lproj/Localizable.strings; sourceTree = "<group>"; };
		CF14F2611D95918D00D91B9E /* fr */ = {isa = PBXFileReference; lastKnownFileType = text.plist.strings; name = fr; path = fr.lproj/Localizable.strings; sourceTree = "<group>"; };
		CF14F2621D95919100D91B9E /* he */ = {isa = PBXFileReference; lastKnownFileType = text.plist.strings; name = he; path = he.lproj/Localizable.strings; sourceTree = "<group>"; };
		CF14F2631D95919500D91B9E /* hi */ = {isa = PBXFileReference; lastKnownFileType = text.plist.strings; name = hi; path = hi.lproj/Localizable.strings; sourceTree = "<group>"; };
		CF14F2641D95919A00D91B9E /* hr */ = {isa = PBXFileReference; lastKnownFileType = text.plist.strings; name = hr; path = hr.lproj/Localizable.strings; sourceTree = "<group>"; };
		CF14F2651D95919D00D91B9E /* hu */ = {isa = PBXFileReference; lastKnownFileType = text.plist.strings; name = hu; path = hu.lproj/Localizable.strings; sourceTree = "<group>"; };
		CF28CF5C1D9591D700D91B9E /* id */ = {isa = PBXFileReference; lastKnownFileType = text.plist.strings; name = id; path = id.lproj/Localizable.strings; sourceTree = "<group>"; };
		CF28CF5D1D9591DE00D91B9E /* it */ = {isa = PBXFileReference; lastKnownFileType = text.plist.strings; name = it; path = it.lproj/Localizable.strings; sourceTree = "<group>"; };
		CF28CF5E1D9591E300D91B9E /* ja */ = {isa = PBXFileReference; lastKnownFileType = text.plist.strings; name = ja; path = ja.lproj/Localizable.strings; sourceTree = "<group>"; };
		CF28CF5F1D9591E700D91B9E /* ko */ = {isa = PBXFileReference; lastKnownFileType = text.plist.strings; name = ko; path = ko.lproj/Localizable.strings; sourceTree = "<group>"; };
		CF28CF601D9591EC00D91B9E /* ms */ = {isa = PBXFileReference; lastKnownFileType = text.plist.strings; name = ms; path = ms.lproj/Localizable.strings; sourceTree = "<group>"; };
		CF28CF611D9591F000D91B9E /* nb */ = {isa = PBXFileReference; lastKnownFileType = text.plist.strings; name = nb; path = nb.lproj/Localizable.strings; sourceTree = "<group>"; };
		CF28CF621D9591F400D91B9E /* nl */ = {isa = PBXFileReference; lastKnownFileType = text.plist.strings; name = nl; path = nl.lproj/Localizable.strings; sourceTree = "<group>"; };
		CF28CF631D9591F800D91B9E /* pl */ = {isa = PBXFileReference; lastKnownFileType = text.plist.strings; name = pl; path = pl.lproj/Localizable.strings; sourceTree = "<group>"; };
		CF28CF641D9591FD00D91B9E /* pt_PT */ = {isa = PBXFileReference; lastKnownFileType = text.plist.strings; name = pt_PT; path = pt_PT.lproj/Localizable.strings; sourceTree = "<group>"; };
		CF28CF651D95920300D91B9E /* pt */ = {isa = PBXFileReference; lastKnownFileType = text.plist.strings; name = pt; path = pt.lproj/Localizable.strings; sourceTree = "<group>"; };
		CF28CF661D95920600D91B9E /* ro */ = {isa = PBXFileReference; lastKnownFileType = text.plist.strings; name = ro; path = ro.lproj/Localizable.strings; sourceTree = "<group>"; };
		CF28CF671D95920B00D91B9E /* ru */ = {isa = PBXFileReference; lastKnownFileType = text.plist.strings; name = ru; path = ru.lproj/Localizable.strings; sourceTree = "<group>"; };
		CF28CF681D95920F00D91B9E /* sk */ = {isa = PBXFileReference; lastKnownFileType = text.plist.strings; name = sk; path = sk.lproj/Localizable.strings; sourceTree = "<group>"; };
		CF28CF691D95921700D91B9E /* sv */ = {isa = PBXFileReference; lastKnownFileType = text.plist.strings; name = sv; path = sv.lproj/Localizable.strings; sourceTree = "<group>"; };
		CF28CF6A1D95921D00D91B9E /* th */ = {isa = PBXFileReference; lastKnownFileType = text.plist.strings; name = th; path = th.lproj/Localizable.strings; sourceTree = "<group>"; };
		CF28CF6B1D95922800D91B9E /* tr */ = {isa = PBXFileReference; lastKnownFileType = text.plist.strings; name = tr; path = tr.lproj/Localizable.strings; sourceTree = "<group>"; };
		CF28CF6C1D95922C00D91B9E /* uk */ = {isa = PBXFileReference; lastKnownFileType = text.plist.strings; name = uk; path = uk.lproj/Localizable.strings; sourceTree = "<group>"; };
		CF28CF6D1D95923000D91B9E /* vi */ = {isa = PBXFileReference; lastKnownFileType = text.plist.strings; name = vi; path = vi.lproj/Localizable.strings; sourceTree = "<group>"; };
		CF28CF6E1D95923500D91B9E /* zh_CN */ = {isa = PBXFileReference; lastKnownFileType = text.plist.strings; name = zh_CN; path = zh_CN.lproj/Localizable.strings; sourceTree = "<group>"; };
		CF28CF6F1D95923A00D91B9E /* zh_HK */ = {isa = PBXFileReference; lastKnownFileType = text.plist.strings; name = zh_HK; path = zh_HK.lproj/Localizable.strings; sourceTree = "<group>"; };
		CF435B6B1CF3C06D00F794F1 /* en */ = {isa = PBXFileReference; lastKnownFileType = text.plist.strings; name = en; path = en.lproj/ServicesMenu.strings; sourceTree = "<group>"; };
		CF57D2011D958FDE00D91B9E /* en */ = {isa = PBXFileReference; lastKnownFileType = text.plist.strings; name = en; path = en.lproj/About.strings; sourceTree = "<group>"; };
		CF57D2031D958FDE00D91B9E /* en */ = {isa = PBXFileReference; lastKnownFileType = text.plist.strings; name = en; path = en.lproj/Main.strings; sourceTree = "<group>"; };
		CF57D2061D958FEB00D91B9E /* es_MX */ = {isa = PBXFileReference; lastKnownFileType = text.plist.strings; name = es_MX; path = es_MX.lproj/About.strings; sourceTree = "<group>"; };
		CF57D4361D95902C00D91B9E /* ar */ = {isa = PBXFileReference; lastKnownFileType = text.plist.strings; name = ar; path = ar.lproj/About.strings; sourceTree = "<group>"; };
		CF57D4371D95902C00D91B9E /* ar */ = {isa = PBXFileReference; lastKnownFileType = text.plist.strings; name = ar; path = ar.lproj/Localizable.strings; sourceTree = "<group>"; };
		CF57D4381D95902C00D91B9E /* ar */ = {isa = PBXFileReference; lastKnownFileType = text.plist.strings; name = ar; path = ar.lproj/Main.strings; sourceTree = "<group>"; };
		CF57D4391D95902C00D91B9E /* ar */ = {isa = PBXFileReference; lastKnownFileType = text.plist.strings; name = ar; path = ar.lproj/ServicesMenu.strings; sourceTree = "<group>"; };
		CF57D43A1D95903200D91B9E /* ca */ = {isa = PBXFileReference; lastKnownFileType = text.plist.strings; name = ca; path = ca.lproj/About.strings; sourceTree = "<group>"; };
		CF57D43B1D95903200D91B9E /* ca */ = {isa = PBXFileReference; lastKnownFileType = text.plist.strings; name = ca; path = ca.lproj/Localizable.strings; sourceTree = "<group>"; };
		CF57D43C1D95903200D91B9E /* ca */ = {isa = PBXFileReference; lastKnownFileType = text.plist.strings; name = ca; path = ca.lproj/Main.strings; sourceTree = "<group>"; };
		CF57D43D1D95903200D91B9E /* ca */ = {isa = PBXFileReference; lastKnownFileType = text.plist.strings; name = ca; path = ca.lproj/ServicesMenu.strings; sourceTree = "<group>"; };
		CF57D43E1D95903800D91B9E /* cs */ = {isa = PBXFileReference; lastKnownFileType = text.plist.strings; name = cs; path = cs.lproj/About.strings; sourceTree = "<group>"; };
		CF57D43F1D95903800D91B9E /* cs */ = {isa = PBXFileReference; lastKnownFileType = text.plist.strings; name = cs; path = cs.lproj/Localizable.strings; sourceTree = "<group>"; };
		CF57D4401D95903800D91B9E /* cs */ = {isa = PBXFileReference; lastKnownFileType = text.plist.strings; name = cs; path = cs.lproj/Main.strings; sourceTree = "<group>"; };
		CF57D4411D95903800D91B9E /* cs */ = {isa = PBXFileReference; lastKnownFileType = text.plist.strings; name = cs; path = cs.lproj/ServicesMenu.strings; sourceTree = "<group>"; };
		CF57D4421D95903B00D91B9E /* da */ = {isa = PBXFileReference; lastKnownFileType = text.plist.strings; name = da; path = da.lproj/About.strings; sourceTree = "<group>"; };
		CF57D4431D95903B00D91B9E /* da */ = {isa = PBXFileReference; lastKnownFileType = text.plist.strings; name = da; path = da.lproj/Localizable.strings; sourceTree = "<group>"; };
		CF57D4441D95903B00D91B9E /* da */ = {isa = PBXFileReference; lastKnownFileType = text.plist.strings; name = da; path = da.lproj/Main.strings; sourceTree = "<group>"; };
		CF57D4451D95903B00D91B9E /* da */ = {isa = PBXFileReference; lastKnownFileType = text.plist.strings; name = da; path = da.lproj/ServicesMenu.strings; sourceTree = "<group>"; };
		CF57D4461D95903F00D91B9E /* de */ = {isa = PBXFileReference; lastKnownFileType = text.plist.strings; name = de; path = de.lproj/About.strings; sourceTree = "<group>"; };
		CF57D4471D95903F00D91B9E /* de */ = {isa = PBXFileReference; lastKnownFileType = text.plist.strings; name = de; path = de.lproj/Localizable.strings; sourceTree = "<group>"; };
		CF57D4481D95903F00D91B9E /* de */ = {isa = PBXFileReference; lastKnownFileType = text.plist.strings; name = de; path = de.lproj/Main.strings; sourceTree = "<group>"; };
		CF57D4491D95903F00D91B9E /* de */ = {isa = PBXFileReference; lastKnownFileType = text.plist.strings; name = de; path = de.lproj/ServicesMenu.strings; sourceTree = "<group>"; };
		CF57D44A1D95904400D91B9E /* el */ = {isa = PBXFileReference; lastKnownFileType = text.plist.strings; name = el; path = el.lproj/About.strings; sourceTree = "<group>"; };
		CF57D44B1D95904400D91B9E /* el */ = {isa = PBXFileReference; lastKnownFileType = text.plist.strings; name = el; path = el.lproj/Localizable.strings; sourceTree = "<group>"; };
		CF57D44C1D95904400D91B9E /* el */ = {isa = PBXFileReference; lastKnownFileType = text.plist.strings; name = el; path = el.lproj/Main.strings; sourceTree = "<group>"; };
		CF57D44D1D95904400D91B9E /* el */ = {isa = PBXFileReference; lastKnownFileType = text.plist.strings; name = el; path = el.lproj/ServicesMenu.strings; sourceTree = "<group>"; };
		CF57D44E1D95904900D91B9E /* en_AU */ = {isa = PBXFileReference; lastKnownFileType = text.plist.strings; name = en_AU; path = en_AU.lproj/About.strings; sourceTree = "<group>"; };
		CF57D44F1D95904900D91B9E /* en_AU */ = {isa = PBXFileReference; lastKnownFileType = text.plist.strings; name = en_AU; path = en_AU.lproj/Localizable.strings; sourceTree = "<group>"; };
		CF57D4501D95904900D91B9E /* en_AU */ = {isa = PBXFileReference; lastKnownFileType = text.plist.strings; name = en_AU; path = en_AU.lproj/Main.strings; sourceTree = "<group>"; };
		CF57D4511D95904900D91B9E /* en_AU */ = {isa = PBXFileReference; lastKnownFileType = text.plist.strings; name = en_AU; path = en_AU.lproj/ServicesMenu.strings; sourceTree = "<group>"; };
		CF57D4521D95905000D91B9E /* en_GB */ = {isa = PBXFileReference; lastKnownFileType = text.plist.strings; name = en_GB; path = en_GB.lproj/About.strings; sourceTree = "<group>"; };
		CF57D4531D95905000D91B9E /* en_GB */ = {isa = PBXFileReference; lastKnownFileType = text.plist.strings; name = en_GB; path = en_GB.lproj/Localizable.strings; sourceTree = "<group>"; };
		CF57D4541D95905000D91B9E /* en_GB */ = {isa = PBXFileReference; lastKnownFileType = text.plist.strings; name = en_GB; path = en_GB.lproj/Main.strings; sourceTree = "<group>"; };
		CF57D4551D95905000D91B9E /* en_GB */ = {isa = PBXFileReference; lastKnownFileType = text.plist.strings; name = en_GB; path = en_GB.lproj/ServicesMenu.strings; sourceTree = "<group>"; };
		CF57D4561D95906800D91B9E /* es_MX */ = {isa = PBXFileReference; lastKnownFileType = text.plist.strings; name = es_MX; path = es_MX.lproj/Localizable.strings; sourceTree = "<group>"; };
		CF57D4571D95906800D91B9E /* es_MX */ = {isa = PBXFileReference; lastKnownFileType = text.plist.strings; name = es_MX; path = es_MX.lproj/Main.strings; sourceTree = "<group>"; };
		CF57D4581D95906800D91B9E /* es_MX */ = {isa = PBXFileReference; lastKnownFileType = text.plist.strings; name = es_MX; path = es_MX.lproj/ServicesMenu.strings; sourceTree = "<group>"; };
		CF57D4591D95907000D91B9E /* es */ = {isa = PBXFileReference; lastKnownFileType = text.plist.strings; name = es; path = es.lproj/About.strings; sourceTree = "<group>"; };
		CF57D45A1D95907000D91B9E /* es */ = {isa = PBXFileReference; lastKnownFileType = text.plist.strings; name = es; path = es.lproj/Localizable.strings; sourceTree = "<group>"; };
		CF57D45B1D95907000D91B9E /* es */ = {isa = PBXFileReference; lastKnownFileType = text.plist.strings; name = es; path = es.lproj/Main.strings; sourceTree = "<group>"; };
		CF57D45C1D95907000D91B9E /* es */ = {isa = PBXFileReference; lastKnownFileType = text.plist.strings; name = es; path = es.lproj/ServicesMenu.strings; sourceTree = "<group>"; };
		CF57D45D1D95907800D91B9E /* fi */ = {isa = PBXFileReference; lastKnownFileType = text.plist.strings; name = fi; path = fi.lproj/About.strings; sourceTree = "<group>"; };
		CF57D45E1D95907800D91B9E /* fi */ = {isa = PBXFileReference; lastKnownFileType = text.plist.strings; name = fi; path = fi.lproj/Localizable.strings; sourceTree = "<group>"; };
		CF57D45F1D95907800D91B9E /* fi */ = {isa = PBXFileReference; lastKnownFileType = text.plist.strings; name = fi; path = fi.lproj/Main.strings; sourceTree = "<group>"; };
		CF57D4601D95907800D91B9E /* fi */ = {isa = PBXFileReference; lastKnownFileType = text.plist.strings; name = fi; path = fi.lproj/ServicesMenu.strings; sourceTree = "<group>"; };
		CF57D4611D95907E00D91B9E /* fr_CA */ = {isa = PBXFileReference; lastKnownFileType = text.plist.strings; name = fr_CA; path = fr_CA.lproj/About.strings; sourceTree = "<group>"; };
		CF57D4621D95907E00D91B9E /* fr_CA */ = {isa = PBXFileReference; lastKnownFileType = text.plist.strings; name = fr_CA; path = fr_CA.lproj/Localizable.strings; sourceTree = "<group>"; };
		CF57D4631D95907E00D91B9E /* fr_CA */ = {isa = PBXFileReference; lastKnownFileType = text.plist.strings; name = fr_CA; path = fr_CA.lproj/Main.strings; sourceTree = "<group>"; };
		CF57D4641D95907E00D91B9E /* fr_CA */ = {isa = PBXFileReference; lastKnownFileType = text.plist.strings; name = fr_CA; path = fr_CA.lproj/ServicesMenu.strings; sourceTree = "<group>"; };
		CF57D4651D95908300D91B9E /* fr */ = {isa = PBXFileReference; lastKnownFileType = text.plist.strings; name = fr; path = fr.lproj/About.strings; sourceTree = "<group>"; };
		CF57D4661D95908300D91B9E /* fr */ = {isa = PBXFileReference; lastKnownFileType = text.plist.strings; name = fr; path = fr.lproj/Localizable.strings; sourceTree = "<group>"; };
		CF57D4671D95908300D91B9E /* fr */ = {isa = PBXFileReference; lastKnownFileType = text.plist.strings; name = fr; path = fr.lproj/Main.strings; sourceTree = "<group>"; };
		CF57D4681D95908300D91B9E /* fr */ = {isa = PBXFileReference; lastKnownFileType = text.plist.strings; name = fr; path = fr.lproj/ServicesMenu.strings; sourceTree = "<group>"; };
		CF57D4691D95908C00D91B9E /* he */ = {isa = PBXFileReference; lastKnownFileType = text.plist.strings; name = he; path = he.lproj/About.strings; sourceTree = "<group>"; };
		CF57D46A1D95908C00D91B9E /* he */ = {isa = PBXFileReference; lastKnownFileType = text.plist.strings; name = he; path = he.lproj/Localizable.strings; sourceTree = "<group>"; };
		CF57D46B1D95908C00D91B9E /* he */ = {isa = PBXFileReference; lastKnownFileType = text.plist.strings; name = he; path = he.lproj/Main.strings; sourceTree = "<group>"; };
		CF57D46C1D95908C00D91B9E /* he */ = {isa = PBXFileReference; lastKnownFileType = text.plist.strings; name = he; path = he.lproj/ServicesMenu.strings; sourceTree = "<group>"; };
		CF57D46D1D95909000D91B9E /* hi */ = {isa = PBXFileReference; lastKnownFileType = text.plist.strings; name = hi; path = hi.lproj/About.strings; sourceTree = "<group>"; };
		CF57D46E1D95909000D91B9E /* hi */ = {isa = PBXFileReference; lastKnownFileType = text.plist.strings; name = hi; path = hi.lproj/Localizable.strings; sourceTree = "<group>"; };
		CF57D46F1D95909000D91B9E /* hi */ = {isa = PBXFileReference; lastKnownFileType = text.plist.strings; name = hi; path = hi.lproj/Main.strings; sourceTree = "<group>"; };
		CF57D4701D95909000D91B9E /* hi */ = {isa = PBXFileReference; lastKnownFileType = text.plist.strings; name = hi; path = hi.lproj/ServicesMenu.strings; sourceTree = "<group>"; };
		CF57D4711D95909500D91B9E /* hr */ = {isa = PBXFileReference; lastKnownFileType = text.plist.strings; name = hr; path = hr.lproj/About.strings; sourceTree = "<group>"; };
		CF57D4721D95909500D91B9E /* hr */ = {isa = PBXFileReference; lastKnownFileType = text.plist.strings; name = hr; path = hr.lproj/Localizable.strings; sourceTree = "<group>"; };
		CF57D4731D95909500D91B9E /* hr */ = {isa = PBXFileReference; lastKnownFileType = text.plist.strings; name = hr; path = hr.lproj/Main.strings; sourceTree = "<group>"; };
		CF57D4741D95909500D91B9E /* hr */ = {isa = PBXFileReference; lastKnownFileType = text.plist.strings; name = hr; path = hr.lproj/ServicesMenu.strings; sourceTree = "<group>"; };
		CF57D4751D95909A00D91B9E /* hu */ = {isa = PBXFileReference; lastKnownFileType = text.plist.strings; name = hu; path = hu.lproj/About.strings; sourceTree = "<group>"; };
		CF57D4761D95909A00D91B9E /* hu */ = {isa = PBXFileReference; lastKnownFileType = text.plist.strings; name = hu; path = hu.lproj/Localizable.strings; sourceTree = "<group>"; };
		CF57D4771D95909A00D91B9E /* hu */ = {isa = PBXFileReference; lastKnownFileType = text.plist.strings; name = hu; path = hu.lproj/Main.strings; sourceTree = "<group>"; };
		CF57D4781D95909A00D91B9E /* hu */ = {isa = PBXFileReference; lastKnownFileType = text.plist.strings; name = hu; path = hu.lproj/ServicesMenu.strings; sourceTree = "<group>"; };
		CF9CEE5B1CE59B1F00A89E71 /* TermHere Finder Extension.appex */ = {isa = PBXFileReference; explicitFileType = "wrapper.app-extension"; includeInIndex = 0; path = "TermHere Finder Extension.appex"; sourceTree = BUILT_PRODUCTS_DIR; };
		CF9CEE5E1CE59B1F00A89E71 /* TermHere_Finder_Extension.entitlements */ = {isa = PBXFileReference; lastKnownFileType = text.xml; path = TermHere_Finder_Extension.entitlements; sourceTree = "<group>"; };
		CF9CEE5F1CE59B1F00A89E71 /* FinderSync.swift */ = {isa = PBXFileReference; lastKnownFileType = sourcecode.swift; path = FinderSync.swift; sourceTree = "<group>"; };
		CF9CEE611CE59B1F00A89E71 /* Info.plist */ = {isa = PBXFileReference; lastKnownFileType = text.plist.xml; path = Info.plist; sourceTree = "<group>"; };
		CF9CEE691CE5A77B00A89E71 /* Assets.xcassets */ = {isa = PBXFileReference; lastKnownFileType = folder.assetcatalog; path = Assets.xcassets; sourceTree = "<group>"; };
		CF9CEE6B1CE5A91000A89E71 /* Credits.rtf */ = {isa = PBXFileReference; fileEncoding = 4; lastKnownFileType = text.rtf; path = Credits.rtf; sourceTree = "<group>"; };
		CF9CEE6D1CE5AD6600A89E71 /* TermHere.entitlements */ = {isa = PBXFileReference; lastKnownFileType = text.xml; path = TermHere.entitlements; sourceTree = "<group>"; };
		CF9CEE711CE5B55100A89E71 /* en */ = {isa = PBXFileReference; fileEncoding = 4; lastKnownFileType = text.plist.strings; name = en; path = en.lproj/Localizable.strings; sourceTree = "<group>"; };
		CF9CEE741CE5B57D00A89E71 /* en */ = {isa = PBXFileReference; fileEncoding = 4; lastKnownFileType = text.plist.strings; name = en; path = en.lproj/Localizable.strings; sourceTree = "<group>"; };
		CFCF12DF1CF46CC4007A807F /* ContainerView.swift */ = {isa = PBXFileReference; fileEncoding = 4; lastKnownFileType = sourcecode.swift; path = ContainerView.swift; sourceTree = "<group>"; };
		CFCF12E51CF47AB1007A807F /* AboutViewController.swift */ = {isa = PBXFileReference; fileEncoding = 4; lastKnownFileType = sourcecode.swift; path = AboutViewController.swift; sourceTree = "<group>"; };
		CFCF12E81CF5ED80007A807F /* en */ = {isa = PBXFileReference; lastKnownFileType = text.plist.strings; name = en; path = en.lproj/Main.strings; sourceTree = "<group>"; };
		CFD9B7C21CE5960500947EC8 /* TermHere.app */ = {isa = PBXFileReference; explicitFileType = wrapper.application; includeInIndex = 0; path = TermHere.app; sourceTree = BUILT_PRODUCTS_DIR; };
		CFD9B7C51CE5960500947EC8 /* AppDelegate.swift */ = {isa = PBXFileReference; lastKnownFileType = sourcecode.swift; path = AppDelegate.swift; sourceTree = "<group>"; };
		CFD9B7C71CE5960500947EC8 /* ViewController.swift */ = {isa = PBXFileReference; lastKnownFileType = sourcecode.swift; path = ViewController.swift; sourceTree = "<group>"; };
		CFD9B7C91CE5960500947EC8 /* Assets.xcassets */ = {isa = PBXFileReference; lastKnownFileType = folder.assetcatalog; path = Assets.xcassets; sourceTree = "<group>"; };
		CFD9B7CC1CE5960500947EC8 /* Base */ = {isa = PBXFileReference; lastKnownFileType = file.storyboard; name = Base; path = Base.lproj/Main.storyboard; sourceTree = "<group>"; };
		CFD9B7CE1CE5960500947EC8 /* Info.plist */ = {isa = PBXFileReference; lastKnownFileType = text.plist.xml; path = Info.plist; sourceTree = "<group>"; };
		CFF6564E1CFC860F007031AD /* TerminalController.swift */ = {isa = PBXFileReference; fileEncoding = 4; lastKnownFileType = sourcecode.swift; path = TerminalController.swift; sourceTree = "<group>"; };
		CFFF6DAC1CEE0F5A004E5894 /* TermHereCommon.framework */ = {isa = PBXFileReference; explicitFileType = wrapper.framework; includeInIndex = 0; path = TermHereCommon.framework; sourceTree = BUILT_PRODUCTS_DIR; };
		CFFF6DAE1CEE0F5A004E5894 /* TermHere Common.h */ = {isa = PBXFileReference; lastKnownFileType = sourcecode.c.h; path = "TermHere Common.h"; sourceTree = "<group>"; };
		CFFF6DB01CEE0F5A004E5894 /* Info.plist */ = {isa = PBXFileReference; lastKnownFileType = text.plist.xml; path = Info.plist; sourceTree = "<group>"; };
		CFFF6DBB1CEE0F6F004E5894 /* Preferences.swift */ = {isa = PBXFileReference; fileEncoding = 4; lastKnownFileType = sourcecode.swift; path = Preferences.swift; sourceTree = "<group>"; };
		CFFF6DC01CEEFCE0004E5894 /* AppleScriptCommands.plist */ = {isa = PBXFileReference; fileEncoding = 4; lastKnownFileType = text.plist.xml; name = AppleScriptCommands.plist; path = TermHere/AppleScriptCommands.plist; sourceTree = SOURCE_ROOT; };
/* End PBXFileReference section */

/* Begin PBXFrameworksBuildPhase section */
		CF9CEE581CE59B1F00A89E71 /* Frameworks */ = {
			isa = PBXFrameworksBuildPhase;
			buildActionMask = 2147483647;
			files = (
			);
			runOnlyForDeploymentPostprocessing = 0;
		};
		CFD9B7BF1CE5960500947EC8 /* Frameworks */ = {
			isa = PBXFrameworksBuildPhase;
			buildActionMask = 2147483647;
			files = (
				CFFF6DB31CEE0F5A004E5894 /* TermHereCommon.framework in Frameworks */,
			);
			runOnlyForDeploymentPostprocessing = 0;
		};
		CFFF6DA81CEE0F5A004E5894 /* Frameworks */ = {
			isa = PBXFrameworksBuildPhase;
			buildActionMask = 2147483647;
			files = (
			);
			runOnlyForDeploymentPostprocessing = 0;
		};
/* End PBXFrameworksBuildPhase section */

/* Begin PBXGroup section */
		CF9CEE5C1CE59B1F00A89E71 /* TermHere Finder Extension */ = {
			isa = PBXGroup;
			children = (
				CF9CEE5F1CE59B1F00A89E71 /* FinderSync.swift */,
				CF9CEE691CE5A77B00A89E71 /* Assets.xcassets */,
				CF9CEE5D1CE59B1F00A89E71 /* Supporting Files */,
			);
			path = "TermHere Finder Extension";
			sourceTree = "<group>";
		};
		CF9CEE5D1CE59B1F00A89E71 /* Supporting Files */ = {
			isa = PBXGroup;
			children = (
				CF9CEE791CE5B67200A89E71 /* Localization */,
				CF9CEE611CE59B1F00A89E71 /* Info.plist */,
				CF9CEE5E1CE59B1F00A89E71 /* TermHere_Finder_Extension.entitlements */,
			);
			name = "Supporting Files";
			sourceTree = "<group>";
		};
		CF9CEE761CE5B65E00A89E71 /* Supporting Files */ = {
			isa = PBXGroup;
			children = (
				CF9CEE781CE5B66C00A89E71 /* Localization */,
				CF9CEE7B1CE5B6B000A89E71 /* Resources */,
				CF9CEE6D1CE5AD6600A89E71 /* TermHere.entitlements */,
			);
			name = "Supporting Files";
			sourceTree = "<group>";
		};
		CF9CEE781CE5B66C00A89E71 /* Localization */ = {
			isa = PBXGroup;
			children = (
				CF57D2001D958FDE00D91B9E /* About.strings */,
				CF57D2021D958FDE00D91B9E /* Main.strings */,
				CF9CEE701CE5B55100A89E71 /* Localizable.strings */,
				CF435B6A1CF3C06D00F794F1 /* ServicesMenu.strings */,
			);
			name = Localization;
			sourceTree = "<group>";
		};
		CF9CEE791CE5B67200A89E71 /* Localization */ = {
			isa = PBXGroup;
			children = (
				CF9CEE731CE5B57D00A89E71 /* Localizable.strings */,
			);
			name = Localization;
			sourceTree = "<group>";
		};
		CF9CEE7B1CE5B6B000A89E71 /* Resources */ = {
			isa = PBXGroup;
			children = (
				CFFF6DC01CEEFCE0004E5894 /* AppleScriptCommands.plist */,
				CF9CEE6B1CE5A91000A89E71 /* Credits.rtf */,
				CFD9B7CE1CE5960500947EC8 /* Info.plist */,
			);
			name = Resources;
			sourceTree = "<group>";
		};
		CFCF12E11CF47912007A807F /* Service */ = {
			isa = PBXGroup;
			children = (
				CF1471101CF2B95000A914CB /* TerminalServiceProvider.swift */,
			);
			name = Service;
			sourceTree = "<group>";
		};
		CFCF12E21CF47915007A807F /* View Controllers */ = {
			isa = PBXGroup;
			children = (
				CFD9B7C71CE5960500947EC8 /* ViewController.swift */,
				CFCF12E51CF47AB1007A807F /* AboutViewController.swift */,
			);
			name = "View Controllers";
			sourceTree = "<group>";
		};
		CFCF12E31CF4792D007A807F /* Controllers */ = {
			isa = PBXGroup;
			children = (
				CF0608271CE8C765003BB13F /* PurchaseController.swift */,
			);
			name = Controllers;
			sourceTree = "<group>";
		};
		CFCF12E41CF47A90007A807F /* Views */ = {
			isa = PBXGroup;
			children = (
				CFCF12DF1CF46CC4007A807F /* ContainerView.swift */,
			);
			name = Views;
			sourceTree = "<group>";
		};
		CFD9B7B91CE5960500947EC8 = {
			isa = PBXGroup;
			children = (
				CFD9B7C41CE5960500947EC8 /* TermHere */,
				CF9CEE5C1CE59B1F00A89E71 /* TermHere Finder Extension */,
				CFFF6DAD1CEE0F5A004E5894 /* TermHere Common */,
				CFD9B7C31CE5960500947EC8 /* Products */,
			);
			sourceTree = "<group>";
		};
		CFD9B7C31CE5960500947EC8 /* Products */ = {
			isa = PBXGroup;
			children = (
				CFD9B7C21CE5960500947EC8 /* TermHere.app */,
				CF9CEE5B1CE59B1F00A89E71 /* TermHere Finder Extension.appex */,
				CFFF6DAC1CEE0F5A004E5894 /* TermHereCommon.framework */,
			);
			name = Products;
			sourceTree = "<group>";
		};
		CFD9B7C41CE5960500947EC8 /* TermHere */ = {
			isa = PBXGroup;
			children = (
				CFD9B7C51CE5960500947EC8 /* AppDelegate.swift */,
				CFCF12E11CF47912007A807F /* Service */,
				CFCF12E21CF47915007A807F /* View Controllers */,
				CFCF12E31CF4792D007A807F /* Controllers */,
				CFCF12E41CF47A90007A807F /* Views */,
				CFD9B7CB1CE5960500947EC8 /* Main.storyboard */,
				CFD9B7C91CE5960500947EC8 /* Assets.xcassets */,
				CF9CEE761CE5B65E00A89E71 /* Supporting Files */,
			);
			path = TermHere;
			sourceTree = "<group>";
		};
		CFFF6DAD1CEE0F5A004E5894 /* TermHere Common */ = {
			isa = PBXGroup;
			children = (
				CFFF6DBB1CEE0F6F004E5894 /* Preferences.swift */,
				CFF6564E1CFC860F007031AD /* TerminalController.swift */,
				CFFF6DBD1CEE0F7F004E5894 /* Supporting Files */,
			);
			path = "TermHere Common";
			sourceTree = "<group>";
		};
		CFFF6DBD1CEE0F7F004E5894 /* Supporting Files */ = {
			isa = PBXGroup;
			children = (
				CFFF6DAE1CEE0F5A004E5894 /* TermHere Common.h */,
				CFFF6DB01CEE0F5A004E5894 /* Info.plist */,
			);
			name = "Supporting Files";
			sourceTree = "<group>";
		};
/* End PBXGroup section */

/* Begin PBXHeadersBuildPhase section */
		CFFF6DA91CEE0F5A004E5894 /* Headers */ = {
			isa = PBXHeadersBuildPhase;
			buildActionMask = 2147483647;
			files = (
				CFFF6DAF1CEE0F5A004E5894 /* TermHere Common.h in Headers */,
			);
			runOnlyForDeploymentPostprocessing = 0;
		};
/* End PBXHeadersBuildPhase section */

/* Begin PBXNativeTarget section */
		CF9CEE5A1CE59B1F00A89E71 /* TermHere Finder Extension */ = {
			isa = PBXNativeTarget;
			buildConfigurationList = CF9CEE671CE59B1F00A89E71 /* Build configuration list for PBXNativeTarget "TermHere Finder Extension" */;
			buildPhases = (
				CF9CEE571CE59B1F00A89E71 /* Sources */,
				CF9CEE581CE59B1F00A89E71 /* Frameworks */,
				CF9CEE591CE59B1F00A89E71 /* Resources */,
			);
			buildRules = (
			);
			dependencies = (
				CFFF6DBA1CEE0F62004E5894 /* PBXTargetDependency */,
			);
			name = "TermHere Finder Extension";
			productName = "TermHere Finder Extension";
			productReference = CF9CEE5B1CE59B1F00A89E71 /* TermHere Finder Extension.appex */;
			productType = "com.apple.product-type.app-extension";
		};
		CFD9B7C11CE5960500947EC8 /* TermHere */ = {
			isa = PBXNativeTarget;
			buildConfigurationList = CFD9B7D11CE5960500947EC8 /* Build configuration list for PBXNativeTarget "TermHere" */;
			buildPhases = (
				CFD9B7BE1CE5960500947EC8 /* Sources */,
				CFD9B7BF1CE5960500947EC8 /* Frameworks */,
				CFD9B7C01CE5960500947EC8 /* Resources */,
				CF9CEE681CE59B1F00A89E71 /* Embed App Extensions */,
				CFFF6DB81CEE0F5A004E5894 /* Embed Frameworks */,
			);
			buildRules = (
			);
			dependencies = (
				CF9CEE631CE59B1F00A89E71 /* PBXTargetDependency */,
				CFFF6DB21CEE0F5A004E5894 /* PBXTargetDependency */,
			);
			name = TermHere;
			productName = TermHere;
			productReference = CFD9B7C21CE5960500947EC8 /* TermHere.app */;
			productType = "com.apple.product-type.application";
		};
		CFFF6DAB1CEE0F5A004E5894 /* TermHere Common */ = {
			isa = PBXNativeTarget;
			buildConfigurationList = CFFF6DB71CEE0F5A004E5894 /* Build configuration list for PBXNativeTarget "TermHere Common" */;
			buildPhases = (
				CFFF6DA71CEE0F5A004E5894 /* Sources */,
				CFFF6DA81CEE0F5A004E5894 /* Frameworks */,
				CFFF6DA91CEE0F5A004E5894 /* Headers */,
				CFFF6DAA1CEE0F5A004E5894 /* Resources */,
			);
			buildRules = (
			);
			dependencies = (
			);
			name = "TermHere Common";
			productName = "TermHere Common";
			productReference = CFFF6DAC1CEE0F5A004E5894 /* TermHereCommon.framework */;
			productType = "com.apple.product-type.framework";
		};
/* End PBXNativeTarget section */

/* Begin PBXProject section */
		CFD9B7BA1CE5960500947EC8 /* Project object */ = {
			isa = PBXProject;
			attributes = {
				LastSwiftUpdateCheck = 0730;
				LastUpgradeCheck = 0730;
				ORGANIZATIONNAME = "HASHBANG Productions";
				TargetAttributes = {
					CF9CEE5A1CE59B1F00A89E71 = {
						CreatedOnToolsVersion = 7.3.1;
						DevelopmentTeam = N2LN9ZT493;
						SystemCapabilities = {
							com.apple.ApplicationGroups.Mac = {
								enabled = 1;
							};
							com.apple.Sandbox = {
								enabled = 1;
							};
						};
					};
					CFD9B7C11CE5960500947EC8 = {
						CreatedOnToolsVersion = 7.3;
						DevelopmentTeam = N2LN9ZT493;
						SystemCapabilities = {
							com.apple.ApplicationGroups.Mac = {
								enabled = 1;
							};
							com.apple.Sandbox = {
								enabled = 1;
							};
						};
					};
					CFFF6DAB1CEE0F5A004E5894 = {
						CreatedOnToolsVersion = 7.3.1;
						DevelopmentTeam = N2LN9ZT493;
					};
				};
			};
			buildConfigurationList = CFD9B7BD1CE5960500947EC8 /* Build configuration list for PBXProject "TermHere" */;
			compatibilityVersion = "Xcode 3.2";
			developmentRegion = English;
			hasScannedForEncodings = 0;
			knownRegions = (
				en,
				Base,
				es_MX,
				ca,
				cs,
				da,
				de,
				el,
				en_AU,
				en_GB,
				es,
				fi,
				fr_CA,
				fr,
				he,
				hi,
				hr,
				hu,
				id,
				it,
				ja,
				ko,
				ms,
				nl,
				no,
				pl,
				pt_PT,
				pt,
				ro,
				ru,
				sk,
				sv,
				th,
				tr,
				uk,
				vi,
				zh_CN,
				zh_HK,
				ar,
				nb,
			);
			mainGroup = CFD9B7B91CE5960500947EC8;
			productRefGroup = CFD9B7C31CE5960500947EC8 /* Products */;
			projectDirPath = "";
			projectRoot = "";
			targets = (
				CFD9B7C11CE5960500947EC8 /* TermHere */,
				CF9CEE5A1CE59B1F00A89E71 /* TermHere Finder Extension */,
				CFFF6DAB1CEE0F5A004E5894 /* TermHere Common */,
			);
		};
/* End PBXProject section */

/* Begin PBXResourcesBuildPhase section */
		CF9CEE591CE59B1F00A89E71 /* Resources */ = {
			isa = PBXResourcesBuildPhase;
			buildActionMask = 2147483647;
			files = (
				CF9CEE6A1CE5A77B00A89E71 /* Assets.xcassets in Resources */,
				CF9CEE751CE5B57D00A89E71 /* Localizable.strings in Resources */,
			);
			runOnlyForDeploymentPostprocessing = 0;
		};
		CFD9B7C01CE5960500947EC8 /* Resources */ = {
			isa = PBXResourcesBuildPhase;
			buildActionMask = 2147483647;
			files = (
				CFD9B7CA1CE5960500947EC8 /* Assets.xcassets in Resources */,
				CF9CEE721CE5B55100A89E71 /* Localizable.strings in Resources */,
				CF9CEE6C1CE5A91000A89E71 /* Credits.rtf in Resources */,
				CFD9B7CD1CE5960500947EC8 /* Main.storyboard in Resources */,
				CF57D2051D958FDE00D91B9E /* Main.strings in Resources */,
				CF57D2041D958FDE00D91B9E /* About.strings in Resources */,
				CF435B6C1CF3C06D00F794F1 /* ServicesMenu.strings in Resources */,
			);
			runOnlyForDeploymentPostprocessing = 0;
		};
		CFFF6DAA1CEE0F5A004E5894 /* Resources */ = {
			isa = PBXResourcesBuildPhase;
			buildActionMask = 2147483647;
			files = (
			);
			runOnlyForDeploymentPostprocessing = 0;
		};
/* End PBXResourcesBuildPhase section */

/* Begin PBXSourcesBuildPhase section */
		CF9CEE571CE59B1F00A89E71 /* Sources */ = {
			isa = PBXSourcesBuildPhase;
			buildActionMask = 2147483647;
			files = (
				CF9CEE601CE59B1F00A89E71 /* FinderSync.swift in Sources */,
			);
			runOnlyForDeploymentPostprocessing = 0;
		};
		CFD9B7BE1CE5960500947EC8 /* Sources */ = {
			isa = PBXSourcesBuildPhase;
			buildActionMask = 2147483647;
			files = (
				CFCF12E61CF47AB1007A807F /* AboutViewController.swift in Sources */,
				CFCF12E01CF46CC4007A807F /* ContainerView.swift in Sources */,
				CFD9B7C81CE5960500947EC8 /* ViewController.swift in Sources */,
				CF0608281CE8C765003BB13F /* PurchaseController.swift in Sources */,
				CFF6564D1CFC85F8007031AD /* TerminalServiceProvider.swift in Sources */,
				CFD9B7C61CE5960500947EC8 /* AppDelegate.swift in Sources */,
			);
			runOnlyForDeploymentPostprocessing = 0;
		};
		CFFF6DA71CEE0F5A004E5894 /* Sources */ = {
			isa = PBXSourcesBuildPhase;
			buildActionMask = 2147483647;
			files = (
				CFFF6DBC1CEE0F6F004E5894 /* Preferences.swift in Sources */,
				CFF6564F1CFC860F007031AD /* TerminalController.swift in Sources */,
			);
			runOnlyForDeploymentPostprocessing = 0;
		};
/* End PBXSourcesBuildPhase section */

/* Begin PBXTargetDependency section */
		CF9CEE631CE59B1F00A89E71 /* PBXTargetDependency */ = {
			isa = PBXTargetDependency;
			target = CF9CEE5A1CE59B1F00A89E71 /* TermHere Finder Extension */;
			targetProxy = CF9CEE621CE59B1F00A89E71 /* PBXContainerItemProxy */;
		};
		CFFF6DB21CEE0F5A004E5894 /* PBXTargetDependency */ = {
			isa = PBXTargetDependency;
			target = CFFF6DAB1CEE0F5A004E5894 /* TermHere Common */;
			targetProxy = CFFF6DB11CEE0F5A004E5894 /* PBXContainerItemProxy */;
		};
		CFFF6DBA1CEE0F62004E5894 /* PBXTargetDependency */ = {
			isa = PBXTargetDependency;
			target = CFFF6DAB1CEE0F5A004E5894 /* TermHere Common */;
			targetProxy = CFFF6DB91CEE0F62004E5894 /* PBXContainerItemProxy */;
		};
/* End PBXTargetDependency section */

/* Begin PBXVariantGroup section */
		CF435B6A1CF3C06D00F794F1 /* ServicesMenu.strings */ = {
			isa = PBXVariantGroup;
			children = (
				CF435B6B1CF3C06D00F794F1 /* en */,
				CF57D4391D95902C00D91B9E /* ar */,
				CF57D43D1D95903200D91B9E /* ca */,
				CF57D4411D95903800D91B9E /* cs */,
				CF57D4451D95903B00D91B9E /* da */,
				CF57D4491D95903F00D91B9E /* de */,
				CF57D44D1D95904400D91B9E /* el */,
				CF57D4511D95904900D91B9E /* en_AU */,
				CF57D4551D95905000D91B9E /* en_GB */,
				CF57D4581D95906800D91B9E /* es_MX */,
				CF57D45C1D95907000D91B9E /* es */,
				CF57D4601D95907800D91B9E /* fi */,
				CF57D4641D95907E00D91B9E /* fr_CA */,
				CF57D4681D95908300D91B9E /* fr */,
				CF57D46C1D95908C00D91B9E /* he */,
				CF57D4701D95909000D91B9E /* hi */,
				CF57D4741D95909500D91B9E /* hr */,
				CF57D4781D95909A00D91B9E /* hu */,
				CF14F2081D9590DB00D91B9E /* id */,
				CF14F20C1D9590E100D91B9E /* it */,
				CF14F2101D9590EA00D91B9E /* ja */,
				CF14F2141D9590F100D91B9E /* ko */,
				CF14F2181D9590F500D91B9E /* ms */,
				CF14F21C1D9590FA00D91B9E /* nl */,
				CF14F2201D9590FF00D91B9E /* no */,
				CF14F2241D95910300D91B9E /* pl */,
				CF14F2281D95910700D91B9E /* pt_PT */,
				CF14F22C1D95910B00D91B9E /* pt */,
				CF14F2301D95911E00D91B9E /* ro */,
				CF14F2341D95912300D91B9E /* ru */,
				CF14F2381D95912800D91B9E /* sk */,
				CF14F23C1D95912B00D91B9E /* sv */,
				CF14F2401D95913100D91B9E /* th */,
				CF14F2441D95913500D91B9E /* tr */,
				CF14F2481D95913900D91B9E /* uk */,
				CF14F24C1D95913E00D91B9E /* vi */,
				CF14F2501D95914200D91B9E /* zh_CN */,
				CF14F2541D95914700D91B9E /* zh_HK */,
			);
			name = ServicesMenu.strings;
			sourceTree = "<group>";
		};
		CF57D2001D958FDE00D91B9E /* About.strings */ = {
			isa = PBXVariantGroup;
			children = (
				CF57D2011D958FDE00D91B9E /* en */,
				CF57D2061D958FEB00D91B9E /* es_MX */,
				CF57D4361D95902C00D91B9E /* ar */,
				CF57D43A1D95903200D91B9E /* ca */,
				CF57D43E1D95903800D91B9E /* cs */,
				CF57D4421D95903B00D91B9E /* da */,
				CF57D4461D95903F00D91B9E /* de */,
				CF57D44A1D95904400D91B9E /* el */,
				CF57D44E1D95904900D91B9E /* en_AU */,
				CF57D4521D95905000D91B9E /* en_GB */,
				CF57D4591D95907000D91B9E /* es */,
				CF57D45D1D95907800D91B9E /* fi */,
				CF57D4611D95907E00D91B9E /* fr_CA */,
				CF57D4651D95908300D91B9E /* fr */,
				CF57D4691D95908C00D91B9E /* he */,
				CF57D46D1D95909000D91B9E /* hi */,
				CF57D4711D95909500D91B9E /* hr */,
				CF57D4751D95909A00D91B9E /* hu */,
				CF14F2051D9590DB00D91B9E /* id */,
				CF14F2091D9590E100D91B9E /* it */,
				CF14F20D1D9590EA00D91B9E /* ja */,
				CF14F2111D9590F100D91B9E /* ko */,
				CF14F2151D9590F500D91B9E /* ms */,
				CF14F2191D9590FA00D91B9E /* nl */,
				CF14F21D1D9590FF00D91B9E /* no */,
				CF14F2211D95910300D91B9E /* pl */,
				CF14F2251D95910700D91B9E /* pt_PT */,
				CF14F2291D95910B00D91B9E /* pt */,
				CF14F22D1D95911E00D91B9E /* ro */,
				CF14F2311D95912300D91B9E /* ru */,
				CF14F2351D95912800D91B9E /* sk */,
				CF14F2391D95912B00D91B9E /* sv */,
				CF14F23D1D95913100D91B9E /* th */,
				CF14F2411D95913500D91B9E /* tr */,
				CF14F2451D95913900D91B9E /* uk */,
				CF14F2491D95913E00D91B9E /* vi */,
				CF14F24D1D95914200D91B9E /* zh_CN */,
				CF14F2511D95914700D91B9E /* zh_HK */,
			);
			name = About.strings;
			sourceTree = "<group>";
		};
		CF57D2021D958FDE00D91B9E /* Main.strings */ = {
			isa = PBXVariantGroup;
			children = (
				CF57D2031D958FDE00D91B9E /* en */,
				CF57D4381D95902C00D91B9E /* ar */,
				CF57D43C1D95903200D91B9E /* ca */,
				CF57D4401D95903800D91B9E /* cs */,
				CF57D4441D95903B00D91B9E /* da */,
				CF57D4481D95903F00D91B9E /* de */,
				CF57D44C1D95904400D91B9E /* el */,
				CF57D4501D95904900D91B9E /* en_AU */,
				CF57D4541D95905000D91B9E /* en_GB */,
				CF57D4571D95906800D91B9E /* es_MX */,
				CF57D45B1D95907000D91B9E /* es */,
				CF57D45F1D95907800D91B9E /* fi */,
				CF57D4631D95907E00D91B9E /* fr_CA */,
				CF57D4671D95908300D91B9E /* fr */,
				CF57D46B1D95908C00D91B9E /* he */,
				CF57D46F1D95909000D91B9E /* hi */,
				CF57D4731D95909500D91B9E /* hr */,
				CF57D4771D95909A00D91B9E /* hu */,
				CF14F2071D9590DB00D91B9E /* id */,
				CF14F20B1D9590E100D91B9E /* it */,
				CF14F20F1D9590EA00D91B9E /* ja */,
				CF14F2131D9590F100D91B9E /* ko */,
				CF14F2171D9590F500D91B9E /* ms */,
				CF14F21B1D9590FA00D91B9E /* nl */,
				CF14F21F1D9590FF00D91B9E /* no */,
				CF14F2231D95910300D91B9E /* pl */,
				CF14F2271D95910700D91B9E /* pt_PT */,
				CF14F22B1D95910B00D91B9E /* pt */,
				CF14F22F1D95911E00D91B9E /* ro */,
				CF14F2331D95912300D91B9E /* ru */,
				CF14F2371D95912800D91B9E /* sk */,
				CF14F23B1D95912B00D91B9E /* sv */,
				CF14F23F1D95913100D91B9E /* th */,
				CF14F2431D95913500D91B9E /* tr */,
				CF14F2471D95913900D91B9E /* uk */,
				CF14F24B1D95913E00D91B9E /* vi */,
				CF14F24F1D95914200D91B9E /* zh_CN */,
				CF14F2531D95914700D91B9E /* zh_HK */,
			);
			name = Main.strings;
			sourceTree = "<group>";
		};
		CF9CEE701CE5B55100A89E71 /* Localizable.strings */ = {
			isa = PBXVariantGroup;
			children = (
				CF9CEE711CE5B55100A89E71 /* en */,
				CF57D4371D95902C00D91B9E /* ar */,
				CF57D43B1D95903200D91B9E /* ca */,
				CF57D43F1D95903800D91B9E /* cs */,
				CF57D4431D95903B00D91B9E /* da */,
				CF57D4471D95903F00D91B9E /* de */,
				CF57D44B1D95904400D91B9E /* el */,
				CF57D44F1D95904900D91B9E /* en_AU */,
				CF57D4531D95905000D91B9E /* en_GB */,
				CF57D4561D95906800D91B9E /* es_MX */,
				CF57D45A1D95907000D91B9E /* es */,
				CF57D45E1D95907800D91B9E /* fi */,
				CF57D4621D95907E00D91B9E /* fr_CA */,
				CF57D4661D95908300D91B9E /* fr */,
				CF57D46A1D95908C00D91B9E /* he */,
				CF57D46E1D95909000D91B9E /* hi */,
				CF57D4721D95909500D91B9E /* hr */,
				CF57D4761D95909A00D91B9E /* hu */,
				CF14F2061D9590DB00D91B9E /* id */,
				CF14F20A1D9590E100D91B9E /* it */,
				CF14F20E1D9590EA00D91B9E /* ja */,
				CF14F2121D9590F100D91B9E /* ko */,
				CF14F2161D9590F500D91B9E /* ms */,
				CF14F21A1D9590FA00D91B9E /* nl */,
				CF14F21E1D9590FF00D91B9E /* no */,
				CF14F2221D95910300D91B9E /* pl */,
				CF14F2261D95910700D91B9E /* pt_PT */,
				CF14F22A1D95910B00D91B9E /* pt */,
				CF14F22E1D95911E00D91B9E /* ro */,
				CF14F2321D95912300D91B9E /* ru */,
				CF14F2361D95912800D91B9E /* sk */,
				CF14F23A1D95912B00D91B9E /* sv */,
				CF14F23E1D95913100D91B9E /* th */,
				CF14F2421D95913500D91B9E /* tr */,
				CF14F2461D95913900D91B9E /* uk */,
				CF14F24A1D95913E00D91B9E /* vi */,
				CF14F24E1D95914200D91B9E /* zh_CN */,
				CF14F2521D95914700D91B9E /* zh_HK */,
			);
			name = Localizable.strings;
			sourceTree = "<group>";
		};
		CF9CEE731CE5B57D00A89E71 /* Localizable.strings */ = {
			isa = PBXVariantGroup;
			children = (
				CF9CEE741CE5B57D00A89E71 /* en */,
				CF14F2551D95915500D91B9E /* ar */,
				CF14F2561D95915A00D91B9E /* ca */,
				CF14F2571D95915E00D91B9E /* cs */,
				CF14F2581D95916200D91B9E /* da */,
				CF14F2591D95916600D91B9E /* de */,
				CF14F25A1D95916A00D91B9E /* el */,
				CF14F25B1D95916D00D91B9E /* en_AU */,
				CF14F25C1D95917200D91B9E /* en_GB */,
				CF14F25D1D95917700D91B9E /* es_MX */,
				CF14F25E1D95917D00D91B9E /* es */,
				CF14F25F1D95918500D91B9E /* fi */,
				CF14F2601D95918900D91B9E /* fr_CA */,
				CF14F2611D95918D00D91B9E /* fr */,
				CF14F2621D95919100D91B9E /* he */,
				CF14F2631D95919500D91B9E /* hi */,
				CF14F2641D95919A00D91B9E /* hr */,
				CF14F2651D95919D00D91B9E /* hu */,
				CF28CF5C1D9591D700D91B9E /* id */,
				CF28CF5D1D9591DE00D91B9E /* it */,
				CF28CF5E1D9591E300D91B9E /* ja */,
				CF28CF5F1D9591E700D91B9E /* ko */,
				CF28CF601D9591EC00D91B9E /* ms */,
				CF28CF611D9591F000D91B9E /* nb */,
				CF28CF621D9591F400D91B9E /* nl */,
				CF28CF631D9591F800D91B9E /* pl */,
				CF28CF641D9591FD00D91B9E /* pt_PT */,
				CF28CF651D95920300D91B9E /* pt */,
				CF28CF661D95920600D91B9E /* ro */,
				CF28CF671D95920B00D91B9E /* ru */,
				CF28CF681D95920F00D91B9E /* sk */,
				CF28CF691D95921700D91B9E /* sv */,
				CF28CF6A1D95921D00D91B9E /* th */,
				CF28CF6B1D95922800D91B9E /* tr */,
				CF28CF6C1D95922C00D91B9E /* uk */,
				CF28CF6D1D95923000D91B9E /* vi */,
				CF28CF6E1D95923500D91B9E /* zh_CN */,
				CF28CF6F1D95923A00D91B9E /* zh_HK */,
			);
			name = Localizable.strings;
			sourceTree = "<group>";
		};
		CFD9B7CB1CE5960500947EC8 /* Main.storyboard */ = {
			isa = PBXVariantGroup;
			children = (
				CFD9B7CC1CE5960500947EC8 /* Base */,
				CFCF12E81CF5ED80007A807F /* en */,
			);
			name = Main.storyboard;
			sourceTree = "<group>";
		};
/* End PBXVariantGroup section */

/* Begin XCBuildConfiguration section */
		CF9CEE651CE59B1F00A89E71 /* Debug */ = {
			isa = XCBuildConfiguration;
			buildSettings = {
				CODE_SIGN_ENTITLEMENTS = "TermHere Finder Extension/TermHere_Finder_Extension.entitlements";
				CODE_SIGN_IDENTITY = "Mac Developer";
				"CODE_SIGN_IDENTITY[sdk=macosx*]" = "Mac Developer";
				COMBINE_HIDPI_IMAGES = YES;
				INFOPLIST_FILE = "TermHere Finder Extension/Info.plist";
				LD_RUNPATH_SEARCH_PATHS = "$(inherited) @executable_path/../Frameworks @executable_path/../../../../Frameworks";
				PRODUCT_BUNDLE_IDENTIFIER = "au.com.hbang.TermHere.TermHere-Finder-Extension";
				PRODUCT_NAME = "$(TARGET_NAME)";
				PROVISIONING_PROFILE = "";
				SKIP_INSTALL = YES;
			};
			name = Debug;
		};
		CF9CEE661CE59B1F00A89E71 /* Release */ = {
			isa = XCBuildConfiguration;
			buildSettings = {
				CODE_SIGN_ENTITLEMENTS = "TermHere Finder Extension/TermHere_Finder_Extension.entitlements";
				CODE_SIGN_IDENTITY = "Mac Developer";
				"CODE_SIGN_IDENTITY[sdk=macosx*]" = "Mac Developer";
				COMBINE_HIDPI_IMAGES = YES;
				INFOPLIST_FILE = "TermHere Finder Extension/Info.plist";
				LD_RUNPATH_SEARCH_PATHS = "$(inherited) @executable_path/../Frameworks @executable_path/../../../../Frameworks";
				PRODUCT_BUNDLE_IDENTIFIER = "au.com.hbang.TermHere.TermHere-Finder-Extension";
				PRODUCT_NAME = "$(TARGET_NAME)";
				PROVISIONING_PROFILE = "";
				SKIP_INSTALL = YES;
			};
			name = Release;
		};
		CFD9B7CF1CE5960500947EC8 /* Debug */ = {
			isa = XCBuildConfiguration;
			buildSettings = {
				ALWAYS_SEARCH_USER_PATHS = NO;
				CLANG_ANALYZER_NONNULL = YES;
				CLANG_CXX_LANGUAGE_STANDARD = "gnu++0x";
				CLANG_CXX_LIBRARY = "libc++";
				CLANG_ENABLE_MODULES = YES;
				CLANG_ENABLE_OBJC_ARC = YES;
				CLANG_WARN_BOOL_CONVERSION = YES;
				CLANG_WARN_CONSTANT_CONVERSION = YES;
				CLANG_WARN_DIRECT_OBJC_ISA_USAGE = YES_ERROR;
				CLANG_WARN_EMPTY_BODY = YES;
				CLANG_WARN_ENUM_CONVERSION = YES;
				CLANG_WARN_INT_CONVERSION = YES;
				CLANG_WARN_OBJC_ROOT_CLASS = YES_ERROR;
				CLANG_WARN_UNREACHABLE_CODE = YES;
				CLANG_WARN__DUPLICATE_METHOD_MATCH = YES;
				CODE_SIGN_IDENTITY = "Mac Developer";
				COPY_PHASE_STRIP = NO;
				DEBUG_INFORMATION_FORMAT = dwarf;
				ENABLE_STRICT_OBJC_MSGSEND = YES;
				ENABLE_TESTABILITY = YES;
				GCC_C_LANGUAGE_STANDARD = gnu99;
				GCC_DYNAMIC_NO_PIC = NO;
				GCC_NO_COMMON_BLOCKS = YES;
				GCC_OPTIMIZATION_LEVEL = 0;
				GCC_PREPROCESSOR_DEFINITIONS = (
					"DEBUG=1",
					"$(inherited)",
				);
				GCC_WARN_64_TO_32_BIT_CONVERSION = YES;
				GCC_WARN_ABOUT_RETURN_TYPE = YES_ERROR;
				GCC_WARN_UNDECLARED_SELECTOR = YES;
				GCC_WARN_UNINITIALIZED_AUTOS = YES_AGGRESSIVE;
				GCC_WARN_UNUSED_FUNCTION = YES;
				GCC_WARN_UNUSED_VARIABLE = YES;
				MACOSX_DEPLOYMENT_TARGET = 10.10;
				MTL_ENABLE_DEBUG_INFO = YES;
				ONLY_ACTIVE_ARCH = YES;
				SDKROOT = macosx;
				SWIFT_OPTIMIZATION_LEVEL = "-Onone";
			};
			name = Debug;
		};
		CFD9B7D01CE5960500947EC8 /* Release */ = {
			isa = XCBuildConfiguration;
			buildSettings = {
				ALWAYS_SEARCH_USER_PATHS = NO;
				CLANG_ANALYZER_NONNULL = YES;
				CLANG_CXX_LANGUAGE_STANDARD = "gnu++0x";
				CLANG_CXX_LIBRARY = "libc++";
				CLANG_ENABLE_MODULES = YES;
				CLANG_ENABLE_OBJC_ARC = YES;
				CLANG_WARN_BOOL_CONVERSION = YES;
				CLANG_WARN_CONSTANT_CONVERSION = YES;
				CLANG_WARN_DIRECT_OBJC_ISA_USAGE = YES_ERROR;
				CLANG_WARN_EMPTY_BODY = YES;
				CLANG_WARN_ENUM_CONVERSION = YES;
				CLANG_WARN_INT_CONVERSION = YES;
				CLANG_WARN_OBJC_ROOT_CLASS = YES_ERROR;
				CLANG_WARN_UNREACHABLE_CODE = YES;
				CLANG_WARN__DUPLICATE_METHOD_MATCH = YES;
				CODE_SIGN_IDENTITY = "3rd Party Mac Developer Application";
				COPY_PHASE_STRIP = NO;
				DEBUG_INFORMATION_FORMAT = "dwarf-with-dsym";
				ENABLE_NS_ASSERTIONS = NO;
				ENABLE_STRICT_OBJC_MSGSEND = YES;
				GCC_C_LANGUAGE_STANDARD = gnu99;
				GCC_NO_COMMON_BLOCKS = YES;
				GCC_WARN_64_TO_32_BIT_CONVERSION = YES;
				GCC_WARN_ABOUT_RETURN_TYPE = YES_ERROR;
				GCC_WARN_UNDECLARED_SELECTOR = YES;
				GCC_WARN_UNINITIALIZED_AUTOS = YES_AGGRESSIVE;
				GCC_WARN_UNUSED_FUNCTION = YES;
				GCC_WARN_UNUSED_VARIABLE = YES;
				MACOSX_DEPLOYMENT_TARGET = 10.10;
				MTL_ENABLE_DEBUG_INFO = NO;
				SDKROOT = macosx;
			};
			name = Release;
		};
		CFD9B7D21CE5960500947EC8 /* Debug */ = {
			isa = XCBuildConfiguration;
			buildSettings = {
				ASSETCATALOG_COMPILER_APPICON_NAME = AppIcon;
				CODE_SIGN_ENTITLEMENTS = TermHere/TermHere.entitlements;
				CODE_SIGN_IDENTITY = "Mac Developer";
				"CODE_SIGN_IDENTITY[sdk=macosx*]" = "Mac Developer";
				COMBINE_HIDPI_IMAGES = YES;
				EMBEDDED_CONTENT_CONTAINS_SWIFT = YES;
				INFOPLIST_FILE = TermHere/Info.plist;
				LD_RUNPATH_SEARCH_PATHS = "$(inherited) @executable_path/../Frameworks";
				PRODUCT_BUNDLE_IDENTIFIER = au.com.hbang.TermHere;
				PRODUCT_NAME = "$(TARGET_NAME)";
				PROVISIONING_PROFILE = "";
			};
			name = Debug;
		};
		CFD9B7D31CE5960500947EC8 /* Release */ = {
			isa = XCBuildConfiguration;
			buildSettings = {
				ASSETCATALOG_COMPILER_APPICON_NAME = AppIcon;
				CODE_SIGN_ENTITLEMENTS = TermHere/TermHere.entitlements;
				CODE_SIGN_IDENTITY = "Mac Developer";
				"CODE_SIGN_IDENTITY[sdk=macosx*]" = "Mac Developer";
				COMBINE_HIDPI_IMAGES = YES;
				EMBEDDED_CONTENT_CONTAINS_SWIFT = YES;
				INFOPLIST_FILE = TermHere/Info.plist;
				LD_RUNPATH_SEARCH_PATHS = "$(inherited) @executable_path/../Frameworks";
				PRODUCT_BUNDLE_IDENTIFIER = au.com.hbang.TermHere;
				PRODUCT_NAME = "$(TARGET_NAME)";
				PROVISIONING_PROFILE = "";
			};
			name = Release;
		};
		CFFF6DB51CEE0F5A004E5894 /* Debug */ = {
			isa = XCBuildConfiguration;
			buildSettings = {
				APPLICATION_EXTENSION_API_ONLY = YES;
				CLANG_ENABLE_MODULES = YES;
				CODE_SIGN_IDENTITY = "Mac Developer";
				"CODE_SIGN_IDENTITY[sdk=macosx*]" = "Mac Developer";
				COMBINE_HIDPI_IMAGES = YES;
				CURRENT_PROJECT_VERSION = 1;
				DEFINES_MODULE = YES;
				DYLIB_COMPATIBILITY_VERSION = 1;
				DYLIB_CURRENT_VERSION = 1;
				DYLIB_INSTALL_NAME_BASE = "@rpath";
				FRAMEWORK_VERSION = A;
				INFOPLIST_FILE = "TermHere Common/Info.plist";
				INSTALL_PATH = "$(LOCAL_LIBRARY_DIR)/Frameworks";
				LD_RUNPATH_SEARCH_PATHS = "$(inherited) @executable_path/../Frameworks @loader_path/Frameworks";
				PRODUCT_BUNDLE_IDENTIFIER = "au.com.hbang.TermHere.TermHere-Common";
				PRODUCT_NAME = TermHereCommon;
				PROVISIONING_PROFILE = "";
				SKIP_INSTALL = YES;
				SWIFT_OPTIMIZATION_LEVEL = "-Onone";
				VERSIONING_SYSTEM = "apple-generic";
				VERSION_INFO_PREFIX = "";
			};
			name = Debug;
		};
		CFFF6DB61CEE0F5A004E5894 /* Release */ = {
			isa = XCBuildConfiguration;
			buildSettings = {
				APPLICATION_EXTENSION_API_ONLY = YES;
				CLANG_ENABLE_MODULES = YES;
				CODE_SIGN_IDENTITY = "Mac Developer";
				"CODE_SIGN_IDENTITY[sdk=macosx*]" = "Mac Developer";
				COMBINE_HIDPI_IMAGES = YES;
				CURRENT_PROJECT_VERSION = 1;
				DEFINES_MODULE = YES;
				DYLIB_COMPATIBILITY_VERSION = 1;
				DYLIB_CURRENT_VERSION = 1;
				DYLIB_INSTALL_NAME_BASE = "@rpath";
				FRAMEWORK_VERSION = A;
				INFOPLIST_FILE = "TermHere Common/Info.plist";
				INSTALL_PATH = "$(LOCAL_LIBRARY_DIR)/Frameworks";
				LD_RUNPATH_SEARCH_PATHS = "$(inherited) @executable_path/../Frameworks @loader_path/Frameworks";
				PRODUCT_BUNDLE_IDENTIFIER = "au.com.hbang.TermHere.TermHere-Common";
				PRODUCT_NAME = TermHereCommon;
				PROVISIONING_PROFILE = "";
				SKIP_INSTALL = YES;
				VERSIONING_SYSTEM = "apple-generic";
				VERSION_INFO_PREFIX = "";
			};
			name = Release;
		};
/* End XCBuildConfiguration section */

/* Begin XCConfigurationList section */
		CF9CEE671CE59B1F00A89E71 /* Build configuration list for PBXNativeTarget "TermHere Finder Extension" */ = {
			isa = XCConfigurationList;
			buildConfigurations = (
				CF9CEE651CE59B1F00A89E71 /* Debug */,
				CF9CEE661CE59B1F00A89E71 /* Release */,
			);
			defaultConfigurationIsVisible = 0;
			defaultConfigurationName = Release;
		};
		CFD9B7BD1CE5960500947EC8 /* Build configuration list for PBXProject "TermHere" */ = {
			isa = XCConfigurationList;
			buildConfigurations = (
				CFD9B7CF1CE5960500947EC8 /* Debug */,
				CFD9B7D01CE5960500947EC8 /* Release */,
			);
			defaultConfigurationIsVisible = 0;
			defaultConfigurationName = Release;
		};
		CFD9B7D11CE5960500947EC8 /* Build configuration list for PBXNativeTarget "TermHere" */ = {
			isa = XCConfigurationList;
			buildConfigurations = (
				CFD9B7D21CE5960500947EC8 /* Debug */,
				CFD9B7D31CE5960500947EC8 /* Release */,
			);
			defaultConfigurationIsVisible = 0;
			defaultConfigurationName = Release;
		};
		CFFF6DB71CEE0F5A004E5894 /* Build configuration list for PBXNativeTarget "TermHere Common" */ = {
			isa = XCConfigurationList;
			buildConfigurations = (
				CFFF6DB51CEE0F5A004E5894 /* Debug */,
				CFFF6DB61CEE0F5A004E5894 /* Release */,
			);
			defaultConfigurationIsVisible = 0;
			defaultConfigurationName = Release;
		};
/* End XCConfigurationList section */
	};
	rootObject = CFD9B7BA1CE5960500947EC8 /* Project object */;
}
